
Microsoft Visual Studio Solution File, Format Version 12.00
# Visual Studio 15
VisualStudioVersion = 15.0.26124.0
MinimumVisualStudioVersion = 15.0.26124.0
Project("{FAE04EC0-301F-11D3-BF4B-00C04F79EFBC}") = "Penguin.Cms.Modules.Navigation.Local", "Penguin.Cms.Modules.Navigation.Local.csproj", "{A6F873D7-943C-4851-A482-6484C8F14987}"
EndProject
Project("{FAE04EC0-301F-11D3-BF4B-00C04F79EFBC}") = "Penguin.Cms.Modules.Dynamic.Local", "..\Penguin.Cms.Modules.Dynamic\Penguin.Cms.Modules.Dynamic.Local.csproj", "{D2CCC909-9A5E-42B8-975F-36C8953BE656}"
EndProject
Project("{FAE04EC0-301F-11D3-BF4B-00C04F79EFBC}") = "Penguin.Cms.Entities.Local", "..\Penguin.Cms.Entities\Penguin.Cms.Entities.Local.csproj", "{C997D586-B50B-4377-9AF8-FA19AC1B1ECE}"
EndProject
Project("{FAE04EC0-301F-11D3-BF4B-00C04F79EFBC}") = "Penguin.Persistence.Abstractions.Local", "..\Penguin.Persistence.Abstractions\Penguin.Persistence.Abstractions.Local.csproj", "{D455F55E-BE0F-4AA2-A0EA-8D47F54221A0}"
EndProject
Project("{FAE04EC0-301F-11D3-BF4B-00C04F79EFBC}") = "Penguin.Entities.Abstractions.Local", "..\Penguin.Entities.Abstractions\Penguin.Entities.Abstractions.Local.csproj", "{1FBF7ABF-2405-4A87-A843-4F40FDE44999}"
EndProject
Project("{FAE04EC0-301F-11D3-BF4B-00C04F79EFBC}") = "Penguin.Reflection.Extensions.Local", "..\Penguin.Reflection.Extensions\Penguin.Reflection.Extensions.Local.csproj", "{1ADC56EB-4ADD-4A93-94EA-63EB9CF8E51C}"
EndProject
Project("{FAE04EC0-301F-11D3-BF4B-00C04F79EFBC}") = "Penguin.Extensions.String.Local", "..\Penguin.Extensions.String\Penguin.Extensions.String.Local.csproj", "{4A8A82A9-1D3E-48AD-93F4-6A29F0BA445E}"
EndProject
Project("{FAE04EC0-301F-11D3-BF4B-00C04F79EFBC}") = "Penguin.Reflection.Abstractions.Local", "..\Penguin.Reflection.Abstractions\Penguin.Reflection.Abstractions.Local.csproj", "{113E8BBA-01D5-4EB1-9478-DD786194D73D}"
EndProject
Project("{FAE04EC0-301F-11D3-BF4B-00C04F79EFBC}") = "Penguin.Cms.Errors.Local", "..\Penguin.Cms.Errors\Penguin.Cms.Errors.Local.csproj", "{87D9C9CA-3B72-43F0-86E0-877CF21A3812}"
EndProject
Project("{FAE04EC0-301F-11D3-BF4B-00C04F79EFBC}") = "Penguin.Auditing.Abstractions.Local", "..\Penguin.Auditing.Abstractions\Penguin.Auditing.Abstractions.Local.csproj", "{4865274C-9029-4E54-9219-B95C9F2DB78B}"
EndProject
Project("{FAE04EC0-301F-11D3-BF4B-00C04F79EFBC}") = "Penguin.Extensions.Exceptions.Local", "..\Penguin.Extensions.Exceptions\Penguin.Extensions.Exceptions.Local.csproj", "{6286F123-CD91-42AA-981E-0007D7F1F762}"
EndProject
Project("{FAE04EC0-301F-11D3-BF4B-00C04F79EFBC}") = "Penguin.Cms.Modules.Admin.Local", "..\Penguin.Cms.Modules.Admin\Penguin.Cms.Modules.Admin.Local.csproj", "{E91DCB2E-71B1-4302-87F7-36B75D1D69AA}"
EndProject
Project("{FAE04EC0-301F-11D3-BF4B-00C04F79EFBC}") = "Penguin.Cms.Modules.Core.Local", "..\Penguin.Cms.Modules.Core\Penguin.Cms.Modules.Core.Local.csproj", "{713DCB11-3F07-4410-8E10-45F08B29E4AB}"
EndProject
Project("{FAE04EC0-301F-11D3-BF4B-00C04F79EFBC}") = "Penguin.Cms.Abstractions.Local", "..\Penguin.Cms.Abstractions\Penguin.Cms.Abstractions.Local.csproj", "{FC2E1524-0ACE-4589-BDA4-199ECF4EAF87}"
EndProject
Project("{FAE04EC0-301F-11D3-BF4B-00C04F79EFBC}") = "Penguin.DependencyInjection.Abstractions.Local", "..\Penguin.DependencyInjection.Abstractions\Penguin.DependencyInjection.Abstractions.Local.csproj", "{F990E5EC-2255-4632-9E4B-6919E60B5025}"
EndProject
Project("{FAE04EC0-301F-11D3-BF4B-00C04F79EFBC}") = "Penguin.Cms.Core.Local", "..\Penguin.Cms.Core\Penguin.Cms.Core.Local.csproj", "{D831447F-32AA-47C7-8497-3ED338A25C6D}"
EndProject
Project("{FAE04EC0-301F-11D3-BF4B-00C04F79EFBC}") = "Penguin.Reflection.Local", "..\Penguin.Reflection\Penguin.Reflection.Local.csproj", "{DBE26A7C-EE78-4A95-99DC-32AF9A67EBC6}"
EndProject
Project("{FAE04EC0-301F-11D3-BF4B-00C04F79EFBC}") = "Penguin.Debugging.Local", "..\Penguin.Debugging\Penguin.Debugging.Local.csproj", "{C1A4278E-8F20-49A0-B296-F912EDDEF5AC}"
EndProject
Project("{FAE04EC0-301F-11D3-BF4B-00C04F79EFBC}") = "Penguin.Cms.Web.Local", "..\Penguin.Cms.Web\Penguin.Cms.Web.Local.csproj", "{154342CB-69D5-49C1-9D5E-D23497B159B3}"
EndProject
Project("{FAE04EC0-301F-11D3-BF4B-00C04F79EFBC}") = "Penguin.Configuration.Local", "..\Penguin.Configuration\Penguin.Configuration.Local.csproj", "{CE9A182C-3714-444E-93C3-8216BF140394}"
EndProject
Project("{FAE04EC0-301F-11D3-BF4B-00C04F79EFBC}") = "Penguin.Configuration.Abstractions.Local", "..\Penguin.Configuration.Abstractions\Penguin.Configuration.Abstractions.Local.csproj", "{5A28D654-902F-4460-B185-8DA4708B98F1}"
EndProject
Project("{FAE04EC0-301F-11D3-BF4B-00C04F79EFBC}") = "Penguin.DependencyInjection.Local", "..\Penguin.DependencyInjection\Penguin.DependencyInjection.Local.csproj", "{20C351FF-3733-413F-8A27-695C09B8B576}"
EndProject
Project("{FAE04EC0-301F-11D3-BF4B-00C04F79EFBC}") = "Penguin.Extensions.Collections.Local", "..\Penguin.Extensions.Collections\Penguin.Extensions.Collections.Local.csproj", "{622AD55B-B955-47C6-BE82-3D820A390408}"
EndProject
Project("{FAE04EC0-301F-11D3-BF4B-00C04F79EFBC}") = "Penguin.Files.Local", "..\Penguin.Files\Penguin.Files.Local.csproj", "{8097FBA0-E223-4F33-8BAF-9849F852E252}"
EndProject
Project("{FAE04EC0-301F-11D3-BF4B-00C04F79EFBC}") = "Penguin.Files.Abstractions.Local", "..\Penguin.Files.Abstractions\Penguin.Files.Abstractions.Local.csproj", "{90F6CE5C-4416-44AA-B032-42D6B4DBFB60}"
EndProject
Project("{FAE04EC0-301F-11D3-BF4B-00C04F79EFBC}") = "Penguin.Security.Abstractions.Local", "..\Penguin.Security.Abstractions\Penguin.Security.Abstractions.Local.csproj", "{67010A71-62FD-4AD9-81E0-FE0BD449D579}"
EndProject
Project("{FAE04EC0-301F-11D3-BF4B-00C04F79EFBC}") = "Penguin.Messaging.Application.Local", "..\Penguin.Messaging.Application\Penguin.Messaging.Application.Local.csproj", "{A72E74AB-EFC6-4EA1-8E85-A8B899CE036B}"
EndProject
Project("{FAE04EC0-301F-11D3-BF4B-00C04F79EFBC}") = "Penguin.Messaging.Abstractions.Local", "..\Penguin.Messaging.Abstractions\Penguin.Messaging.Abstractions.Local.csproj", "{4C16BF5E-634A-4121-997A-8CBFEB0DACE7}"
EndProject
Project("{FAE04EC0-301F-11D3-BF4B-00C04F79EFBC}") = "Penguin.Messaging.Core.Local", "..\Penguin.Messaging.Core\Penguin.Messaging.Core.Local.csproj", "{CDE9814C-8969-46E1-878B-4C760A4A1699}"
EndProject
Project("{FAE04EC0-301F-11D3-BF4B-00C04F79EFBC}") = "Penguin.Persistence.Database.Local", "..\Penguin.Persistence.Database\Penguin.Persistence.Database.Local.csproj", "{FF2FBEAE-64C3-4B1B-8E88-595DADE58D2E}"
EndProject
Project("{FAE04EC0-301F-11D3-BF4B-00C04F79EFBC}") = "Penguin.Threading.BackgroundWorker.Local", "..\Penguin.Threading.BackgroundWorker\Penguin.Threading.BackgroundWorker.Local.csproj", "{96185953-76CF-49B6-99F6-8290AEB721D1}"
EndProject
Project("{FAE04EC0-301F-11D3-BF4B-00C04F79EFBC}") = "Penguin.Persistence.Repositories.Local", "..\Penguin.Persistence.Repositories\Penguin.Persistence.Repositories.Local.csproj", "{D48E18B5-4740-4E1C-903C-6C1E1C087E46}"
EndProject
Project("{FAE04EC0-301F-11D3-BF4B-00C04F79EFBC}") = "Penguin.Messaging.Persistence.Local", "..\Penguin.Messaging.Persistence\Penguin.Messaging.Persistence.Local.csproj", "{A6548F7D-8B4E-4281-852F-BED6EE221E3E}"
EndProject
Project("{FAE04EC0-301F-11D3-BF4B-00C04F79EFBC}") = "Penguin.Reflection.Serialization.Local", "..\Penguin.Reflection.Serialization\Penguin.Reflection.Serialization.Local.csproj", "{65BA2390-AD2A-4D44-8CD0-6901A7F2950B}"
EndProject
Project("{FAE04EC0-301F-11D3-BF4B-00C04F79EFBC}") = "Penguin.Reflection.Serialization.Abstractions.Local", "..\Penguin.Reflection.Serialization.Abstractions\Penguin.Reflection.Serialization.Abstractions.Local.csproj", "{16BDE1E4-D82A-4864-877C-232B59C0855D}"
EndProject
Project("{FAE04EC0-301F-11D3-BF4B-00C04F79EFBC}") = "Penguin.Reflection.Serialization.Extensions.Local", "..\Penguin.Reflection.Serialization.Extensions\Penguin.Reflection.Serialization.Extensions.Local.csproj", "{6B79E134-7D35-473F-A927-B597FE5012B0}"
EndProject
Project("{FAE04EC0-301F-11D3-BF4B-00C04F79EFBC}") = "Penguin.Templating.Abstractions.Local", "..\Penguin.Templating.Abstractions\Penguin.Templating.Abstractions.Local.csproj", "{B8E21FF7-CA66-44BC-A20D-0007960709FC}"
EndProject
Project("{FAE04EC0-301F-11D3-BF4B-00C04F79EFBC}") = "Penguin.Testing.Local", "..\Penguin.Testing\Penguin.Testing.Local.csproj", "{3B1E9277-429F-469E-956C-F0197214D000}"
EndProject
Project("{FAE04EC0-301F-11D3-BF4B-00C04F79EFBC}") = "Penguin.Web.Abstractions.Local", "..\Penguin.Web.Abstractions\Penguin.Web.Abstractions.Local.csproj", "{C6880202-41A8-4845-8CC1-B12B6F5C7022}"
EndProject
Project("{FAE04EC0-301F-11D3-BF4B-00C04F79EFBC}") = "Penguin.Web.DependencyInjection.Local", "..\Penguin.Web.DependencyInjection\Penguin.Web.DependencyInjection.Local.csproj", "{F623856D-434C-40B0-A350-3F58F20BC20E}"
EndProject
Project("{FAE04EC0-301F-11D3-BF4B-00C04F79EFBC}") = "Penguin.Web.Testing.Local", "..\Penguin.Web.Testing\Penguin.Web.Testing.Local.csproj", "{770B385D-9257-4F33-9038-E40CBF233A75}"
EndProject
Project("{FAE04EC0-301F-11D3-BF4B-00C04F79EFBC}") = "Penguin.Web.Errors.Local", "..\Penguin.Web.Errors\Penguin.Web.Errors.Local.csproj", "{0134F217-FDA2-4A40-B047-0A43802E7188}"
EndProject
Project("{FAE04EC0-301F-11D3-BF4B-00C04F79EFBC}") = "Penguin.Web.Mvc.Local", "..\Penguin.Web.Mvc\Penguin.Web.Mvc.Local.csproj", "{CF013BC8-9536-4BC5-B45D-A7C726A84E79}"
EndProject
Project("{FAE04EC0-301F-11D3-BF4B-00C04F79EFBC}") = "Penguin.Web.Mvc.Abstractions.Local", "..\Penguin.Web.Mvc.Abstractions\Penguin.Web.Mvc.Abstractions.Local.csproj", "{C11B3E6D-4405-454E-BCED-EF46C1E52638}"
EndProject
Project("{FAE04EC0-301F-11D3-BF4B-00C04F79EFBC}") = "Penguin.Navigation.Abstractions.Local", "..\Penguin.Navigation.Abstractions\Penguin.Navigation.Abstractions.Local.csproj", "{6D724125-AF97-4AA8-8B61-345198E1E0BB}"
EndProject
Project("{FAE04EC0-301F-11D3-BF4B-00C04F79EFBC}") = "Penguin.Web.Security.Local", "..\Penguin.Web.Security\Penguin.Web.Security.Local.csproj", "{D9986C6C-D73E-424A-921B-3CE0299EEE8C}"
EndProject
Project("{FAE04EC0-301F-11D3-BF4B-00C04F79EFBC}") = "Penguin.Cms.Repositories.Local", "..\Penguin.Cms.Repositories\Penguin.Cms.Repositories.Local.csproj", "{D29EAD4C-4825-4A9A-B7A6-3B7339FB30B0}"
EndProject
Project("{FAE04EC0-301F-11D3-BF4B-00C04F79EFBC}") = "Penguin.Shared.Objects.Local", "..\Penguin.Shared.Objects\Penguin.Shared.Objects.Local.csproj", "{A59D08F7-2923-4698-85BB-0338C7878A10}"
EndProject
Project("{FAE04EC0-301F-11D3-BF4B-00C04F79EFBC}") = "Penguin.Web.Dynamic.Local", "..\Penguin.Web.Dynamic\Penguin.Web.Dynamic.Local.csproj", "{63720FE4-7BEB-4462-A2F4-D16856E9923E}"
EndProject
Project("{FAE04EC0-301F-11D3-BF4B-00C04F79EFBC}") = "Penguin.Cms.Navigation.Repositories.Local", "..\Penguin.Cms.Navigation.Repositories\Penguin.Cms.Navigation.Repositories.Local.csproj", "{258C45A5-7E23-4D4C-8DDD-E3174B76F228}"
EndProject
Project("{FAE04EC0-301F-11D3-BF4B-00C04F79EFBC}") = "Penguin.Cms.Navigation.Local", "..\Penguin.Cms.Navigation\Penguin.Cms.Navigation.Local.csproj", "{9B038B60-098A-40EA-81AD-B094C0934E2C}"
EndProject
Global
	GlobalSection(SolutionConfigurationPlatforms) = preSolution
		Debug|Any CPU = Debug|Any CPU
		Debug|x64 = Debug|x64
		Debug|x86 = Debug|x86
		Release|Any CPU = Release|Any CPU
		Release|x64 = Release|x64
		Release|x86 = Release|x86
	EndGlobalSection
	GlobalSection(SolutionProperties) = preSolution
		HideSolutionNode = FALSE
	EndGlobalSection
	GlobalSection(ProjectConfigurationPlatforms) = postSolution
		{A6F873D7-943C-4851-A482-6484C8F14987}.Debug|Any CPU.ActiveCfg = Debug|Any CPU
		{A6F873D7-943C-4851-A482-6484C8F14987}.Debug|Any CPU.Build.0 = Debug|Any CPU
		{A6F873D7-943C-4851-A482-6484C8F14987}.Debug|x64.ActiveCfg = Debug|Any CPU
		{A6F873D7-943C-4851-A482-6484C8F14987}.Debug|x64.Build.0 = Debug|Any CPU
		{A6F873D7-943C-4851-A482-6484C8F14987}.Debug|x86.ActiveCfg = Debug|Any CPU
		{A6F873D7-943C-4851-A482-6484C8F14987}.Debug|x86.Build.0 = Debug|Any CPU
		{A6F873D7-943C-4851-A482-6484C8F14987}.Release|Any CPU.ActiveCfg = Release|Any CPU
		{A6F873D7-943C-4851-A482-6484C8F14987}.Release|Any CPU.Build.0 = Release|Any CPU
		{A6F873D7-943C-4851-A482-6484C8F14987}.Release|x64.ActiveCfg = Release|Any CPU
		{A6F873D7-943C-4851-A482-6484C8F14987}.Release|x64.Build.0 = Release|Any CPU
		{A6F873D7-943C-4851-A482-6484C8F14987}.Release|x86.ActiveCfg = Release|Any CPU
		{A6F873D7-943C-4851-A482-6484C8F14987}.Release|x86.Build.0 = Release|Any CPU
		{D2CCC909-9A5E-42B8-975F-36C8953BE656}.Debug|Any CPU.ActiveCfg = Debug|Any CPU
		{D2CCC909-9A5E-42B8-975F-36C8953BE656}.Debug|Any CPU.Build.0 = Debug|Any CPU
		{D2CCC909-9A5E-42B8-975F-36C8953BE656}.Debug|x64.ActiveCfg = Debug|Any CPU
		{D2CCC909-9A5E-42B8-975F-36C8953BE656}.Debug|x64.Build.0 = Debug|Any CPU
		{D2CCC909-9A5E-42B8-975F-36C8953BE656}.Debug|x86.ActiveCfg = Debug|Any CPU
		{D2CCC909-9A5E-42B8-975F-36C8953BE656}.Debug|x86.Build.0 = Debug|Any CPU
		{D2CCC909-9A5E-42B8-975F-36C8953BE656}.Release|Any CPU.ActiveCfg = Release|Any CPU
		{D2CCC909-9A5E-42B8-975F-36C8953BE656}.Release|Any CPU.Build.0 = Release|Any CPU
		{D2CCC909-9A5E-42B8-975F-36C8953BE656}.Release|x64.ActiveCfg = Release|Any CPU
		{D2CCC909-9A5E-42B8-975F-36C8953BE656}.Release|x64.Build.0 = Release|Any CPU
		{D2CCC909-9A5E-42B8-975F-36C8953BE656}.Release|x86.ActiveCfg = Release|Any CPU
		{D2CCC909-9A5E-42B8-975F-36C8953BE656}.Release|x86.Build.0 = Release|Any CPU
		{C997D586-B50B-4377-9AF8-FA19AC1B1ECE}.Debug|Any CPU.ActiveCfg = Debug|Any CPU
		{C997D586-B50B-4377-9AF8-FA19AC1B1ECE}.Debug|Any CPU.Build.0 = Debug|Any CPU
		{C997D586-B50B-4377-9AF8-FA19AC1B1ECE}.Debug|x64.ActiveCfg = Debug|Any CPU
		{C997D586-B50B-4377-9AF8-FA19AC1B1ECE}.Debug|x64.Build.0 = Debug|Any CPU
		{C997D586-B50B-4377-9AF8-FA19AC1B1ECE}.Debug|x86.ActiveCfg = Debug|Any CPU
		{C997D586-B50B-4377-9AF8-FA19AC1B1ECE}.Debug|x86.Build.0 = Debug|Any CPU
		{C997D586-B50B-4377-9AF8-FA19AC1B1ECE}.Release|Any CPU.ActiveCfg = Release|Any CPU
		{C997D586-B50B-4377-9AF8-FA19AC1B1ECE}.Release|Any CPU.Build.0 = Release|Any CPU
		{C997D586-B50B-4377-9AF8-FA19AC1B1ECE}.Release|x64.ActiveCfg = Release|Any CPU
		{C997D586-B50B-4377-9AF8-FA19AC1B1ECE}.Release|x64.Build.0 = Release|Any CPU
		{C997D586-B50B-4377-9AF8-FA19AC1B1ECE}.Release|x86.ActiveCfg = Release|Any CPU
		{C997D586-B50B-4377-9AF8-FA19AC1B1ECE}.Release|x86.Build.0 = Release|Any CPU
		{D455F55E-BE0F-4AA2-A0EA-8D47F54221A0}.Debug|Any CPU.ActiveCfg = Debug|Any CPU
		{D455F55E-BE0F-4AA2-A0EA-8D47F54221A0}.Debug|Any CPU.Build.0 = Debug|Any CPU
		{D455F55E-BE0F-4AA2-A0EA-8D47F54221A0}.Debug|x64.ActiveCfg = Debug|Any CPU
		{D455F55E-BE0F-4AA2-A0EA-8D47F54221A0}.Debug|x64.Build.0 = Debug|Any CPU
		{D455F55E-BE0F-4AA2-A0EA-8D47F54221A0}.Debug|x86.ActiveCfg = Debug|Any CPU
		{D455F55E-BE0F-4AA2-A0EA-8D47F54221A0}.Debug|x86.Build.0 = Debug|Any CPU
		{D455F55E-BE0F-4AA2-A0EA-8D47F54221A0}.Release|Any CPU.ActiveCfg = Release|Any CPU
		{D455F55E-BE0F-4AA2-A0EA-8D47F54221A0}.Release|Any CPU.Build.0 = Release|Any CPU
		{D455F55E-BE0F-4AA2-A0EA-8D47F54221A0}.Release|x64.ActiveCfg = Release|Any CPU
		{D455F55E-BE0F-4AA2-A0EA-8D47F54221A0}.Release|x64.Build.0 = Release|Any CPU
		{D455F55E-BE0F-4AA2-A0EA-8D47F54221A0}.Release|x86.ActiveCfg = Release|Any CPU
		{D455F55E-BE0F-4AA2-A0EA-8D47F54221A0}.Release|x86.Build.0 = Release|Any CPU
		{1FBF7ABF-2405-4A87-A843-4F40FDE44999}.Debug|Any CPU.ActiveCfg = Debug|Any CPU
		{1FBF7ABF-2405-4A87-A843-4F40FDE44999}.Debug|Any CPU.Build.0 = Debug|Any CPU
		{1FBF7ABF-2405-4A87-A843-4F40FDE44999}.Debug|x64.ActiveCfg = Debug|Any CPU
		{1FBF7ABF-2405-4A87-A843-4F40FDE44999}.Debug|x64.Build.0 = Debug|Any CPU
		{1FBF7ABF-2405-4A87-A843-4F40FDE44999}.Debug|x86.ActiveCfg = Debug|Any CPU
		{1FBF7ABF-2405-4A87-A843-4F40FDE44999}.Debug|x86.Build.0 = Debug|Any CPU
		{1FBF7ABF-2405-4A87-A843-4F40FDE44999}.Release|Any CPU.ActiveCfg = Release|Any CPU
		{1FBF7ABF-2405-4A87-A843-4F40FDE44999}.Release|Any CPU.Build.0 = Release|Any CPU
		{1FBF7ABF-2405-4A87-A843-4F40FDE44999}.Release|x64.ActiveCfg = Release|Any CPU
		{1FBF7ABF-2405-4A87-A843-4F40FDE44999}.Release|x64.Build.0 = Release|Any CPU
		{1FBF7ABF-2405-4A87-A843-4F40FDE44999}.Release|x86.ActiveCfg = Release|Any CPU
		{1FBF7ABF-2405-4A87-A843-4F40FDE44999}.Release|x86.Build.0 = Release|Any CPU
		{1ADC56EB-4ADD-4A93-94EA-63EB9CF8E51C}.Debug|Any CPU.ActiveCfg = Debug|Any CPU
		{1ADC56EB-4ADD-4A93-94EA-63EB9CF8E51C}.Debug|Any CPU.Build.0 = Debug|Any CPU
		{1ADC56EB-4ADD-4A93-94EA-63EB9CF8E51C}.Debug|x64.ActiveCfg = Debug|Any CPU
		{1ADC56EB-4ADD-4A93-94EA-63EB9CF8E51C}.Debug|x64.Build.0 = Debug|Any CPU
		{1ADC56EB-4ADD-4A93-94EA-63EB9CF8E51C}.Debug|x86.ActiveCfg = Debug|Any CPU
		{1ADC56EB-4ADD-4A93-94EA-63EB9CF8E51C}.Debug|x86.Build.0 = Debug|Any CPU
		{1ADC56EB-4ADD-4A93-94EA-63EB9CF8E51C}.Release|Any CPU.ActiveCfg = Release|Any CPU
		{1ADC56EB-4ADD-4A93-94EA-63EB9CF8E51C}.Release|Any CPU.Build.0 = Release|Any CPU
		{1ADC56EB-4ADD-4A93-94EA-63EB9CF8E51C}.Release|x64.ActiveCfg = Release|Any CPU
		{1ADC56EB-4ADD-4A93-94EA-63EB9CF8E51C}.Release|x64.Build.0 = Release|Any CPU
		{1ADC56EB-4ADD-4A93-94EA-63EB9CF8E51C}.Release|x86.ActiveCfg = Release|Any CPU
		{1ADC56EB-4ADD-4A93-94EA-63EB9CF8E51C}.Release|x86.Build.0 = Release|Any CPU
		{4A8A82A9-1D3E-48AD-93F4-6A29F0BA445E}.Debug|Any CPU.ActiveCfg = Debug|Any CPU
		{4A8A82A9-1D3E-48AD-93F4-6A29F0BA445E}.Debug|Any CPU.Build.0 = Debug|Any CPU
		{4A8A82A9-1D3E-48AD-93F4-6A29F0BA445E}.Debug|x64.ActiveCfg = Debug|Any CPU
		{4A8A82A9-1D3E-48AD-93F4-6A29F0BA445E}.Debug|x64.Build.0 = Debug|Any CPU
		{4A8A82A9-1D3E-48AD-93F4-6A29F0BA445E}.Debug|x86.ActiveCfg = Debug|Any CPU
		{4A8A82A9-1D3E-48AD-93F4-6A29F0BA445E}.Debug|x86.Build.0 = Debug|Any CPU
		{4A8A82A9-1D3E-48AD-93F4-6A29F0BA445E}.Release|Any CPU.ActiveCfg = Release|Any CPU
		{4A8A82A9-1D3E-48AD-93F4-6A29F0BA445E}.Release|Any CPU.Build.0 = Release|Any CPU
		{4A8A82A9-1D3E-48AD-93F4-6A29F0BA445E}.Release|x64.ActiveCfg = Release|Any CPU
		{4A8A82A9-1D3E-48AD-93F4-6A29F0BA445E}.Release|x64.Build.0 = Release|Any CPU
		{4A8A82A9-1D3E-48AD-93F4-6A29F0BA445E}.Release|x86.ActiveCfg = Release|Any CPU
		{4A8A82A9-1D3E-48AD-93F4-6A29F0BA445E}.Release|x86.Build.0 = Release|Any CPU
		{113E8BBA-01D5-4EB1-9478-DD786194D73D}.Debug|Any CPU.ActiveCfg = Debug|Any CPU
		{113E8BBA-01D5-4EB1-9478-DD786194D73D}.Debug|Any CPU.Build.0 = Debug|Any CPU
		{113E8BBA-01D5-4EB1-9478-DD786194D73D}.Debug|x64.ActiveCfg = Debug|Any CPU
		{113E8BBA-01D5-4EB1-9478-DD786194D73D}.Debug|x64.Build.0 = Debug|Any CPU
		{113E8BBA-01D5-4EB1-9478-DD786194D73D}.Debug|x86.ActiveCfg = Debug|Any CPU
		{113E8BBA-01D5-4EB1-9478-DD786194D73D}.Debug|x86.Build.0 = Debug|Any CPU
		{113E8BBA-01D5-4EB1-9478-DD786194D73D}.Release|Any CPU.ActiveCfg = Release|Any CPU
		{113E8BBA-01D5-4EB1-9478-DD786194D73D}.Release|Any CPU.Build.0 = Release|Any CPU
		{113E8BBA-01D5-4EB1-9478-DD786194D73D}.Release|x64.ActiveCfg = Release|Any CPU
		{113E8BBA-01D5-4EB1-9478-DD786194D73D}.Release|x64.Build.0 = Release|Any CPU
		{113E8BBA-01D5-4EB1-9478-DD786194D73D}.Release|x86.ActiveCfg = Release|Any CPU
		{113E8BBA-01D5-4EB1-9478-DD786194D73D}.Release|x86.Build.0 = Release|Any CPU
		{87D9C9CA-3B72-43F0-86E0-877CF21A3812}.Debug|Any CPU.ActiveCfg = Debug|Any CPU
		{87D9C9CA-3B72-43F0-86E0-877CF21A3812}.Debug|Any CPU.Build.0 = Debug|Any CPU
		{87D9C9CA-3B72-43F0-86E0-877CF21A3812}.Debug|x64.ActiveCfg = Debug|Any CPU
		{87D9C9CA-3B72-43F0-86E0-877CF21A3812}.Debug|x64.Build.0 = Debug|Any CPU
		{87D9C9CA-3B72-43F0-86E0-877CF21A3812}.Debug|x86.ActiveCfg = Debug|Any CPU
		{87D9C9CA-3B72-43F0-86E0-877CF21A3812}.Debug|x86.Build.0 = Debug|Any CPU
		{87D9C9CA-3B72-43F0-86E0-877CF21A3812}.Release|Any CPU.ActiveCfg = Release|Any CPU
		{87D9C9CA-3B72-43F0-86E0-877CF21A3812}.Release|Any CPU.Build.0 = Release|Any CPU
		{87D9C9CA-3B72-43F0-86E0-877CF21A3812}.Release|x64.ActiveCfg = Release|Any CPU
		{87D9C9CA-3B72-43F0-86E0-877CF21A3812}.Release|x64.Build.0 = Release|Any CPU
		{87D9C9CA-3B72-43F0-86E0-877CF21A3812}.Release|x86.ActiveCfg = Release|Any CPU
		{87D9C9CA-3B72-43F0-86E0-877CF21A3812}.Release|x86.Build.0 = Release|Any CPU
		{4865274C-9029-4E54-9219-B95C9F2DB78B}.Debug|Any CPU.ActiveCfg = Debug|Any CPU
		{4865274C-9029-4E54-9219-B95C9F2DB78B}.Debug|Any CPU.Build.0 = Debug|Any CPU
		{4865274C-9029-4E54-9219-B95C9F2DB78B}.Debug|x64.ActiveCfg = Debug|Any CPU
		{4865274C-9029-4E54-9219-B95C9F2DB78B}.Debug|x64.Build.0 = Debug|Any CPU
		{4865274C-9029-4E54-9219-B95C9F2DB78B}.Debug|x86.ActiveCfg = Debug|Any CPU
		{4865274C-9029-4E54-9219-B95C9F2DB78B}.Debug|x86.Build.0 = Debug|Any CPU
		{4865274C-9029-4E54-9219-B95C9F2DB78B}.Release|Any CPU.ActiveCfg = Release|Any CPU
		{4865274C-9029-4E54-9219-B95C9F2DB78B}.Release|Any CPU.Build.0 = Release|Any CPU
		{4865274C-9029-4E54-9219-B95C9F2DB78B}.Release|x64.ActiveCfg = Release|Any CPU
		{4865274C-9029-4E54-9219-B95C9F2DB78B}.Release|x64.Build.0 = Release|Any CPU
		{4865274C-9029-4E54-9219-B95C9F2DB78B}.Release|x86.ActiveCfg = Release|Any CPU
		{4865274C-9029-4E54-9219-B95C9F2DB78B}.Release|x86.Build.0 = Release|Any CPU
		{6286F123-CD91-42AA-981E-0007D7F1F762}.Debug|Any CPU.ActiveCfg = Debug|Any CPU
		{6286F123-CD91-42AA-981E-0007D7F1F762}.Debug|Any CPU.Build.0 = Debug|Any CPU
		{6286F123-CD91-42AA-981E-0007D7F1F762}.Debug|x64.ActiveCfg = Debug|Any CPU
		{6286F123-CD91-42AA-981E-0007D7F1F762}.Debug|x64.Build.0 = Debug|Any CPU
		{6286F123-CD91-42AA-981E-0007D7F1F762}.Debug|x86.ActiveCfg = Debug|Any CPU
		{6286F123-CD91-42AA-981E-0007D7F1F762}.Debug|x86.Build.0 = Debug|Any CPU
		{6286F123-CD91-42AA-981E-0007D7F1F762}.Release|Any CPU.ActiveCfg = Release|Any CPU
		{6286F123-CD91-42AA-981E-0007D7F1F762}.Release|Any CPU.Build.0 = Release|Any CPU
		{6286F123-CD91-42AA-981E-0007D7F1F762}.Release|x64.ActiveCfg = Release|Any CPU
		{6286F123-CD91-42AA-981E-0007D7F1F762}.Release|x64.Build.0 = Release|Any CPU
		{6286F123-CD91-42AA-981E-0007D7F1F762}.Release|x86.ActiveCfg = Release|Any CPU
		{6286F123-CD91-42AA-981E-0007D7F1F762}.Release|x86.Build.0 = Release|Any CPU
		{E91DCB2E-71B1-4302-87F7-36B75D1D69AA}.Debug|Any CPU.ActiveCfg = Debug|Any CPU
		{E91DCB2E-71B1-4302-87F7-36B75D1D69AA}.Debug|Any CPU.Build.0 = Debug|Any CPU
		{E91DCB2E-71B1-4302-87F7-36B75D1D69AA}.Debug|x64.ActiveCfg = Debug|Any CPU
		{E91DCB2E-71B1-4302-87F7-36B75D1D69AA}.Debug|x64.Build.0 = Debug|Any CPU
		{E91DCB2E-71B1-4302-87F7-36B75D1D69AA}.Debug|x86.ActiveCfg = Debug|Any CPU
		{E91DCB2E-71B1-4302-87F7-36B75D1D69AA}.Debug|x86.Build.0 = Debug|Any CPU
		{E91DCB2E-71B1-4302-87F7-36B75D1D69AA}.Release|Any CPU.ActiveCfg = Release|Any CPU
		{E91DCB2E-71B1-4302-87F7-36B75D1D69AA}.Release|Any CPU.Build.0 = Release|Any CPU
		{E91DCB2E-71B1-4302-87F7-36B75D1D69AA}.Release|x64.ActiveCfg = Release|Any CPU
		{E91DCB2E-71B1-4302-87F7-36B75D1D69AA}.Release|x64.Build.0 = Release|Any CPU
		{E91DCB2E-71B1-4302-87F7-36B75D1D69AA}.Release|x86.ActiveCfg = Release|Any CPU
		{E91DCB2E-71B1-4302-87F7-36B75D1D69AA}.Release|x86.Build.0 = Release|Any CPU
		{713DCB11-3F07-4410-8E10-45F08B29E4AB}.Debug|Any CPU.ActiveCfg = Debug|Any CPU
		{713DCB11-3F07-4410-8E10-45F08B29E4AB}.Debug|Any CPU.Build.0 = Debug|Any CPU
		{713DCB11-3F07-4410-8E10-45F08B29E4AB}.Debug|x64.ActiveCfg = Debug|Any CPU
		{713DCB11-3F07-4410-8E10-45F08B29E4AB}.Debug|x64.Build.0 = Debug|Any CPU
		{713DCB11-3F07-4410-8E10-45F08B29E4AB}.Debug|x86.ActiveCfg = Debug|Any CPU
		{713DCB11-3F07-4410-8E10-45F08B29E4AB}.Debug|x86.Build.0 = Debug|Any CPU
		{713DCB11-3F07-4410-8E10-45F08B29E4AB}.Release|Any CPU.ActiveCfg = Release|Any CPU
		{713DCB11-3F07-4410-8E10-45F08B29E4AB}.Release|Any CPU.Build.0 = Release|Any CPU
		{713DCB11-3F07-4410-8E10-45F08B29E4AB}.Release|x64.ActiveCfg = Release|Any CPU
		{713DCB11-3F07-4410-8E10-45F08B29E4AB}.Release|x64.Build.0 = Release|Any CPU
		{713DCB11-3F07-4410-8E10-45F08B29E4AB}.Release|x86.ActiveCfg = Release|Any CPU
		{713DCB11-3F07-4410-8E10-45F08B29E4AB}.Release|x86.Build.0 = Release|Any CPU
		{FC2E1524-0ACE-4589-BDA4-199ECF4EAF87}.Debug|Any CPU.ActiveCfg = Debug|Any CPU
		{FC2E1524-0ACE-4589-BDA4-199ECF4EAF87}.Debug|Any CPU.Build.0 = Debug|Any CPU
		{FC2E1524-0ACE-4589-BDA4-199ECF4EAF87}.Debug|x64.ActiveCfg = Debug|Any CPU
		{FC2E1524-0ACE-4589-BDA4-199ECF4EAF87}.Debug|x64.Build.0 = Debug|Any CPU
		{FC2E1524-0ACE-4589-BDA4-199ECF4EAF87}.Debug|x86.ActiveCfg = Debug|Any CPU
		{FC2E1524-0ACE-4589-BDA4-199ECF4EAF87}.Debug|x86.Build.0 = Debug|Any CPU
		{FC2E1524-0ACE-4589-BDA4-199ECF4EAF87}.Release|Any CPU.ActiveCfg = Release|Any CPU
		{FC2E1524-0ACE-4589-BDA4-199ECF4EAF87}.Release|Any CPU.Build.0 = Release|Any CPU
		{FC2E1524-0ACE-4589-BDA4-199ECF4EAF87}.Release|x64.ActiveCfg = Release|Any CPU
		{FC2E1524-0ACE-4589-BDA4-199ECF4EAF87}.Release|x64.Build.0 = Release|Any CPU
		{FC2E1524-0ACE-4589-BDA4-199ECF4EAF87}.Release|x86.ActiveCfg = Release|Any CPU
		{FC2E1524-0ACE-4589-BDA4-199ECF4EAF87}.Release|x86.Build.0 = Release|Any CPU
		{F990E5EC-2255-4632-9E4B-6919E60B5025}.Debug|Any CPU.ActiveCfg = Debug|Any CPU
		{F990E5EC-2255-4632-9E4B-6919E60B5025}.Debug|Any CPU.Build.0 = Debug|Any CPU
		{F990E5EC-2255-4632-9E4B-6919E60B5025}.Debug|x64.ActiveCfg = Debug|Any CPU
		{F990E5EC-2255-4632-9E4B-6919E60B5025}.Debug|x64.Build.0 = Debug|Any CPU
		{F990E5EC-2255-4632-9E4B-6919E60B5025}.Debug|x86.ActiveCfg = Debug|Any CPU
		{F990E5EC-2255-4632-9E4B-6919E60B5025}.Debug|x86.Build.0 = Debug|Any CPU
		{F990E5EC-2255-4632-9E4B-6919E60B5025}.Release|Any CPU.ActiveCfg = Release|Any CPU
		{F990E5EC-2255-4632-9E4B-6919E60B5025}.Release|Any CPU.Build.0 = Release|Any CPU
		{F990E5EC-2255-4632-9E4B-6919E60B5025}.Release|x64.ActiveCfg = Release|Any CPU
		{F990E5EC-2255-4632-9E4B-6919E60B5025}.Release|x64.Build.0 = Release|Any CPU
		{F990E5EC-2255-4632-9E4B-6919E60B5025}.Release|x86.ActiveCfg = Release|Any CPU
		{F990E5EC-2255-4632-9E4B-6919E60B5025}.Release|x86.Build.0 = Release|Any CPU
		{D831447F-32AA-47C7-8497-3ED338A25C6D}.Debug|Any CPU.ActiveCfg = Debug|Any CPU
		{D831447F-32AA-47C7-8497-3ED338A25C6D}.Debug|Any CPU.Build.0 = Debug|Any CPU
		{D831447F-32AA-47C7-8497-3ED338A25C6D}.Debug|x64.ActiveCfg = Debug|Any CPU
		{D831447F-32AA-47C7-8497-3ED338A25C6D}.Debug|x64.Build.0 = Debug|Any CPU
		{D831447F-32AA-47C7-8497-3ED338A25C6D}.Debug|x86.ActiveCfg = Debug|Any CPU
		{D831447F-32AA-47C7-8497-3ED338A25C6D}.Debug|x86.Build.0 = Debug|Any CPU
		{D831447F-32AA-47C7-8497-3ED338A25C6D}.Release|Any CPU.ActiveCfg = Release|Any CPU
		{D831447F-32AA-47C7-8497-3ED338A25C6D}.Release|Any CPU.Build.0 = Release|Any CPU
		{D831447F-32AA-47C7-8497-3ED338A25C6D}.Release|x64.ActiveCfg = Release|Any CPU
		{D831447F-32AA-47C7-8497-3ED338A25C6D}.Release|x64.Build.0 = Release|Any CPU
		{D831447F-32AA-47C7-8497-3ED338A25C6D}.Release|x86.ActiveCfg = Release|Any CPU
		{D831447F-32AA-47C7-8497-3ED338A25C6D}.Release|x86.Build.0 = Release|Any CPU
		{DBE26A7C-EE78-4A95-99DC-32AF9A67EBC6}.Debug|Any CPU.ActiveCfg = Debug|Any CPU
		{DBE26A7C-EE78-4A95-99DC-32AF9A67EBC6}.Debug|Any CPU.Build.0 = Debug|Any CPU
		{DBE26A7C-EE78-4A95-99DC-32AF9A67EBC6}.Debug|x64.ActiveCfg = Debug|Any CPU
		{DBE26A7C-EE78-4A95-99DC-32AF9A67EBC6}.Debug|x64.Build.0 = Debug|Any CPU
		{DBE26A7C-EE78-4A95-99DC-32AF9A67EBC6}.Debug|x86.ActiveCfg = Debug|Any CPU
		{DBE26A7C-EE78-4A95-99DC-32AF9A67EBC6}.Debug|x86.Build.0 = Debug|Any CPU
		{DBE26A7C-EE78-4A95-99DC-32AF9A67EBC6}.Release|Any CPU.ActiveCfg = Release|Any CPU
		{DBE26A7C-EE78-4A95-99DC-32AF9A67EBC6}.Release|Any CPU.Build.0 = Release|Any CPU
		{DBE26A7C-EE78-4A95-99DC-32AF9A67EBC6}.Release|x64.ActiveCfg = Release|Any CPU
		{DBE26A7C-EE78-4A95-99DC-32AF9A67EBC6}.Release|x64.Build.0 = Release|Any CPU
		{DBE26A7C-EE78-4A95-99DC-32AF9A67EBC6}.Release|x86.ActiveCfg = Release|Any CPU
		{DBE26A7C-EE78-4A95-99DC-32AF9A67EBC6}.Release|x86.Build.0 = Release|Any CPU
		{C1A4278E-8F20-49A0-B296-F912EDDEF5AC}.Debug|Any CPU.ActiveCfg = Debug|Any CPU
		{C1A4278E-8F20-49A0-B296-F912EDDEF5AC}.Debug|Any CPU.Build.0 = Debug|Any CPU
		{C1A4278E-8F20-49A0-B296-F912EDDEF5AC}.Debug|x64.ActiveCfg = Debug|Any CPU
		{C1A4278E-8F20-49A0-B296-F912EDDEF5AC}.Debug|x64.Build.0 = Debug|Any CPU
		{C1A4278E-8F20-49A0-B296-F912EDDEF5AC}.Debug|x86.ActiveCfg = Debug|Any CPU
		{C1A4278E-8F20-49A0-B296-F912EDDEF5AC}.Debug|x86.Build.0 = Debug|Any CPU
		{C1A4278E-8F20-49A0-B296-F912EDDEF5AC}.Release|Any CPU.ActiveCfg = Release|Any CPU
		{C1A4278E-8F20-49A0-B296-F912EDDEF5AC}.Release|Any CPU.Build.0 = Release|Any CPU
		{C1A4278E-8F20-49A0-B296-F912EDDEF5AC}.Release|x64.ActiveCfg = Release|Any CPU
		{C1A4278E-8F20-49A0-B296-F912EDDEF5AC}.Release|x64.Build.0 = Release|Any CPU
		{C1A4278E-8F20-49A0-B296-F912EDDEF5AC}.Release|x86.ActiveCfg = Release|Any CPU
		{C1A4278E-8F20-49A0-B296-F912EDDEF5AC}.Release|x86.Build.0 = Release|Any CPU
		{154342CB-69D5-49C1-9D5E-D23497B159B3}.Debug|Any CPU.ActiveCfg = Debug|Any CPU
		{154342CB-69D5-49C1-9D5E-D23497B159B3}.Debug|Any CPU.Build.0 = Debug|Any CPU
		{154342CB-69D5-49C1-9D5E-D23497B159B3}.Debug|x64.ActiveCfg = Debug|Any CPU
		{154342CB-69D5-49C1-9D5E-D23497B159B3}.Debug|x64.Build.0 = Debug|Any CPU
		{154342CB-69D5-49C1-9D5E-D23497B159B3}.Debug|x86.ActiveCfg = Debug|Any CPU
		{154342CB-69D5-49C1-9D5E-D23497B159B3}.Debug|x86.Build.0 = Debug|Any CPU
		{154342CB-69D5-49C1-9D5E-D23497B159B3}.Release|Any CPU.ActiveCfg = Release|Any CPU
		{154342CB-69D5-49C1-9D5E-D23497B159B3}.Release|Any CPU.Build.0 = Release|Any CPU
		{154342CB-69D5-49C1-9D5E-D23497B159B3}.Release|x64.ActiveCfg = Release|Any CPU
		{154342CB-69D5-49C1-9D5E-D23497B159B3}.Release|x64.Build.0 = Release|Any CPU
		{154342CB-69D5-49C1-9D5E-D23497B159B3}.Release|x86.ActiveCfg = Release|Any CPU
		{154342CB-69D5-49C1-9D5E-D23497B159B3}.Release|x86.Build.0 = Release|Any CPU
		{CE9A182C-3714-444E-93C3-8216BF140394}.Debug|Any CPU.ActiveCfg = Debug|Any CPU
		{CE9A182C-3714-444E-93C3-8216BF140394}.Debug|Any CPU.Build.0 = Debug|Any CPU
		{CE9A182C-3714-444E-93C3-8216BF140394}.Debug|x64.ActiveCfg = Debug|Any CPU
		{CE9A182C-3714-444E-93C3-8216BF140394}.Debug|x64.Build.0 = Debug|Any CPU
		{CE9A182C-3714-444E-93C3-8216BF140394}.Debug|x86.ActiveCfg = Debug|Any CPU
		{CE9A182C-3714-444E-93C3-8216BF140394}.Debug|x86.Build.0 = Debug|Any CPU
		{CE9A182C-3714-444E-93C3-8216BF140394}.Release|Any CPU.ActiveCfg = Release|Any CPU
		{CE9A182C-3714-444E-93C3-8216BF140394}.Release|Any CPU.Build.0 = Release|Any CPU
		{CE9A182C-3714-444E-93C3-8216BF140394}.Release|x64.ActiveCfg = Release|Any CPU
		{CE9A182C-3714-444E-93C3-8216BF140394}.Release|x64.Build.0 = Release|Any CPU
		{CE9A182C-3714-444E-93C3-8216BF140394}.Release|x86.ActiveCfg = Release|Any CPU
		{CE9A182C-3714-444E-93C3-8216BF140394}.Release|x86.Build.0 = Release|Any CPU
		{5A28D654-902F-4460-B185-8DA4708B98F1}.Debug|Any CPU.ActiveCfg = Debug|Any CPU
		{5A28D654-902F-4460-B185-8DA4708B98F1}.Debug|Any CPU.Build.0 = Debug|Any CPU
		{5A28D654-902F-4460-B185-8DA4708B98F1}.Debug|x64.ActiveCfg = Debug|Any CPU
		{5A28D654-902F-4460-B185-8DA4708B98F1}.Debug|x64.Build.0 = Debug|Any CPU
		{5A28D654-902F-4460-B185-8DA4708B98F1}.Debug|x86.ActiveCfg = Debug|Any CPU
		{5A28D654-902F-4460-B185-8DA4708B98F1}.Debug|x86.Build.0 = Debug|Any CPU
		{5A28D654-902F-4460-B185-8DA4708B98F1}.Release|Any CPU.ActiveCfg = Release|Any CPU
		{5A28D654-902F-4460-B185-8DA4708B98F1}.Release|Any CPU.Build.0 = Release|Any CPU
		{5A28D654-902F-4460-B185-8DA4708B98F1}.Release|x64.ActiveCfg = Release|Any CPU
		{5A28D654-902F-4460-B185-8DA4708B98F1}.Release|x64.Build.0 = Release|Any CPU
		{5A28D654-902F-4460-B185-8DA4708B98F1}.Release|x86.ActiveCfg = Release|Any CPU
		{5A28D654-902F-4460-B185-8DA4708B98F1}.Release|x86.Build.0 = Release|Any CPU
		{20C351FF-3733-413F-8A27-695C09B8B576}.Debug|Any CPU.ActiveCfg = Debug|Any CPU
		{20C351FF-3733-413F-8A27-695C09B8B576}.Debug|Any CPU.Build.0 = Debug|Any CPU
		{20C351FF-3733-413F-8A27-695C09B8B576}.Debug|x64.ActiveCfg = Debug|Any CPU
		{20C351FF-3733-413F-8A27-695C09B8B576}.Debug|x64.Build.0 = Debug|Any CPU
		{20C351FF-3733-413F-8A27-695C09B8B576}.Debug|x86.ActiveCfg = Debug|Any CPU
		{20C351FF-3733-413F-8A27-695C09B8B576}.Debug|x86.Build.0 = Debug|Any CPU
		{20C351FF-3733-413F-8A27-695C09B8B576}.Release|Any CPU.ActiveCfg = Release|Any CPU
		{20C351FF-3733-413F-8A27-695C09B8B576}.Release|Any CPU.Build.0 = Release|Any CPU
		{20C351FF-3733-413F-8A27-695C09B8B576}.Release|x64.ActiveCfg = Release|Any CPU
		{20C351FF-3733-413F-8A27-695C09B8B576}.Release|x64.Build.0 = Release|Any CPU
		{20C351FF-3733-413F-8A27-695C09B8B576}.Release|x86.ActiveCfg = Release|Any CPU
		{20C351FF-3733-413F-8A27-695C09B8B576}.Release|x86.Build.0 = Release|Any CPU
		{622AD55B-B955-47C6-BE82-3D820A390408}.Debug|Any CPU.ActiveCfg = Debug|Any CPU
		{622AD55B-B955-47C6-BE82-3D820A390408}.Debug|Any CPU.Build.0 = Debug|Any CPU
		{622AD55B-B955-47C6-BE82-3D820A390408}.Debug|x64.ActiveCfg = Debug|Any CPU
		{622AD55B-B955-47C6-BE82-3D820A390408}.Debug|x64.Build.0 = Debug|Any CPU
		{622AD55B-B955-47C6-BE82-3D820A390408}.Debug|x86.ActiveCfg = Debug|Any CPU
		{622AD55B-B955-47C6-BE82-3D820A390408}.Debug|x86.Build.0 = Debug|Any CPU
		{622AD55B-B955-47C6-BE82-3D820A390408}.Release|Any CPU.ActiveCfg = Release|Any CPU
		{622AD55B-B955-47C6-BE82-3D820A390408}.Release|Any CPU.Build.0 = Release|Any CPU
		{622AD55B-B955-47C6-BE82-3D820A390408}.Release|x64.ActiveCfg = Release|Any CPU
		{622AD55B-B955-47C6-BE82-3D820A390408}.Release|x64.Build.0 = Release|Any CPU
		{622AD55B-B955-47C6-BE82-3D820A390408}.Release|x86.ActiveCfg = Release|Any CPU
		{622AD55B-B955-47C6-BE82-3D820A390408}.Release|x86.Build.0 = Release|Any CPU
		{8097FBA0-E223-4F33-8BAF-9849F852E252}.Debug|Any CPU.ActiveCfg = Debug|Any CPU
		{8097FBA0-E223-4F33-8BAF-9849F852E252}.Debug|Any CPU.Build.0 = Debug|Any CPU
		{8097FBA0-E223-4F33-8BAF-9849F852E252}.Debug|x64.ActiveCfg = Debug|Any CPU
		{8097FBA0-E223-4F33-8BAF-9849F852E252}.Debug|x64.Build.0 = Debug|Any CPU
		{8097FBA0-E223-4F33-8BAF-9849F852E252}.Debug|x86.ActiveCfg = Debug|Any CPU
		{8097FBA0-E223-4F33-8BAF-9849F852E252}.Debug|x86.Build.0 = Debug|Any CPU
		{8097FBA0-E223-4F33-8BAF-9849F852E252}.Release|Any CPU.ActiveCfg = Release|Any CPU
		{8097FBA0-E223-4F33-8BAF-9849F852E252}.Release|Any CPU.Build.0 = Release|Any CPU
		{8097FBA0-E223-4F33-8BAF-9849F852E252}.Release|x64.ActiveCfg = Release|Any CPU
		{8097FBA0-E223-4F33-8BAF-9849F852E252}.Release|x64.Build.0 = Release|Any CPU
		{8097FBA0-E223-4F33-8BAF-9849F852E252}.Release|x86.ActiveCfg = Release|Any CPU
		{8097FBA0-E223-4F33-8BAF-9849F852E252}.Release|x86.Build.0 = Release|Any CPU
		{90F6CE5C-4416-44AA-B032-42D6B4DBFB60}.Debug|Any CPU.ActiveCfg = Debug|Any CPU
		{90F6CE5C-4416-44AA-B032-42D6B4DBFB60}.Debug|Any CPU.Build.0 = Debug|Any CPU
		{90F6CE5C-4416-44AA-B032-42D6B4DBFB60}.Debug|x64.ActiveCfg = Debug|Any CPU
		{90F6CE5C-4416-44AA-B032-42D6B4DBFB60}.Debug|x64.Build.0 = Debug|Any CPU
		{90F6CE5C-4416-44AA-B032-42D6B4DBFB60}.Debug|x86.ActiveCfg = Debug|Any CPU
		{90F6CE5C-4416-44AA-B032-42D6B4DBFB60}.Debug|x86.Build.0 = Debug|Any CPU
		{90F6CE5C-4416-44AA-B032-42D6B4DBFB60}.Release|Any CPU.ActiveCfg = Release|Any CPU
		{90F6CE5C-4416-44AA-B032-42D6B4DBFB60}.Release|Any CPU.Build.0 = Release|Any CPU
		{90F6CE5C-4416-44AA-B032-42D6B4DBFB60}.Release|x64.ActiveCfg = Release|Any CPU
		{90F6CE5C-4416-44AA-B032-42D6B4DBFB60}.Release|x64.Build.0 = Release|Any CPU
		{90F6CE5C-4416-44AA-B032-42D6B4DBFB60}.Release|x86.ActiveCfg = Release|Any CPU
		{90F6CE5C-4416-44AA-B032-42D6B4DBFB60}.Release|x86.Build.0 = Release|Any CPU
		{67010A71-62FD-4AD9-81E0-FE0BD449D579}.Debug|Any CPU.ActiveCfg = Debug|Any CPU
		{67010A71-62FD-4AD9-81E0-FE0BD449D579}.Debug|Any CPU.Build.0 = Debug|Any CPU
		{67010A71-62FD-4AD9-81E0-FE0BD449D579}.Debug|x64.ActiveCfg = Debug|Any CPU
		{67010A71-62FD-4AD9-81E0-FE0BD449D579}.Debug|x64.Build.0 = Debug|Any CPU
		{67010A71-62FD-4AD9-81E0-FE0BD449D579}.Debug|x86.ActiveCfg = Debug|Any CPU
		{67010A71-62FD-4AD9-81E0-FE0BD449D579}.Debug|x86.Build.0 = Debug|Any CPU
		{67010A71-62FD-4AD9-81E0-FE0BD449D579}.Release|Any CPU.ActiveCfg = Release|Any CPU
		{67010A71-62FD-4AD9-81E0-FE0BD449D579}.Release|Any CPU.Build.0 = Release|Any CPU
		{67010A71-62FD-4AD9-81E0-FE0BD449D579}.Release|x64.ActiveCfg = Release|Any CPU
		{67010A71-62FD-4AD9-81E0-FE0BD449D579}.Release|x64.Build.0 = Release|Any CPU
		{67010A71-62FD-4AD9-81E0-FE0BD449D579}.Release|x86.ActiveCfg = Release|Any CPU
		{67010A71-62FD-4AD9-81E0-FE0BD449D579}.Release|x86.Build.0 = Release|Any CPU
		{A72E74AB-EFC6-4EA1-8E85-A8B899CE036B}.Debug|Any CPU.ActiveCfg = Debug|Any CPU
		{A72E74AB-EFC6-4EA1-8E85-A8B899CE036B}.Debug|Any CPU.Build.0 = Debug|Any CPU
		{A72E74AB-EFC6-4EA1-8E85-A8B899CE036B}.Debug|x64.ActiveCfg = Debug|Any CPU
		{A72E74AB-EFC6-4EA1-8E85-A8B899CE036B}.Debug|x64.Build.0 = Debug|Any CPU
		{A72E74AB-EFC6-4EA1-8E85-A8B899CE036B}.Debug|x86.ActiveCfg = Debug|Any CPU
		{A72E74AB-EFC6-4EA1-8E85-A8B899CE036B}.Debug|x86.Build.0 = Debug|Any CPU
		{A72E74AB-EFC6-4EA1-8E85-A8B899CE036B}.Release|Any CPU.ActiveCfg = Release|Any CPU
		{A72E74AB-EFC6-4EA1-8E85-A8B899CE036B}.Release|Any CPU.Build.0 = Release|Any CPU
		{A72E74AB-EFC6-4EA1-8E85-A8B899CE036B}.Release|x64.ActiveCfg = Release|Any CPU
		{A72E74AB-EFC6-4EA1-8E85-A8B899CE036B}.Release|x64.Build.0 = Release|Any CPU
		{A72E74AB-EFC6-4EA1-8E85-A8B899CE036B}.Release|x86.ActiveCfg = Release|Any CPU
		{A72E74AB-EFC6-4EA1-8E85-A8B899CE036B}.Release|x86.Build.0 = Release|Any CPU
		{4C16BF5E-634A-4121-997A-8CBFEB0DACE7}.Debug|Any CPU.ActiveCfg = Debug|Any CPU
		{4C16BF5E-634A-4121-997A-8CBFEB0DACE7}.Debug|Any CPU.Build.0 = Debug|Any CPU
		{4C16BF5E-634A-4121-997A-8CBFEB0DACE7}.Debug|x64.ActiveCfg = Debug|Any CPU
		{4C16BF5E-634A-4121-997A-8CBFEB0DACE7}.Debug|x64.Build.0 = Debug|Any CPU
		{4C16BF5E-634A-4121-997A-8CBFEB0DACE7}.Debug|x86.ActiveCfg = Debug|Any CPU
		{4C16BF5E-634A-4121-997A-8CBFEB0DACE7}.Debug|x86.Build.0 = Debug|Any CPU
		{4C16BF5E-634A-4121-997A-8CBFEB0DACE7}.Release|Any CPU.ActiveCfg = Release|Any CPU
		{4C16BF5E-634A-4121-997A-8CBFEB0DACE7}.Release|Any CPU.Build.0 = Release|Any CPU
		{4C16BF5E-634A-4121-997A-8CBFEB0DACE7}.Release|x64.ActiveCfg = Release|Any CPU
		{4C16BF5E-634A-4121-997A-8CBFEB0DACE7}.Release|x64.Build.0 = Release|Any CPU
		{4C16BF5E-634A-4121-997A-8CBFEB0DACE7}.Release|x86.ActiveCfg = Release|Any CPU
		{4C16BF5E-634A-4121-997A-8CBFEB0DACE7}.Release|x86.Build.0 = Release|Any CPU
		{CDE9814C-8969-46E1-878B-4C760A4A1699}.Debug|Any CPU.ActiveCfg = Debug|Any CPU
		{CDE9814C-8969-46E1-878B-4C760A4A1699}.Debug|Any CPU.Build.0 = Debug|Any CPU
		{CDE9814C-8969-46E1-878B-4C760A4A1699}.Debug|x64.ActiveCfg = Debug|Any CPU
		{CDE9814C-8969-46E1-878B-4C760A4A1699}.Debug|x64.Build.0 = Debug|Any CPU
		{CDE9814C-8969-46E1-878B-4C760A4A1699}.Debug|x86.ActiveCfg = Debug|Any CPU
		{CDE9814C-8969-46E1-878B-4C760A4A1699}.Debug|x86.Build.0 = Debug|Any CPU
		{CDE9814C-8969-46E1-878B-4C760A4A1699}.Release|Any CPU.ActiveCfg = Release|Any CPU
		{CDE9814C-8969-46E1-878B-4C760A4A1699}.Release|Any CPU.Build.0 = Release|Any CPU
		{CDE9814C-8969-46E1-878B-4C760A4A1699}.Release|x64.ActiveCfg = Release|Any CPU
		{CDE9814C-8969-46E1-878B-4C760A4A1699}.Release|x64.Build.0 = Release|Any CPU
		{CDE9814C-8969-46E1-878B-4C760A4A1699}.Release|x86.ActiveCfg = Release|Any CPU
		{CDE9814C-8969-46E1-878B-4C760A4A1699}.Release|x86.Build.0 = Release|Any CPU
		{FF2FBEAE-64C3-4B1B-8E88-595DADE58D2E}.Debug|Any CPU.ActiveCfg = Debug|Any CPU
		{FF2FBEAE-64C3-4B1B-8E88-595DADE58D2E}.Debug|Any CPU.Build.0 = Debug|Any CPU
		{FF2FBEAE-64C3-4B1B-8E88-595DADE58D2E}.Debug|x64.ActiveCfg = Debug|Any CPU
		{FF2FBEAE-64C3-4B1B-8E88-595DADE58D2E}.Debug|x64.Build.0 = Debug|Any CPU
		{FF2FBEAE-64C3-4B1B-8E88-595DADE58D2E}.Debug|x86.ActiveCfg = Debug|Any CPU
		{FF2FBEAE-64C3-4B1B-8E88-595DADE58D2E}.Debug|x86.Build.0 = Debug|Any CPU
		{FF2FBEAE-64C3-4B1B-8E88-595DADE58D2E}.Release|Any CPU.ActiveCfg = Release|Any CPU
		{FF2FBEAE-64C3-4B1B-8E88-595DADE58D2E}.Release|Any CPU.Build.0 = Release|Any CPU
		{FF2FBEAE-64C3-4B1B-8E88-595DADE58D2E}.Release|x64.ActiveCfg = Release|Any CPU
		{FF2FBEAE-64C3-4B1B-8E88-595DADE58D2E}.Release|x64.Build.0 = Release|Any CPU
		{FF2FBEAE-64C3-4B1B-8E88-595DADE58D2E}.Release|x86.ActiveCfg = Release|Any CPU
		{FF2FBEAE-64C3-4B1B-8E88-595DADE58D2E}.Release|x86.Build.0 = Release|Any CPU
		{96185953-76CF-49B6-99F6-8290AEB721D1}.Debug|Any CPU.ActiveCfg = Debug|Any CPU
		{96185953-76CF-49B6-99F6-8290AEB721D1}.Debug|Any CPU.Build.0 = Debug|Any CPU
		{96185953-76CF-49B6-99F6-8290AEB721D1}.Debug|x64.ActiveCfg = Debug|Any CPU
		{96185953-76CF-49B6-99F6-8290AEB721D1}.Debug|x64.Build.0 = Debug|Any CPU
		{96185953-76CF-49B6-99F6-8290AEB721D1}.Debug|x86.ActiveCfg = Debug|Any CPU
		{96185953-76CF-49B6-99F6-8290AEB721D1}.Debug|x86.Build.0 = Debug|Any CPU
		{96185953-76CF-49B6-99F6-8290AEB721D1}.Release|Any CPU.ActiveCfg = Release|Any CPU
		{96185953-76CF-49B6-99F6-8290AEB721D1}.Release|Any CPU.Build.0 = Release|Any CPU
		{96185953-76CF-49B6-99F6-8290AEB721D1}.Release|x64.ActiveCfg = Release|Any CPU
		{96185953-76CF-49B6-99F6-8290AEB721D1}.Release|x64.Build.0 = Release|Any CPU
		{96185953-76CF-49B6-99F6-8290AEB721D1}.Release|x86.ActiveCfg = Release|Any CPU
		{96185953-76CF-49B6-99F6-8290AEB721D1}.Release|x86.Build.0 = Release|Any CPU
		{D48E18B5-4740-4E1C-903C-6C1E1C087E46}.Debug|Any CPU.ActiveCfg = Debug|Any CPU
		{D48E18B5-4740-4E1C-903C-6C1E1C087E46}.Debug|Any CPU.Build.0 = Debug|Any CPU
		{D48E18B5-4740-4E1C-903C-6C1E1C087E46}.Debug|x64.ActiveCfg = Debug|Any CPU
		{D48E18B5-4740-4E1C-903C-6C1E1C087E46}.Debug|x64.Build.0 = Debug|Any CPU
		{D48E18B5-4740-4E1C-903C-6C1E1C087E46}.Debug|x86.ActiveCfg = Debug|Any CPU
		{D48E18B5-4740-4E1C-903C-6C1E1C087E46}.Debug|x86.Build.0 = Debug|Any CPU
		{D48E18B5-4740-4E1C-903C-6C1E1C087E46}.Release|Any CPU.ActiveCfg = Release|Any CPU
		{D48E18B5-4740-4E1C-903C-6C1E1C087E46}.Release|Any CPU.Build.0 = Release|Any CPU
		{D48E18B5-4740-4E1C-903C-6C1E1C087E46}.Release|x64.ActiveCfg = Release|Any CPU
		{D48E18B5-4740-4E1C-903C-6C1E1C087E46}.Release|x64.Build.0 = Release|Any CPU
		{D48E18B5-4740-4E1C-903C-6C1E1C087E46}.Release|x86.ActiveCfg = Release|Any CPU
		{D48E18B5-4740-4E1C-903C-6C1E1C087E46}.Release|x86.Build.0 = Release|Any CPU
		{A6548F7D-8B4E-4281-852F-BED6EE221E3E}.Debug|Any CPU.ActiveCfg = Debug|Any CPU
		{A6548F7D-8B4E-4281-852F-BED6EE221E3E}.Debug|Any CPU.Build.0 = Debug|Any CPU
		{A6548F7D-8B4E-4281-852F-BED6EE221E3E}.Debug|x64.ActiveCfg = Debug|Any CPU
		{A6548F7D-8B4E-4281-852F-BED6EE221E3E}.Debug|x64.Build.0 = Debug|Any CPU
		{A6548F7D-8B4E-4281-852F-BED6EE221E3E}.Debug|x86.ActiveCfg = Debug|Any CPU
		{A6548F7D-8B4E-4281-852F-BED6EE221E3E}.Debug|x86.Build.0 = Debug|Any CPU
		{A6548F7D-8B4E-4281-852F-BED6EE221E3E}.Release|Any CPU.ActiveCfg = Release|Any CPU
		{A6548F7D-8B4E-4281-852F-BED6EE221E3E}.Release|Any CPU.Build.0 = Release|Any CPU
		{A6548F7D-8B4E-4281-852F-BED6EE221E3E}.Release|x64.ActiveCfg = Release|Any CPU
		{A6548F7D-8B4E-4281-852F-BED6EE221E3E}.Release|x64.Build.0 = Release|Any CPU
		{A6548F7D-8B4E-4281-852F-BED6EE221E3E}.Release|x86.ActiveCfg = Release|Any CPU
		{A6548F7D-8B4E-4281-852F-BED6EE221E3E}.Release|x86.Build.0 = Release|Any CPU
		{65BA2390-AD2A-4D44-8CD0-6901A7F2950B}.Debug|Any CPU.ActiveCfg = Debug|Any CPU
		{65BA2390-AD2A-4D44-8CD0-6901A7F2950B}.Debug|Any CPU.Build.0 = Debug|Any CPU
		{65BA2390-AD2A-4D44-8CD0-6901A7F2950B}.Debug|x64.ActiveCfg = Debug|Any CPU
		{65BA2390-AD2A-4D44-8CD0-6901A7F2950B}.Debug|x64.Build.0 = Debug|Any CPU
		{65BA2390-AD2A-4D44-8CD0-6901A7F2950B}.Debug|x86.ActiveCfg = Debug|Any CPU
		{65BA2390-AD2A-4D44-8CD0-6901A7F2950B}.Debug|x86.Build.0 = Debug|Any CPU
		{65BA2390-AD2A-4D44-8CD0-6901A7F2950B}.Release|Any CPU.ActiveCfg = Release|Any CPU
		{65BA2390-AD2A-4D44-8CD0-6901A7F2950B}.Release|Any CPU.Build.0 = Release|Any CPU
		{65BA2390-AD2A-4D44-8CD0-6901A7F2950B}.Release|x64.ActiveCfg = Release|Any CPU
		{65BA2390-AD2A-4D44-8CD0-6901A7F2950B}.Release|x64.Build.0 = Release|Any CPU
		{65BA2390-AD2A-4D44-8CD0-6901A7F2950B}.Release|x86.ActiveCfg = Release|Any CPU
		{65BA2390-AD2A-4D44-8CD0-6901A7F2950B}.Release|x86.Build.0 = Release|Any CPU
		{16BDE1E4-D82A-4864-877C-232B59C0855D}.Debug|Any CPU.ActiveCfg = Debug|Any CPU
		{16BDE1E4-D82A-4864-877C-232B59C0855D}.Debug|Any CPU.Build.0 = Debug|Any CPU
		{16BDE1E4-D82A-4864-877C-232B59C0855D}.Debug|x64.ActiveCfg = Debug|Any CPU
		{16BDE1E4-D82A-4864-877C-232B59C0855D}.Debug|x64.Build.0 = Debug|Any CPU
		{16BDE1E4-D82A-4864-877C-232B59C0855D}.Debug|x86.ActiveCfg = Debug|Any CPU
		{16BDE1E4-D82A-4864-877C-232B59C0855D}.Debug|x86.Build.0 = Debug|Any CPU
		{16BDE1E4-D82A-4864-877C-232B59C0855D}.Release|Any CPU.ActiveCfg = Release|Any CPU
		{16BDE1E4-D82A-4864-877C-232B59C0855D}.Release|Any CPU.Build.0 = Release|Any CPU
		{16BDE1E4-D82A-4864-877C-232B59C0855D}.Release|x64.ActiveCfg = Release|Any CPU
		{16BDE1E4-D82A-4864-877C-232B59C0855D}.Release|x64.Build.0 = Release|Any CPU
		{16BDE1E4-D82A-4864-877C-232B59C0855D}.Release|x86.ActiveCfg = Release|Any CPU
		{16BDE1E4-D82A-4864-877C-232B59C0855D}.Release|x86.Build.0 = Release|Any CPU
		{6B79E134-7D35-473F-A927-B597FE5012B0}.Debug|Any CPU.ActiveCfg = Debug|Any CPU
		{6B79E134-7D35-473F-A927-B597FE5012B0}.Debug|Any CPU.Build.0 = Debug|Any CPU
		{6B79E134-7D35-473F-A927-B597FE5012B0}.Debug|x64.ActiveCfg = Debug|Any CPU
		{6B79E134-7D35-473F-A927-B597FE5012B0}.Debug|x64.Build.0 = Debug|Any CPU
		{6B79E134-7D35-473F-A927-B597FE5012B0}.Debug|x86.ActiveCfg = Debug|Any CPU
		{6B79E134-7D35-473F-A927-B597FE5012B0}.Debug|x86.Build.0 = Debug|Any CPU
		{6B79E134-7D35-473F-A927-B597FE5012B0}.Release|Any CPU.ActiveCfg = Release|Any CPU
		{6B79E134-7D35-473F-A927-B597FE5012B0}.Release|Any CPU.Build.0 = Release|Any CPU
		{6B79E134-7D35-473F-A927-B597FE5012B0}.Release|x64.ActiveCfg = Release|Any CPU
		{6B79E134-7D35-473F-A927-B597FE5012B0}.Release|x64.Build.0 = Release|Any CPU
		{6B79E134-7D35-473F-A927-B597FE5012B0}.Release|x86.ActiveCfg = Release|Any CPU
		{6B79E134-7D35-473F-A927-B597FE5012B0}.Release|x86.Build.0 = Release|Any CPU
		{B8E21FF7-CA66-44BC-A20D-0007960709FC}.Debug|Any CPU.ActiveCfg = Debug|Any CPU
		{B8E21FF7-CA66-44BC-A20D-0007960709FC}.Debug|Any CPU.Build.0 = Debug|Any CPU
		{B8E21FF7-CA66-44BC-A20D-0007960709FC}.Debug|x64.ActiveCfg = Debug|Any CPU
		{B8E21FF7-CA66-44BC-A20D-0007960709FC}.Debug|x64.Build.0 = Debug|Any CPU
		{B8E21FF7-CA66-44BC-A20D-0007960709FC}.Debug|x86.ActiveCfg = Debug|Any CPU
		{B8E21FF7-CA66-44BC-A20D-0007960709FC}.Debug|x86.Build.0 = Debug|Any CPU
		{B8E21FF7-CA66-44BC-A20D-0007960709FC}.Release|Any CPU.ActiveCfg = Release|Any CPU
		{B8E21FF7-CA66-44BC-A20D-0007960709FC}.Release|Any CPU.Build.0 = Release|Any CPU
		{B8E21FF7-CA66-44BC-A20D-0007960709FC}.Release|x64.ActiveCfg = Release|Any CPU
		{B8E21FF7-CA66-44BC-A20D-0007960709FC}.Release|x64.Build.0 = Release|Any CPU
		{B8E21FF7-CA66-44BC-A20D-0007960709FC}.Release|x86.ActiveCfg = Release|Any CPU
		{B8E21FF7-CA66-44BC-A20D-0007960709FC}.Release|x86.Build.0 = Release|Any CPU
		{3B1E9277-429F-469E-956C-F0197214D000}.Debug|Any CPU.ActiveCfg = Debug|Any CPU
		{3B1E9277-429F-469E-956C-F0197214D000}.Debug|Any CPU.Build.0 = Debug|Any CPU
		{3B1E9277-429F-469E-956C-F0197214D000}.Debug|x64.ActiveCfg = Debug|Any CPU
		{3B1E9277-429F-469E-956C-F0197214D000}.Debug|x64.Build.0 = Debug|Any CPU
		{3B1E9277-429F-469E-956C-F0197214D000}.Debug|x86.ActiveCfg = Debug|Any CPU
		{3B1E9277-429F-469E-956C-F0197214D000}.Debug|x86.Build.0 = Debug|Any CPU
		{3B1E9277-429F-469E-956C-F0197214D000}.Release|Any CPU.ActiveCfg = Release|Any CPU
		{3B1E9277-429F-469E-956C-F0197214D000}.Release|Any CPU.Build.0 = Release|Any CPU
		{3B1E9277-429F-469E-956C-F0197214D000}.Release|x64.ActiveCfg = Release|Any CPU
		{3B1E9277-429F-469E-956C-F0197214D000}.Release|x64.Build.0 = Release|Any CPU
		{3B1E9277-429F-469E-956C-F0197214D000}.Release|x86.ActiveCfg = Release|Any CPU
		{3B1E9277-429F-469E-956C-F0197214D000}.Release|x86.Build.0 = Release|Any CPU
		{C6880202-41A8-4845-8CC1-B12B6F5C7022}.Debug|Any CPU.ActiveCfg = Debug|Any CPU
		{C6880202-41A8-4845-8CC1-B12B6F5C7022}.Debug|Any CPU.Build.0 = Debug|Any CPU
		{C6880202-41A8-4845-8CC1-B12B6F5C7022}.Debug|x64.ActiveCfg = Debug|Any CPU
		{C6880202-41A8-4845-8CC1-B12B6F5C7022}.Debug|x64.Build.0 = Debug|Any CPU
		{C6880202-41A8-4845-8CC1-B12B6F5C7022}.Debug|x86.ActiveCfg = Debug|Any CPU
		{C6880202-41A8-4845-8CC1-B12B6F5C7022}.Debug|x86.Build.0 = Debug|Any CPU
		{C6880202-41A8-4845-8CC1-B12B6F5C7022}.Release|Any CPU.ActiveCfg = Release|Any CPU
		{C6880202-41A8-4845-8CC1-B12B6F5C7022}.Release|Any CPU.Build.0 = Release|Any CPU
		{C6880202-41A8-4845-8CC1-B12B6F5C7022}.Release|x64.ActiveCfg = Release|Any CPU
		{C6880202-41A8-4845-8CC1-B12B6F5C7022}.Release|x64.Build.0 = Release|Any CPU
		{C6880202-41A8-4845-8CC1-B12B6F5C7022}.Release|x86.ActiveCfg = Release|Any CPU
		{C6880202-41A8-4845-8CC1-B12B6F5C7022}.Release|x86.Build.0 = Release|Any CPU
		{F623856D-434C-40B0-A350-3F58F20BC20E}.Debug|Any CPU.ActiveCfg = Debug|Any CPU
		{F623856D-434C-40B0-A350-3F58F20BC20E}.Debug|Any CPU.Build.0 = Debug|Any CPU
		{F623856D-434C-40B0-A350-3F58F20BC20E}.Debug|x64.ActiveCfg = Debug|Any CPU
		{F623856D-434C-40B0-A350-3F58F20BC20E}.Debug|x64.Build.0 = Debug|Any CPU
		{F623856D-434C-40B0-A350-3F58F20BC20E}.Debug|x86.ActiveCfg = Debug|Any CPU
		{F623856D-434C-40B0-A350-3F58F20BC20E}.Debug|x86.Build.0 = Debug|Any CPU
		{F623856D-434C-40B0-A350-3F58F20BC20E}.Release|Any CPU.ActiveCfg = Release|Any CPU
		{F623856D-434C-40B0-A350-3F58F20BC20E}.Release|Any CPU.Build.0 = Release|Any CPU
		{F623856D-434C-40B0-A350-3F58F20BC20E}.Release|x64.ActiveCfg = Release|Any CPU
		{F623856D-434C-40B0-A350-3F58F20BC20E}.Release|x64.Build.0 = Release|Any CPU
		{F623856D-434C-40B0-A350-3F58F20BC20E}.Release|x86.ActiveCfg = Release|Any CPU
		{F623856D-434C-40B0-A350-3F58F20BC20E}.Release|x86.Build.0 = Release|Any CPU
		{770B385D-9257-4F33-9038-E40CBF233A75}.Debug|Any CPU.ActiveCfg = Debug|Any CPU
		{770B385D-9257-4F33-9038-E40CBF233A75}.Debug|Any CPU.Build.0 = Debug|Any CPU
		{770B385D-9257-4F33-9038-E40CBF233A75}.Debug|x64.ActiveCfg = Debug|Any CPU
		{770B385D-9257-4F33-9038-E40CBF233A75}.Debug|x64.Build.0 = Debug|Any CPU
		{770B385D-9257-4F33-9038-E40CBF233A75}.Debug|x86.ActiveCfg = Debug|Any CPU
		{770B385D-9257-4F33-9038-E40CBF233A75}.Debug|x86.Build.0 = Debug|Any CPU
		{770B385D-9257-4F33-9038-E40CBF233A75}.Release|Any CPU.ActiveCfg = Release|Any CPU
		{770B385D-9257-4F33-9038-E40CBF233A75}.Release|Any CPU.Build.0 = Release|Any CPU
		{770B385D-9257-4F33-9038-E40CBF233A75}.Release|x64.ActiveCfg = Release|Any CPU
		{770B385D-9257-4F33-9038-E40CBF233A75}.Release|x64.Build.0 = Release|Any CPU
		{770B385D-9257-4F33-9038-E40CBF233A75}.Release|x86.ActiveCfg = Release|Any CPU
		{770B385D-9257-4F33-9038-E40CBF233A75}.Release|x86.Build.0 = Release|Any CPU
		{0134F217-FDA2-4A40-B047-0A43802E7188}.Debug|Any CPU.ActiveCfg = Debug|Any CPU
		{0134F217-FDA2-4A40-B047-0A43802E7188}.Debug|Any CPU.Build.0 = Debug|Any CPU
		{0134F217-FDA2-4A40-B047-0A43802E7188}.Debug|x64.ActiveCfg = Debug|Any CPU
		{0134F217-FDA2-4A40-B047-0A43802E7188}.Debug|x64.Build.0 = Debug|Any CPU
		{0134F217-FDA2-4A40-B047-0A43802E7188}.Debug|x86.ActiveCfg = Debug|Any CPU
		{0134F217-FDA2-4A40-B047-0A43802E7188}.Debug|x86.Build.0 = Debug|Any CPU
		{0134F217-FDA2-4A40-B047-0A43802E7188}.Release|Any CPU.ActiveCfg = Release|Any CPU
		{0134F217-FDA2-4A40-B047-0A43802E7188}.Release|Any CPU.Build.0 = Release|Any CPU
		{0134F217-FDA2-4A40-B047-0A43802E7188}.Release|x64.ActiveCfg = Release|Any CPU
		{0134F217-FDA2-4A40-B047-0A43802E7188}.Release|x64.Build.0 = Release|Any CPU
		{0134F217-FDA2-4A40-B047-0A43802E7188}.Release|x86.ActiveCfg = Release|Any CPU
		{0134F217-FDA2-4A40-B047-0A43802E7188}.Release|x86.Build.0 = Release|Any CPU
		{CF013BC8-9536-4BC5-B45D-A7C726A84E79}.Debug|Any CPU.ActiveCfg = Debug|Any CPU
		{CF013BC8-9536-4BC5-B45D-A7C726A84E79}.Debug|Any CPU.Build.0 = Debug|Any CPU
		{CF013BC8-9536-4BC5-B45D-A7C726A84E79}.Debug|x64.ActiveCfg = Debug|Any CPU
		{CF013BC8-9536-4BC5-B45D-A7C726A84E79}.Debug|x64.Build.0 = Debug|Any CPU
		{CF013BC8-9536-4BC5-B45D-A7C726A84E79}.Debug|x86.ActiveCfg = Debug|Any CPU
		{CF013BC8-9536-4BC5-B45D-A7C726A84E79}.Debug|x86.Build.0 = Debug|Any CPU
		{CF013BC8-9536-4BC5-B45D-A7C726A84E79}.Release|Any CPU.ActiveCfg = Release|Any CPU
		{CF013BC8-9536-4BC5-B45D-A7C726A84E79}.Release|Any CPU.Build.0 = Release|Any CPU
		{CF013BC8-9536-4BC5-B45D-A7C726A84E79}.Release|x64.ActiveCfg = Release|Any CPU
		{CF013BC8-9536-4BC5-B45D-A7C726A84E79}.Release|x64.Build.0 = Release|Any CPU
		{CF013BC8-9536-4BC5-B45D-A7C726A84E79}.Release|x86.ActiveCfg = Release|Any CPU
		{CF013BC8-9536-4BC5-B45D-A7C726A84E79}.Release|x86.Build.0 = Release|Any CPU
		{C11B3E6D-4405-454E-BCED-EF46C1E52638}.Debug|Any CPU.ActiveCfg = Debug|Any CPU
		{C11B3E6D-4405-454E-BCED-EF46C1E52638}.Debug|Any CPU.Build.0 = Debug|Any CPU
		{C11B3E6D-4405-454E-BCED-EF46C1E52638}.Debug|x64.ActiveCfg = Debug|Any CPU
		{C11B3E6D-4405-454E-BCED-EF46C1E52638}.Debug|x64.Build.0 = Debug|Any CPU
		{C11B3E6D-4405-454E-BCED-EF46C1E52638}.Debug|x86.ActiveCfg = Debug|Any CPU
		{C11B3E6D-4405-454E-BCED-EF46C1E52638}.Debug|x86.Build.0 = Debug|Any CPU
		{C11B3E6D-4405-454E-BCED-EF46C1E52638}.Release|Any CPU.ActiveCfg = Release|Any CPU
		{C11B3E6D-4405-454E-BCED-EF46C1E52638}.Release|Any CPU.Build.0 = Release|Any CPU
		{C11B3E6D-4405-454E-BCED-EF46C1E52638}.Release|x64.ActiveCfg = Release|Any CPU
		{C11B3E6D-4405-454E-BCED-EF46C1E52638}.Release|x64.Build.0 = Release|Any CPU
		{C11B3E6D-4405-454E-BCED-EF46C1E52638}.Release|x86.ActiveCfg = Release|Any CPU
		{C11B3E6D-4405-454E-BCED-EF46C1E52638}.Release|x86.Build.0 = Release|Any CPU
		{6D724125-AF97-4AA8-8B61-345198E1E0BB}.Debug|Any CPU.ActiveCfg = Debug|Any CPU
		{6D724125-AF97-4AA8-8B61-345198E1E0BB}.Debug|Any CPU.Build.0 = Debug|Any CPU
		{6D724125-AF97-4AA8-8B61-345198E1E0BB}.Debug|x64.ActiveCfg = Debug|Any CPU
		{6D724125-AF97-4AA8-8B61-345198E1E0BB}.Debug|x64.Build.0 = Debug|Any CPU
		{6D724125-AF97-4AA8-8B61-345198E1E0BB}.Debug|x86.ActiveCfg = Debug|Any CPU
		{6D724125-AF97-4AA8-8B61-345198E1E0BB}.Debug|x86.Build.0 = Debug|Any CPU
		{6D724125-AF97-4AA8-8B61-345198E1E0BB}.Release|Any CPU.ActiveCfg = Release|Any CPU
		{6D724125-AF97-4AA8-8B61-345198E1E0BB}.Release|Any CPU.Build.0 = Release|Any CPU
		{6D724125-AF97-4AA8-8B61-345198E1E0BB}.Release|x64.ActiveCfg = Release|Any CPU
		{6D724125-AF97-4AA8-8B61-345198E1E0BB}.Release|x64.Build.0 = Release|Any CPU
		{6D724125-AF97-4AA8-8B61-345198E1E0BB}.Release|x86.ActiveCfg = Release|Any CPU
		{6D724125-AF97-4AA8-8B61-345198E1E0BB}.Release|x86.Build.0 = Release|Any CPU
		{D9986C6C-D73E-424A-921B-3CE0299EEE8C}.Debug|Any CPU.ActiveCfg = Debug|Any CPU
		{D9986C6C-D73E-424A-921B-3CE0299EEE8C}.Debug|Any CPU.Build.0 = Debug|Any CPU
		{D9986C6C-D73E-424A-921B-3CE0299EEE8C}.Debug|x64.ActiveCfg = Debug|Any CPU
		{D9986C6C-D73E-424A-921B-3CE0299EEE8C}.Debug|x64.Build.0 = Debug|Any CPU
		{D9986C6C-D73E-424A-921B-3CE0299EEE8C}.Debug|x86.ActiveCfg = Debug|Any CPU
		{D9986C6C-D73E-424A-921B-3CE0299EEE8C}.Debug|x86.Build.0 = Debug|Any CPU
		{D9986C6C-D73E-424A-921B-3CE0299EEE8C}.Release|Any CPU.ActiveCfg = Release|Any CPU
		{D9986C6C-D73E-424A-921B-3CE0299EEE8C}.Release|Any CPU.Build.0 = Release|Any CPU
		{D9986C6C-D73E-424A-921B-3CE0299EEE8C}.Release|x64.ActiveCfg = Release|Any CPU
		{D9986C6C-D73E-424A-921B-3CE0299EEE8C}.Release|x64.Build.0 = Release|Any CPU
		{D9986C6C-D73E-424A-921B-3CE0299EEE8C}.Release|x86.ActiveCfg = Release|Any CPU
		{D9986C6C-D73E-424A-921B-3CE0299EEE8C}.Release|x86.Build.0 = Release|Any CPU
		{D29EAD4C-4825-4A9A-B7A6-3B7339FB30B0}.Debug|Any CPU.ActiveCfg = Debug|Any CPU
		{D29EAD4C-4825-4A9A-B7A6-3B7339FB30B0}.Debug|Any CPU.Build.0 = Debug|Any CPU
		{D29EAD4C-4825-4A9A-B7A6-3B7339FB30B0}.Debug|x64.ActiveCfg = Debug|Any CPU
		{D29EAD4C-4825-4A9A-B7A6-3B7339FB30B0}.Debug|x64.Build.0 = Debug|Any CPU
		{D29EAD4C-4825-4A9A-B7A6-3B7339FB30B0}.Debug|x86.ActiveCfg = Debug|Any CPU
		{D29EAD4C-4825-4A9A-B7A6-3B7339FB30B0}.Debug|x86.Build.0 = Debug|Any CPU
		{D29EAD4C-4825-4A9A-B7A6-3B7339FB30B0}.Release|Any CPU.ActiveCfg = Release|Any CPU
		{D29EAD4C-4825-4A9A-B7A6-3B7339FB30B0}.Release|Any CPU.Build.0 = Release|Any CPU
		{D29EAD4C-4825-4A9A-B7A6-3B7339FB30B0}.Release|x64.ActiveCfg = Release|Any CPU
		{D29EAD4C-4825-4A9A-B7A6-3B7339FB30B0}.Release|x64.Build.0 = Release|Any CPU
		{D29EAD4C-4825-4A9A-B7A6-3B7339FB30B0}.Release|x86.ActiveCfg = Release|Any CPU
		{D29EAD4C-4825-4A9A-B7A6-3B7339FB30B0}.Release|x86.Build.0 = Release|Any CPU
		{A59D08F7-2923-4698-85BB-0338C7878A10}.Debug|Any CPU.ActiveCfg = Debug|Any CPU
		{A59D08F7-2923-4698-85BB-0338C7878A10}.Debug|Any CPU.Build.0 = Debug|Any CPU
		{A59D08F7-2923-4698-85BB-0338C7878A10}.Debug|x64.ActiveCfg = Debug|Any CPU
		{A59D08F7-2923-4698-85BB-0338C7878A10}.Debug|x64.Build.0 = Debug|Any CPU
		{A59D08F7-2923-4698-85BB-0338C7878A10}.Debug|x86.ActiveCfg = Debug|Any CPU
		{A59D08F7-2923-4698-85BB-0338C7878A10}.Debug|x86.Build.0 = Debug|Any CPU
		{A59D08F7-2923-4698-85BB-0338C7878A10}.Release|Any CPU.ActiveCfg = Release|Any CPU
		{A59D08F7-2923-4698-85BB-0338C7878A10}.Release|Any CPU.Build.0 = Release|Any CPU
		{A59D08F7-2923-4698-85BB-0338C7878A10}.Release|x64.ActiveCfg = Release|Any CPU
		{A59D08F7-2923-4698-85BB-0338C7878A10}.Release|x64.Build.0 = Release|Any CPU
		{A59D08F7-2923-4698-85BB-0338C7878A10}.Release|x86.ActiveCfg = Release|Any CPU
		{A59D08F7-2923-4698-85BB-0338C7878A10}.Release|x86.Build.0 = Release|Any CPU
		{63720FE4-7BEB-4462-A2F4-D16856E9923E}.Debug|Any CPU.ActiveCfg = Debug|Any CPU
		{63720FE4-7BEB-4462-A2F4-D16856E9923E}.Debug|Any CPU.Build.0 = Debug|Any CPU
		{63720FE4-7BEB-4462-A2F4-D16856E9923E}.Debug|x64.ActiveCfg = Debug|Any CPU
		{63720FE4-7BEB-4462-A2F4-D16856E9923E}.Debug|x64.Build.0 = Debug|Any CPU
		{63720FE4-7BEB-4462-A2F4-D16856E9923E}.Debug|x86.ActiveCfg = Debug|Any CPU
		{63720FE4-7BEB-4462-A2F4-D16856E9923E}.Debug|x86.Build.0 = Debug|Any CPU
		{63720FE4-7BEB-4462-A2F4-D16856E9923E}.Release|Any CPU.ActiveCfg = Release|Any CPU
		{63720FE4-7BEB-4462-A2F4-D16856E9923E}.Release|Any CPU.Build.0 = Release|Any CPU
		{63720FE4-7BEB-4462-A2F4-D16856E9923E}.Release|x64.ActiveCfg = Release|Any CPU
		{63720FE4-7BEB-4462-A2F4-D16856E9923E}.Release|x64.Build.0 = Release|Any CPU
		{63720FE4-7BEB-4462-A2F4-D16856E9923E}.Release|x86.ActiveCfg = Release|Any CPU
		{63720FE4-7BEB-4462-A2F4-D16856E9923E}.Release|x86.Build.0 = Release|Any CPU
		{258C45A5-7E23-4D4C-8DDD-E3174B76F228}.Debug|Any CPU.ActiveCfg = Debug|Any CPU
		{258C45A5-7E23-4D4C-8DDD-E3174B76F228}.Debug|Any CPU.Build.0 = Debug|Any CPU
		{258C45A5-7E23-4D4C-8DDD-E3174B76F228}.Debug|x64.ActiveCfg = Debug|Any CPU
		{258C45A5-7E23-4D4C-8DDD-E3174B76F228}.Debug|x64.Build.0 = Debug|Any CPU
		{258C45A5-7E23-4D4C-8DDD-E3174B76F228}.Debug|x86.ActiveCfg = Debug|Any CPU
		{258C45A5-7E23-4D4C-8DDD-E3174B76F228}.Debug|x86.Build.0 = Debug|Any CPU
		{258C45A5-7E23-4D4C-8DDD-E3174B76F228}.Release|Any CPU.ActiveCfg = Release|Any CPU
		{258C45A5-7E23-4D4C-8DDD-E3174B76F228}.Release|Any CPU.Build.0 = Release|Any CPU
		{258C45A5-7E23-4D4C-8DDD-E3174B76F228}.Release|x64.ActiveCfg = Release|Any CPU
		{258C45A5-7E23-4D4C-8DDD-E3174B76F228}.Release|x64.Build.0 = Release|Any CPU
		{258C45A5-7E23-4D4C-8DDD-E3174B76F228}.Release|x86.ActiveCfg = Release|Any CPU
		{258C45A5-7E23-4D4C-8DDD-E3174B76F228}.Release|x86.Build.0 = Release|Any CPU
		{9B038B60-098A-40EA-81AD-B094C0934E2C}.Debug|Any CPU.ActiveCfg = Debug|Any CPU
		{9B038B60-098A-40EA-81AD-B094C0934E2C}.Debug|Any CPU.Build.0 = Debug|Any CPU
		{9B038B60-098A-40EA-81AD-B094C0934E2C}.Debug|x64.ActiveCfg = Debug|Any CPU
		{9B038B60-098A-40EA-81AD-B094C0934E2C}.Debug|x64.Build.0 = Debug|Any CPU
		{9B038B60-098A-40EA-81AD-B094C0934E2C}.Debug|x86.ActiveCfg = Debug|Any CPU
		{9B038B60-098A-40EA-81AD-B094C0934E2C}.Debug|x86.Build.0 = Debug|Any CPU
		{9B038B60-098A-40EA-81AD-B094C0934E2C}.Release|Any CPU.ActiveCfg = Release|Any CPU
		{9B038B60-098A-40EA-81AD-B094C0934E2C}.Release|Any CPU.Build.0 = Release|Any CPU
		{9B038B60-098A-40EA-81AD-B094C0934E2C}.Release|x64.ActiveCfg = Release|Any CPU
		{9B038B60-098A-40EA-81AD-B094C0934E2C}.Release|x64.Build.0 = Release|Any CPU
		{9B038B60-098A-40EA-81AD-B094C0934E2C}.Release|x86.ActiveCfg = Release|Any CPU
		{9B038B60-098A-40EA-81AD-B094C0934E2C}.Release|x86.Build.0 = Release|Any CPU
	EndGlobalSection
EndGlobal
