
Microsoft Visual Studio Solution File, Format Version 12.00
# Visual Studio Version 16
VisualStudioVersion = 16.0.30114.105
MinimumVisualStudioVersion = 10.0.40219.1
Project("{FAE04EC0-301F-11D3-BF4B-00C04F79EFBC}") = "Penguin.Cms.Modules.Navigation.Local", "Penguin.Cms.Modules.Navigation.Local.csproj", "{1911F733-0BC1-4803-8927-41724AD9AEF6}"
EndProject
Project("{FAE04EC0-301F-11D3-BF4B-00C04F79EFBC}") = "Penguin.Cms.Navigation.Repositories.Local", "..\Penguin.Cms.Navigation.Repositories\Penguin.Cms.Navigation.Repositories.Local.csproj", "{DE18FA17-563D-4E2B-92AB-840277229B8F}"
EndProject
Project("{FAE04EC0-301F-11D3-BF4B-00C04F79EFBC}") = "Penguin.Security.Abstractions.Local", "..\Penguin.Security.Abstractions\Penguin.Security.Abstractions.Local.csproj", "{AE7E8868-F82F-4DD1-8E67-A37E021575E5}"
EndProject
Project("{FAE04EC0-301F-11D3-BF4B-00C04F79EFBC}") = "Penguin.Extensions.Collections.Local", "..\Penguin.Extensions.Collections\Penguin.Extensions.Collections.Local.csproj", "{82A5F436-1B42-492E-AD34-16CA21834C30}"
EndProject
Project("{FAE04EC0-301F-11D3-BF4B-00C04F79EFBC}") = "Penguin.Reflection.Extensions.Local", "..\Penguin.Reflection.Extensions\Penguin.Reflection.Extensions.Local.csproj", "{6A8B9C04-2DBA-4267-BF01-1BFEBEFEFE95}"
EndProject
Project("{FAE04EC0-301F-11D3-BF4B-00C04F79EFBC}") = "Penguin.Reflection.Abstractions.Local", "..\Penguin.Reflection.Abstractions\Penguin.Reflection.Abstractions.Local.csproj", "{2C29DAD2-63A3-4437-9649-30D22E474889}"
EndProject
Project("{FAE04EC0-301F-11D3-BF4B-00C04F79EFBC}") = "Penguin.Extensions.String.Local", "..\Penguin.Extensions.String\Penguin.Extensions.String.Local.csproj", "{0A50DBF2-9F33-4C30-9E81-E4EC6687D29E}"
EndProject
Project("{FAE04EC0-301F-11D3-BF4B-00C04F79EFBC}") = "Penguin.Cms.Navigation.Local", "..\Penguin.Cms.Navigation\Penguin.Cms.Navigation.Local.csproj", "{D7D0D79A-16A8-4FF7-B129-8612162E3752}"
EndProject
Project("{FAE04EC0-301F-11D3-BF4B-00C04F79EFBC}") = "Penguin.Navigation.Abstractions.Local", "..\Penguin.Navigation.Abstractions\Penguin.Navigation.Abstractions.Local.csproj", "{49B753A0-BDDE-47DC-A418-FEA8C590E608}"
EndProject
Project("{FAE04EC0-301F-11D3-BF4B-00C04F79EFBC}") = "Penguin.Shared.Objects.Local", "..\Penguin.Shared.Objects\Penguin.Shared.Objects.Local.csproj", "{5BE871E6-E826-48AA-9A33-D27622E59330}"
EndProject
Project("{FAE04EC0-301F-11D3-BF4B-00C04F79EFBC}") = "Penguin.Cms.Abstractions.Local", "..\Penguin.Cms.Abstractions\Penguin.Cms.Abstractions.Local.csproj", "{9C281CE9-D16C-4BC3-96B9-205283BA60BA}"
EndProject
Project("{FAE04EC0-301F-11D3-BF4B-00C04F79EFBC}") = "Penguin.DependencyInjection.Abstractions.Local", "..\Penguin.DependencyInjection.Abstractions\Penguin.DependencyInjection.Abstractions.Local.csproj", "{26FD637F-3466-456D-ADB8-1CB73ADD83F6}"
EndProject
Project("{FAE04EC0-301F-11D3-BF4B-00C04F79EFBC}") = "Penguin.Persistence.Abstractions.Local", "..\Penguin.Persistence.Abstractions\Penguin.Persistence.Abstractions.Local.csproj", "{FF24A823-2DFA-42BA-A3AC-BB19727A9474}"
EndProject
Project("{FAE04EC0-301F-11D3-BF4B-00C04F79EFBC}") = "Penguin.Entities.Abstractions.Local", "..\Penguin.Entities.Abstractions\Penguin.Entities.Abstractions.Local.csproj", "{FF54BE40-37C2-41F0-B80E-2B7670CA9CE3}"
EndProject
Project("{FAE04EC0-301F-11D3-BF4B-00C04F79EFBC}") = "Penguin.Cms.Entities.Local", "..\Penguin.Cms.Entities\Penguin.Cms.Entities.Local.csproj", "{AA87471A-69D7-4E00-A13B-A45F084BBA7A}"
EndProject
Project("{FAE04EC0-301F-11D3-BF4B-00C04F79EFBC}") = "Penguin.Cms.Repositories.Local", "..\Penguin.Cms.Repositories\Penguin.Cms.Repositories.Local.csproj", "{ED45CED6-7033-4E6A-AB00-78E2E1AF7BF7}"
EndProject
Project("{FAE04EC0-301F-11D3-BF4B-00C04F79EFBC}") = "Penguin.Persistence.Repositories.Local", "..\Penguin.Persistence.Repositories\Penguin.Persistence.Repositories.Local.csproj", "{7142984D-280E-4994-A3CC-F74626C4A416}"
EndProject
Project("{FAE04EC0-301F-11D3-BF4B-00C04F79EFBC}") = "Penguin.Messaging.Persistence.Local", "..\Penguin.Messaging.Persistence\Penguin.Messaging.Persistence.Local.csproj", "{B69725B9-5701-412A-97B2-ED2B2976C03C}"
EndProject
Project("{FAE04EC0-301F-11D3-BF4B-00C04F79EFBC}") = "Penguin.Messaging.Abstractions.Local", "..\Penguin.Messaging.Abstractions\Penguin.Messaging.Abstractions.Local.csproj", "{144B52B2-D44B-48DE-BD3B-3DACFB541DBC}"
EndProject
Project("{FAE04EC0-301F-11D3-BF4B-00C04F79EFBC}") = "Penguin.Messaging.Core.Local", "..\Penguin.Messaging.Core\Penguin.Messaging.Core.Local.csproj", "{4A4316A3-39D7-4000-B4A9-FE2F9E55268F}"
EndProject
Project("{FAE04EC0-301F-11D3-BF4B-00C04F79EFBC}") = "Penguin.Debugging.Local", "..\Penguin.Debugging\Penguin.Debugging.Local.csproj", "{FE4D2BFA-05D0-4F29-ADD7-4BD1F1146E8F}"
EndProject
Project("{FAE04EC0-301F-11D3-BF4B-00C04F79EFBC}") = "Penguin.Extensions.Exceptions.Local", "..\Penguin.Extensions.Exceptions\Penguin.Extensions.Exceptions.Local.csproj", "{941DEF6C-2E5A-45A8-A26B-32535E2725F4}"
EndProject
Project("{FAE04EC0-301F-11D3-BF4B-00C04F79EFBC}") = "Penguin.Reflection.Local", "..\Penguin.Reflection\Penguin.Reflection.Local.csproj", "{BFB379DE-CE07-4B35-9601-813379B44047}"
EndProject
Project("{FAE04EC0-301F-11D3-BF4B-00C04F79EFBC}") = "Penguin.Cms.Modules.Dynamic.Local", "..\Penguin.Cms.Modules.Dynamic\Penguin.Cms.Modules.Dynamic.Local.csproj", "{8D25D456-7972-4D12-8460-FB3F80D9A4FA}"
EndProject
Project("{FAE04EC0-301F-11D3-BF4B-00C04F79EFBC}") = "Penguin.Cms.Errors.Local", "..\Penguin.Cms.Errors\Penguin.Cms.Errors.Local.csproj", "{5A484DA2-3B23-4926-BDBA-8353B7F4CF7E}"
EndProject
Project("{FAE04EC0-301F-11D3-BF4B-00C04F79EFBC}") = "Penguin.Auditing.Abstractions.Local", "..\Penguin.Auditing.Abstractions\Penguin.Auditing.Abstractions.Local.csproj", "{DD938C61-A6F1-45FE-8750-B9FA56FA8F3A}"
EndProject
Project("{FAE04EC0-301F-11D3-BF4B-00C04F79EFBC}") = "Penguin.Web.Dynamic.Local", "..\Penguin.Web.Dynamic\Penguin.Web.Dynamic.Local.csproj", "{C488490A-D89E-49BE-9D70-4212A6A1A4E5}"
EndProject
Project("{FAE04EC0-301F-11D3-BF4B-00C04F79EFBC}") = "Penguin.Reflection.Serialization.Local", "..\Penguin.Reflection.Serialization\Penguin.Reflection.Serialization.Local.csproj", "{C5F5D86F-B00C-4E42-9D21-F32EC6864E72}"
EndProject
Project("{FAE04EC0-301F-11D3-BF4B-00C04F79EFBC}") = "Penguin.Reflection.Serialization.Abstractions.Local", "..\Penguin.Reflection.Serialization.Abstractions\Penguin.Reflection.Serialization.Abstractions.Local.csproj", "{3030C43F-B6AF-4315-B868-A57C13D6231B}"
EndProject
Project("{FAE04EC0-301F-11D3-BF4B-00C04F79EFBC}") = "Penguin.Cms.Modules.Admin.Local", "..\Penguin.Cms.Modules.Admin\Penguin.Cms.Modules.Admin.Local.csproj", "{0A3A62B9-4414-4C42-A744-21CAE59ADFBE}"
EndProject
Project("{FAE04EC0-301F-11D3-BF4B-00C04F79EFBC}") = "Penguin.Web.Security.Local", "..\Penguin.Web.Security\Penguin.Web.Security.Local.csproj", "{09CC19CD-9105-4C51-9BAF-9865077912D8}"
EndProject
Project("{FAE04EC0-301F-11D3-BF4B-00C04F79EFBC}") = "Penguin.Cms.Modules.Core.Local", "..\Penguin.Cms.Modules.Core\Penguin.Cms.Modules.Core.Local.csproj", "{C4F6C64A-C138-4EA6-BABA-37FA865A0051}"
EndProject
Project("{FAE04EC0-301F-11D3-BF4B-00C04F79EFBC}") = "Penguin.Cms.Core.Local", "..\Penguin.Cms.Core\Penguin.Cms.Core.Local.csproj", "{FDC3AE20-B5A1-4B25-9DCD-A38B59DA111E}"
EndProject
Project("{FAE04EC0-301F-11D3-BF4B-00C04F79EFBC}") = "Penguin.Cms.Web.Local", "..\Penguin.Cms.Web\Penguin.Cms.Web.Local.csproj", "{CA2CC718-5201-4FB7-88C3-960D76F19DEE}"
EndProject
Project("{FAE04EC0-301F-11D3-BF4B-00C04F79EFBC}") = "Penguin.Web.Mvc.Local", "..\Penguin.Web.Mvc\Penguin.Web.Mvc.Local.csproj", "{3CE41004-F11A-4A2A-95FC-0F7F49F143E4}"
EndProject
Project("{FAE04EC0-301F-11D3-BF4B-00C04F79EFBC}") = "Penguin.Web.Mvc.Abstractions.Local", "..\Penguin.Web.Mvc.Abstractions\Penguin.Web.Mvc.Abstractions.Local.csproj", "{AFE1BDB5-4B73-4489-8CF6-30E54060BB22}"
EndProject
Project("{FAE04EC0-301F-11D3-BF4B-00C04F79EFBC}") = "Penguin.Templating.Abstractions.Local", "..\Penguin.Templating.Abstractions\Penguin.Templating.Abstractions.Local.csproj", "{5485D509-F67B-441F-BD1C-F25710ECA848}"
EndProject
Project("{FAE04EC0-301F-11D3-BF4B-00C04F79EFBC}") = "Penguin.Web.Abstractions.Local", "..\Penguin.Web.Abstractions\Penguin.Web.Abstractions.Local.csproj", "{9F084463-5212-41E8-ADFB-53FF3D1DE76C}"
EndProject
Project("{FAE04EC0-301F-11D3-BF4B-00C04F79EFBC}") = "Penguin.Configuration.Local", "..\Penguin.Configuration\Penguin.Configuration.Local.csproj", "{2761BF09-C544-4E86-A3BA-699E2801F38E}"
EndProject
Project("{FAE04EC0-301F-11D3-BF4B-00C04F79EFBC}") = "Penguin.Configuration.Abstractions.Local", "..\Penguin.Configuration.Abstractions\Penguin.Configuration.Abstractions.Local.csproj", "{BFD69FCB-4515-49A0-A7AA-EB99A6761B11}"
EndProject
Project("{FAE04EC0-301F-11D3-BF4B-00C04F79EFBC}") = "Penguin.Messaging.Application.Local", "..\Penguin.Messaging.Application\Penguin.Messaging.Application.Local.csproj", "{2ADDC830-EA86-4802-89B2-46303E7291D1}"
EndProject
Project("{FAE04EC0-301F-11D3-BF4B-00C04F79EFBC}") = "Penguin.Testing.Local", "..\Penguin.Testing\Penguin.Testing.Local.csproj", "{2C4723B5-1467-47E0-A859-E349FF6DDE1B}"
EndProject
Project("{FAE04EC0-301F-11D3-BF4B-00C04F79EFBC}") = "Penguin.Web.Errors.Local", "..\Penguin.Web.Errors\Penguin.Web.Errors.Local.csproj", "{CA06D0D7-B432-4C7B-87C6-E5F488592B6F}"
EndProject
Project("{FAE04EC0-301F-11D3-BF4B-00C04F79EFBC}") = "Penguin.Files.Local", "..\Penguin.Files\Penguin.Files.Local.csproj", "{E90280FE-C439-4116-B1F0-E31579C1D6F6}"
EndProject
Project("{FAE04EC0-301F-11D3-BF4B-00C04F79EFBC}") = "Penguin.Files.Abstractions.Local", "..\Penguin.Files.Abstractions\Penguin.Files.Abstractions.Local.csproj", "{5B056333-C8F1-4B35-BBBB-AB2A8A622337}"
EndProject
Project("{FAE04EC0-301F-11D3-BF4B-00C04F79EFBC}") = "Penguin.Web.DependencyInjection.Local", "..\Penguin.Web.DependencyInjection\Penguin.Web.DependencyInjection.Local.csproj", "{DED58962-7F79-42EA-B2BB-DA9B663FBA08}"
EndProject
Project("{FAE04EC0-301F-11D3-BF4B-00C04F79EFBC}") = "Penguin.Web.Testing.Local", "..\Penguin.Web.Testing\Penguin.Web.Testing.Local.csproj", "{4E793550-E5E7-4996-9CF1-ADE607946FA1}"
EndProject
Project("{FAE04EC0-301F-11D3-BF4B-00C04F79EFBC}") = "Penguin.DependencyInjection.Local", "..\Penguin.DependencyInjection\Penguin.DependencyInjection.Local.csproj", "{5FBC4199-BCD3-4F1A-B867-2C8DDD058ABD}"
EndProject
Project("{FAE04EC0-301F-11D3-BF4B-00C04F79EFBC}") = "Penguin.Reflection.Serialization.Extensions.Local", "..\Penguin.Reflection.Serialization.Extensions\Penguin.Reflection.Serialization.Extensions.Local.csproj", "{F2C00FD9-2F10-416B-B740-D540D52BD3A1}"
EndProject
Project("{FAE04EC0-301F-11D3-BF4B-00C04F79EFBC}") = "Penguin.Persistence.Database.Local", "..\Penguin.Persistence.Database\Penguin.Persistence.Database.Local.csproj", "{51182244-78D9-4847-A28A-D01F43426D9F}"
EndProject
Project("{FAE04EC0-301F-11D3-BF4B-00C04F79EFBC}") = "Penguin.Threading.BackgroundWorker.Local", "..\Penguin.Threading.BackgroundWorker\Penguin.Threading.BackgroundWorker.Local.csproj", "{0778B8A6-8138-42A2-B86E-3874378E98BB}"
EndProject
Project("{FAE04EC0-301F-11D3-BF4B-00C04F79EFBC}") = "Penguin.Json.Local", "..\Penguin.Json\Penguin.Json.Local.csproj", "{785D502E-CD2F-46A5-AEB9-8B9ABB3101A1}"
EndProject
Project("{FAE04EC0-301F-11D3-BF4B-00C04F79EFBC}") = "Penguin.SystemExtensions.Abstractions.Local", "..\Penguin.SystemExtensions.Abstractions\Penguin.SystemExtensions.Abstractions.Local.csproj", "{FFE8E2D2-8E61-4D3F-8733-F0FCE3CF9208}"
EndProject
Project("{FAE04EC0-301F-11D3-BF4B-00C04F79EFBC}") = "Penguin.Json.Abstractions.Local", "..\Penguin.Json.Abstractions\Penguin.Json.Abstractions.Local.csproj", "{4FD8FBBF-FC46-4D61-B381-4FBC80734DA3}"
EndProject
Global
	GlobalSection(SolutionConfigurationPlatforms) = preSolution
		Debug|Any CPU = Debug|Any CPU
		Debug|x64 = Debug|x64
		Debug|x86 = Debug|x86
		Release|Any CPU = Release|Any CPU
		Release|x64 = Release|x64
		Release|x86 = Release|x86
	EndGlobalSection
	GlobalSection(SolutionProperties) = preSolution
		HideSolutionNode = FALSE
	EndGlobalSection
	GlobalSection(ProjectConfigurationPlatforms) = postSolution
		{1911F733-0BC1-4803-8927-41724AD9AEF6}.Debug|Any CPU.ActiveCfg = Debug|Any CPU
		{1911F733-0BC1-4803-8927-41724AD9AEF6}.Debug|Any CPU.Build.0 = Debug|Any CPU
		{1911F733-0BC1-4803-8927-41724AD9AEF6}.Debug|x64.ActiveCfg = Debug|Any CPU
		{1911F733-0BC1-4803-8927-41724AD9AEF6}.Debug|x64.Build.0 = Debug|Any CPU
		{1911F733-0BC1-4803-8927-41724AD9AEF6}.Debug|x86.ActiveCfg = Debug|Any CPU
		{1911F733-0BC1-4803-8927-41724AD9AEF6}.Debug|x86.Build.0 = Debug|Any CPU
		{1911F733-0BC1-4803-8927-41724AD9AEF6}.Release|Any CPU.ActiveCfg = Release|Any CPU
		{1911F733-0BC1-4803-8927-41724AD9AEF6}.Release|Any CPU.Build.0 = Release|Any CPU
		{1911F733-0BC1-4803-8927-41724AD9AEF6}.Release|x64.ActiveCfg = Release|Any CPU
		{1911F733-0BC1-4803-8927-41724AD9AEF6}.Release|x64.Build.0 = Release|Any CPU
		{1911F733-0BC1-4803-8927-41724AD9AEF6}.Release|x86.ActiveCfg = Release|Any CPU
		{1911F733-0BC1-4803-8927-41724AD9AEF6}.Release|x86.Build.0 = Release|Any CPU
		{DE18FA17-563D-4E2B-92AB-840277229B8F}.Debug|Any CPU.ActiveCfg = Debug|Any CPU
		{DE18FA17-563D-4E2B-92AB-840277229B8F}.Debug|Any CPU.Build.0 = Debug|Any CPU
		{DE18FA17-563D-4E2B-92AB-840277229B8F}.Debug|x64.ActiveCfg = Debug|Any CPU
		{DE18FA17-563D-4E2B-92AB-840277229B8F}.Debug|x64.Build.0 = Debug|Any CPU
		{DE18FA17-563D-4E2B-92AB-840277229B8F}.Debug|x86.ActiveCfg = Debug|Any CPU
		{DE18FA17-563D-4E2B-92AB-840277229B8F}.Debug|x86.Build.0 = Debug|Any CPU
		{DE18FA17-563D-4E2B-92AB-840277229B8F}.Release|Any CPU.ActiveCfg = Release|Any CPU
		{DE18FA17-563D-4E2B-92AB-840277229B8F}.Release|Any CPU.Build.0 = Release|Any CPU
		{DE18FA17-563D-4E2B-92AB-840277229B8F}.Release|x64.ActiveCfg = Release|Any CPU
		{DE18FA17-563D-4E2B-92AB-840277229B8F}.Release|x64.Build.0 = Release|Any CPU
		{DE18FA17-563D-4E2B-92AB-840277229B8F}.Release|x86.ActiveCfg = Release|Any CPU
		{DE18FA17-563D-4E2B-92AB-840277229B8F}.Release|x86.Build.0 = Release|Any CPU
		{AE7E8868-F82F-4DD1-8E67-A37E021575E5}.Debug|Any CPU.ActiveCfg = Debug|Any CPU
		{AE7E8868-F82F-4DD1-8E67-A37E021575E5}.Debug|Any CPU.Build.0 = Debug|Any CPU
		{AE7E8868-F82F-4DD1-8E67-A37E021575E5}.Debug|x64.ActiveCfg = Debug|Any CPU
		{AE7E8868-F82F-4DD1-8E67-A37E021575E5}.Debug|x64.Build.0 = Debug|Any CPU
		{AE7E8868-F82F-4DD1-8E67-A37E021575E5}.Debug|x86.ActiveCfg = Debug|Any CPU
		{AE7E8868-F82F-4DD1-8E67-A37E021575E5}.Debug|x86.Build.0 = Debug|Any CPU
		{AE7E8868-F82F-4DD1-8E67-A37E021575E5}.Release|Any CPU.ActiveCfg = Release|Any CPU
		{AE7E8868-F82F-4DD1-8E67-A37E021575E5}.Release|Any CPU.Build.0 = Release|Any CPU
		{AE7E8868-F82F-4DD1-8E67-A37E021575E5}.Release|x64.ActiveCfg = Release|Any CPU
		{AE7E8868-F82F-4DD1-8E67-A37E021575E5}.Release|x64.Build.0 = Release|Any CPU
		{AE7E8868-F82F-4DD1-8E67-A37E021575E5}.Release|x86.ActiveCfg = Release|Any CPU
		{AE7E8868-F82F-4DD1-8E67-A37E021575E5}.Release|x86.Build.0 = Release|Any CPU
		{82A5F436-1B42-492E-AD34-16CA21834C30}.Debug|Any CPU.ActiveCfg = Debug|Any CPU
		{82A5F436-1B42-492E-AD34-16CA21834C30}.Debug|Any CPU.Build.0 = Debug|Any CPU
		{82A5F436-1B42-492E-AD34-16CA21834C30}.Debug|x64.ActiveCfg = Debug|Any CPU
		{82A5F436-1B42-492E-AD34-16CA21834C30}.Debug|x64.Build.0 = Debug|Any CPU
		{82A5F436-1B42-492E-AD34-16CA21834C30}.Debug|x86.ActiveCfg = Debug|Any CPU
		{82A5F436-1B42-492E-AD34-16CA21834C30}.Debug|x86.Build.0 = Debug|Any CPU
		{82A5F436-1B42-492E-AD34-16CA21834C30}.Release|Any CPU.ActiveCfg = Release|Any CPU
		{82A5F436-1B42-492E-AD34-16CA21834C30}.Release|Any CPU.Build.0 = Release|Any CPU
		{82A5F436-1B42-492E-AD34-16CA21834C30}.Release|x64.ActiveCfg = Release|Any CPU
		{82A5F436-1B42-492E-AD34-16CA21834C30}.Release|x64.Build.0 = Release|Any CPU
		{82A5F436-1B42-492E-AD34-16CA21834C30}.Release|x86.ActiveCfg = Release|Any CPU
		{82A5F436-1B42-492E-AD34-16CA21834C30}.Release|x86.Build.0 = Release|Any CPU
		{6A8B9C04-2DBA-4267-BF01-1BFEBEFEFE95}.Debug|Any CPU.ActiveCfg = Debug|Any CPU
		{6A8B9C04-2DBA-4267-BF01-1BFEBEFEFE95}.Debug|Any CPU.Build.0 = Debug|Any CPU
		{6A8B9C04-2DBA-4267-BF01-1BFEBEFEFE95}.Debug|x64.ActiveCfg = Debug|Any CPU
		{6A8B9C04-2DBA-4267-BF01-1BFEBEFEFE95}.Debug|x64.Build.0 = Debug|Any CPU
		{6A8B9C04-2DBA-4267-BF01-1BFEBEFEFE95}.Debug|x86.ActiveCfg = Debug|Any CPU
		{6A8B9C04-2DBA-4267-BF01-1BFEBEFEFE95}.Debug|x86.Build.0 = Debug|Any CPU
		{6A8B9C04-2DBA-4267-BF01-1BFEBEFEFE95}.Release|Any CPU.ActiveCfg = Release|Any CPU
		{6A8B9C04-2DBA-4267-BF01-1BFEBEFEFE95}.Release|Any CPU.Build.0 = Release|Any CPU
		{6A8B9C04-2DBA-4267-BF01-1BFEBEFEFE95}.Release|x64.ActiveCfg = Release|Any CPU
		{6A8B9C04-2DBA-4267-BF01-1BFEBEFEFE95}.Release|x64.Build.0 = Release|Any CPU
		{6A8B9C04-2DBA-4267-BF01-1BFEBEFEFE95}.Release|x86.ActiveCfg = Release|Any CPU
		{6A8B9C04-2DBA-4267-BF01-1BFEBEFEFE95}.Release|x86.Build.0 = Release|Any CPU
		{2C29DAD2-63A3-4437-9649-30D22E474889}.Debug|Any CPU.ActiveCfg = Debug|Any CPU
		{2C29DAD2-63A3-4437-9649-30D22E474889}.Debug|Any CPU.Build.0 = Debug|Any CPU
		{2C29DAD2-63A3-4437-9649-30D22E474889}.Debug|x64.ActiveCfg = Debug|Any CPU
		{2C29DAD2-63A3-4437-9649-30D22E474889}.Debug|x64.Build.0 = Debug|Any CPU
		{2C29DAD2-63A3-4437-9649-30D22E474889}.Debug|x86.ActiveCfg = Debug|Any CPU
		{2C29DAD2-63A3-4437-9649-30D22E474889}.Debug|x86.Build.0 = Debug|Any CPU
		{2C29DAD2-63A3-4437-9649-30D22E474889}.Release|Any CPU.ActiveCfg = Release|Any CPU
		{2C29DAD2-63A3-4437-9649-30D22E474889}.Release|Any CPU.Build.0 = Release|Any CPU
		{2C29DAD2-63A3-4437-9649-30D22E474889}.Release|x64.ActiveCfg = Release|Any CPU
		{2C29DAD2-63A3-4437-9649-30D22E474889}.Release|x64.Build.0 = Release|Any CPU
		{2C29DAD2-63A3-4437-9649-30D22E474889}.Release|x86.ActiveCfg = Release|Any CPU
		{2C29DAD2-63A3-4437-9649-30D22E474889}.Release|x86.Build.0 = Release|Any CPU
		{0A50DBF2-9F33-4C30-9E81-E4EC6687D29E}.Debug|Any CPU.ActiveCfg = Debug|Any CPU
		{0A50DBF2-9F33-4C30-9E81-E4EC6687D29E}.Debug|Any CPU.Build.0 = Debug|Any CPU
		{0A50DBF2-9F33-4C30-9E81-E4EC6687D29E}.Debug|x64.ActiveCfg = Debug|Any CPU
		{0A50DBF2-9F33-4C30-9E81-E4EC6687D29E}.Debug|x64.Build.0 = Debug|Any CPU
		{0A50DBF2-9F33-4C30-9E81-E4EC6687D29E}.Debug|x86.ActiveCfg = Debug|Any CPU
		{0A50DBF2-9F33-4C30-9E81-E4EC6687D29E}.Debug|x86.Build.0 = Debug|Any CPU
		{0A50DBF2-9F33-4C30-9E81-E4EC6687D29E}.Release|Any CPU.ActiveCfg = Release|Any CPU
		{0A50DBF2-9F33-4C30-9E81-E4EC6687D29E}.Release|Any CPU.Build.0 = Release|Any CPU
		{0A50DBF2-9F33-4C30-9E81-E4EC6687D29E}.Release|x64.ActiveCfg = Release|Any CPU
		{0A50DBF2-9F33-4C30-9E81-E4EC6687D29E}.Release|x64.Build.0 = Release|Any CPU
		{0A50DBF2-9F33-4C30-9E81-E4EC6687D29E}.Release|x86.ActiveCfg = Release|Any CPU
		{0A50DBF2-9F33-4C30-9E81-E4EC6687D29E}.Release|x86.Build.0 = Release|Any CPU
		{D7D0D79A-16A8-4FF7-B129-8612162E3752}.Debug|Any CPU.ActiveCfg = Debug|Any CPU
		{D7D0D79A-16A8-4FF7-B129-8612162E3752}.Debug|Any CPU.Build.0 = Debug|Any CPU
		{D7D0D79A-16A8-4FF7-B129-8612162E3752}.Debug|x64.ActiveCfg = Debug|Any CPU
		{D7D0D79A-16A8-4FF7-B129-8612162E3752}.Debug|x64.Build.0 = Debug|Any CPU
		{D7D0D79A-16A8-4FF7-B129-8612162E3752}.Debug|x86.ActiveCfg = Debug|Any CPU
		{D7D0D79A-16A8-4FF7-B129-8612162E3752}.Debug|x86.Build.0 = Debug|Any CPU
		{D7D0D79A-16A8-4FF7-B129-8612162E3752}.Release|Any CPU.ActiveCfg = Release|Any CPU
		{D7D0D79A-16A8-4FF7-B129-8612162E3752}.Release|Any CPU.Build.0 = Release|Any CPU
		{D7D0D79A-16A8-4FF7-B129-8612162E3752}.Release|x64.ActiveCfg = Release|Any CPU
		{D7D0D79A-16A8-4FF7-B129-8612162E3752}.Release|x64.Build.0 = Release|Any CPU
		{D7D0D79A-16A8-4FF7-B129-8612162E3752}.Release|x86.ActiveCfg = Release|Any CPU
		{D7D0D79A-16A8-4FF7-B129-8612162E3752}.Release|x86.Build.0 = Release|Any CPU
		{49B753A0-BDDE-47DC-A418-FEA8C590E608}.Debug|Any CPU.ActiveCfg = Debug|Any CPU
		{49B753A0-BDDE-47DC-A418-FEA8C590E608}.Debug|Any CPU.Build.0 = Debug|Any CPU
		{49B753A0-BDDE-47DC-A418-FEA8C590E608}.Debug|x64.ActiveCfg = Debug|Any CPU
		{49B753A0-BDDE-47DC-A418-FEA8C590E608}.Debug|x64.Build.0 = Debug|Any CPU
		{49B753A0-BDDE-47DC-A418-FEA8C590E608}.Debug|x86.ActiveCfg = Debug|Any CPU
		{49B753A0-BDDE-47DC-A418-FEA8C590E608}.Debug|x86.Build.0 = Debug|Any CPU
		{49B753A0-BDDE-47DC-A418-FEA8C590E608}.Release|Any CPU.ActiveCfg = Release|Any CPU
		{49B753A0-BDDE-47DC-A418-FEA8C590E608}.Release|Any CPU.Build.0 = Release|Any CPU
		{49B753A0-BDDE-47DC-A418-FEA8C590E608}.Release|x64.ActiveCfg = Release|Any CPU
		{49B753A0-BDDE-47DC-A418-FEA8C590E608}.Release|x64.Build.0 = Release|Any CPU
		{49B753A0-BDDE-47DC-A418-FEA8C590E608}.Release|x86.ActiveCfg = Release|Any CPU
		{49B753A0-BDDE-47DC-A418-FEA8C590E608}.Release|x86.Build.0 = Release|Any CPU
		{5BE871E6-E826-48AA-9A33-D27622E59330}.Debug|Any CPU.ActiveCfg = Debug|Any CPU
		{5BE871E6-E826-48AA-9A33-D27622E59330}.Debug|Any CPU.Build.0 = Debug|Any CPU
		{5BE871E6-E826-48AA-9A33-D27622E59330}.Debug|x64.ActiveCfg = Debug|Any CPU
		{5BE871E6-E826-48AA-9A33-D27622E59330}.Debug|x64.Build.0 = Debug|Any CPU
		{5BE871E6-E826-48AA-9A33-D27622E59330}.Debug|x86.ActiveCfg = Debug|Any CPU
		{5BE871E6-E826-48AA-9A33-D27622E59330}.Debug|x86.Build.0 = Debug|Any CPU
		{5BE871E6-E826-48AA-9A33-D27622E59330}.Release|Any CPU.ActiveCfg = Release|Any CPU
		{5BE871E6-E826-48AA-9A33-D27622E59330}.Release|Any CPU.Build.0 = Release|Any CPU
		{5BE871E6-E826-48AA-9A33-D27622E59330}.Release|x64.ActiveCfg = Release|Any CPU
		{5BE871E6-E826-48AA-9A33-D27622E59330}.Release|x64.Build.0 = Release|Any CPU
		{5BE871E6-E826-48AA-9A33-D27622E59330}.Release|x86.ActiveCfg = Release|Any CPU
		{5BE871E6-E826-48AA-9A33-D27622E59330}.Release|x86.Build.0 = Release|Any CPU
		{9C281CE9-D16C-4BC3-96B9-205283BA60BA}.Debug|Any CPU.ActiveCfg = Debug|Any CPU
		{9C281CE9-D16C-4BC3-96B9-205283BA60BA}.Debug|Any CPU.Build.0 = Debug|Any CPU
		{9C281CE9-D16C-4BC3-96B9-205283BA60BA}.Debug|x64.ActiveCfg = Debug|Any CPU
		{9C281CE9-D16C-4BC3-96B9-205283BA60BA}.Debug|x64.Build.0 = Debug|Any CPU
		{9C281CE9-D16C-4BC3-96B9-205283BA60BA}.Debug|x86.ActiveCfg = Debug|Any CPU
		{9C281CE9-D16C-4BC3-96B9-205283BA60BA}.Debug|x86.Build.0 = Debug|Any CPU
		{9C281CE9-D16C-4BC3-96B9-205283BA60BA}.Release|Any CPU.ActiveCfg = Release|Any CPU
		{9C281CE9-D16C-4BC3-96B9-205283BA60BA}.Release|Any CPU.Build.0 = Release|Any CPU
		{9C281CE9-D16C-4BC3-96B9-205283BA60BA}.Release|x64.ActiveCfg = Release|Any CPU
		{9C281CE9-D16C-4BC3-96B9-205283BA60BA}.Release|x64.Build.0 = Release|Any CPU
		{9C281CE9-D16C-4BC3-96B9-205283BA60BA}.Release|x86.ActiveCfg = Release|Any CPU
		{9C281CE9-D16C-4BC3-96B9-205283BA60BA}.Release|x86.Build.0 = Release|Any CPU
		{26FD637F-3466-456D-ADB8-1CB73ADD83F6}.Debug|Any CPU.ActiveCfg = Debug|Any CPU
		{26FD637F-3466-456D-ADB8-1CB73ADD83F6}.Debug|Any CPU.Build.0 = Debug|Any CPU
		{26FD637F-3466-456D-ADB8-1CB73ADD83F6}.Debug|x64.ActiveCfg = Debug|Any CPU
		{26FD637F-3466-456D-ADB8-1CB73ADD83F6}.Debug|x64.Build.0 = Debug|Any CPU
		{26FD637F-3466-456D-ADB8-1CB73ADD83F6}.Debug|x86.ActiveCfg = Debug|Any CPU
		{26FD637F-3466-456D-ADB8-1CB73ADD83F6}.Debug|x86.Build.0 = Debug|Any CPU
		{26FD637F-3466-456D-ADB8-1CB73ADD83F6}.Release|Any CPU.ActiveCfg = Release|Any CPU
		{26FD637F-3466-456D-ADB8-1CB73ADD83F6}.Release|Any CPU.Build.0 = Release|Any CPU
		{26FD637F-3466-456D-ADB8-1CB73ADD83F6}.Release|x64.ActiveCfg = Release|Any CPU
		{26FD637F-3466-456D-ADB8-1CB73ADD83F6}.Release|x64.Build.0 = Release|Any CPU
		{26FD637F-3466-456D-ADB8-1CB73ADD83F6}.Release|x86.ActiveCfg = Release|Any CPU
		{26FD637F-3466-456D-ADB8-1CB73ADD83F6}.Release|x86.Build.0 = Release|Any CPU
		{FF24A823-2DFA-42BA-A3AC-BB19727A9474}.Debug|Any CPU.ActiveCfg = Debug|Any CPU
		{FF24A823-2DFA-42BA-A3AC-BB19727A9474}.Debug|Any CPU.Build.0 = Debug|Any CPU
		{FF24A823-2DFA-42BA-A3AC-BB19727A9474}.Debug|x64.ActiveCfg = Debug|Any CPU
		{FF24A823-2DFA-42BA-A3AC-BB19727A9474}.Debug|x64.Build.0 = Debug|Any CPU
		{FF24A823-2DFA-42BA-A3AC-BB19727A9474}.Debug|x86.ActiveCfg = Debug|Any CPU
		{FF24A823-2DFA-42BA-A3AC-BB19727A9474}.Debug|x86.Build.0 = Debug|Any CPU
		{FF24A823-2DFA-42BA-A3AC-BB19727A9474}.Release|Any CPU.ActiveCfg = Release|Any CPU
		{FF24A823-2DFA-42BA-A3AC-BB19727A9474}.Release|Any CPU.Build.0 = Release|Any CPU
		{FF24A823-2DFA-42BA-A3AC-BB19727A9474}.Release|x64.ActiveCfg = Release|Any CPU
		{FF24A823-2DFA-42BA-A3AC-BB19727A9474}.Release|x64.Build.0 = Release|Any CPU
		{FF24A823-2DFA-42BA-A3AC-BB19727A9474}.Release|x86.ActiveCfg = Release|Any CPU
		{FF24A823-2DFA-42BA-A3AC-BB19727A9474}.Release|x86.Build.0 = Release|Any CPU
		{FF54BE40-37C2-41F0-B80E-2B7670CA9CE3}.Debug|Any CPU.ActiveCfg = Debug|Any CPU
		{FF54BE40-37C2-41F0-B80E-2B7670CA9CE3}.Debug|Any CPU.Build.0 = Debug|Any CPU
		{FF54BE40-37C2-41F0-B80E-2B7670CA9CE3}.Debug|x64.ActiveCfg = Debug|Any CPU
		{FF54BE40-37C2-41F0-B80E-2B7670CA9CE3}.Debug|x64.Build.0 = Debug|Any CPU
		{FF54BE40-37C2-41F0-B80E-2B7670CA9CE3}.Debug|x86.ActiveCfg = Debug|Any CPU
		{FF54BE40-37C2-41F0-B80E-2B7670CA9CE3}.Debug|x86.Build.0 = Debug|Any CPU
		{FF54BE40-37C2-41F0-B80E-2B7670CA9CE3}.Release|Any CPU.ActiveCfg = Release|Any CPU
		{FF54BE40-37C2-41F0-B80E-2B7670CA9CE3}.Release|Any CPU.Build.0 = Release|Any CPU
		{FF54BE40-37C2-41F0-B80E-2B7670CA9CE3}.Release|x64.ActiveCfg = Release|Any CPU
		{FF54BE40-37C2-41F0-B80E-2B7670CA9CE3}.Release|x64.Build.0 = Release|Any CPU
		{FF54BE40-37C2-41F0-B80E-2B7670CA9CE3}.Release|x86.ActiveCfg = Release|Any CPU
		{FF54BE40-37C2-41F0-B80E-2B7670CA9CE3}.Release|x86.Build.0 = Release|Any CPU
		{AA87471A-69D7-4E00-A13B-A45F084BBA7A}.Debug|Any CPU.ActiveCfg = Debug|Any CPU
		{AA87471A-69D7-4E00-A13B-A45F084BBA7A}.Debug|Any CPU.Build.0 = Debug|Any CPU
		{AA87471A-69D7-4E00-A13B-A45F084BBA7A}.Debug|x64.ActiveCfg = Debug|Any CPU
		{AA87471A-69D7-4E00-A13B-A45F084BBA7A}.Debug|x64.Build.0 = Debug|Any CPU
		{AA87471A-69D7-4E00-A13B-A45F084BBA7A}.Debug|x86.ActiveCfg = Debug|Any CPU
		{AA87471A-69D7-4E00-A13B-A45F084BBA7A}.Debug|x86.Build.0 = Debug|Any CPU
		{AA87471A-69D7-4E00-A13B-A45F084BBA7A}.Release|Any CPU.ActiveCfg = Release|Any CPU
		{AA87471A-69D7-4E00-A13B-A45F084BBA7A}.Release|Any CPU.Build.0 = Release|Any CPU
		{AA87471A-69D7-4E00-A13B-A45F084BBA7A}.Release|x64.ActiveCfg = Release|Any CPU
		{AA87471A-69D7-4E00-A13B-A45F084BBA7A}.Release|x64.Build.0 = Release|Any CPU
		{AA87471A-69D7-4E00-A13B-A45F084BBA7A}.Release|x86.ActiveCfg = Release|Any CPU
		{AA87471A-69D7-4E00-A13B-A45F084BBA7A}.Release|x86.Build.0 = Release|Any CPU
		{ED45CED6-7033-4E6A-AB00-78E2E1AF7BF7}.Debug|Any CPU.ActiveCfg = Debug|Any CPU
		{ED45CED6-7033-4E6A-AB00-78E2E1AF7BF7}.Debug|Any CPU.Build.0 = Debug|Any CPU
		{ED45CED6-7033-4E6A-AB00-78E2E1AF7BF7}.Debug|x64.ActiveCfg = Debug|Any CPU
		{ED45CED6-7033-4E6A-AB00-78E2E1AF7BF7}.Debug|x64.Build.0 = Debug|Any CPU
		{ED45CED6-7033-4E6A-AB00-78E2E1AF7BF7}.Debug|x86.ActiveCfg = Debug|Any CPU
		{ED45CED6-7033-4E6A-AB00-78E2E1AF7BF7}.Debug|x86.Build.0 = Debug|Any CPU
		{ED45CED6-7033-4E6A-AB00-78E2E1AF7BF7}.Release|Any CPU.ActiveCfg = Release|Any CPU
		{ED45CED6-7033-4E6A-AB00-78E2E1AF7BF7}.Release|Any CPU.Build.0 = Release|Any CPU
		{ED45CED6-7033-4E6A-AB00-78E2E1AF7BF7}.Release|x64.ActiveCfg = Release|Any CPU
		{ED45CED6-7033-4E6A-AB00-78E2E1AF7BF7}.Release|x64.Build.0 = Release|Any CPU
		{ED45CED6-7033-4E6A-AB00-78E2E1AF7BF7}.Release|x86.ActiveCfg = Release|Any CPU
		{ED45CED6-7033-4E6A-AB00-78E2E1AF7BF7}.Release|x86.Build.0 = Release|Any CPU
		{7142984D-280E-4994-A3CC-F74626C4A416}.Debug|Any CPU.ActiveCfg = Debug|Any CPU
		{7142984D-280E-4994-A3CC-F74626C4A416}.Debug|Any CPU.Build.0 = Debug|Any CPU
		{7142984D-280E-4994-A3CC-F74626C4A416}.Debug|x64.ActiveCfg = Debug|Any CPU
		{7142984D-280E-4994-A3CC-F74626C4A416}.Debug|x64.Build.0 = Debug|Any CPU
		{7142984D-280E-4994-A3CC-F74626C4A416}.Debug|x86.ActiveCfg = Debug|Any CPU
		{7142984D-280E-4994-A3CC-F74626C4A416}.Debug|x86.Build.0 = Debug|Any CPU
		{7142984D-280E-4994-A3CC-F74626C4A416}.Release|Any CPU.ActiveCfg = Release|Any CPU
		{7142984D-280E-4994-A3CC-F74626C4A416}.Release|Any CPU.Build.0 = Release|Any CPU
		{7142984D-280E-4994-A3CC-F74626C4A416}.Release|x64.ActiveCfg = Release|Any CPU
		{7142984D-280E-4994-A3CC-F74626C4A416}.Release|x64.Build.0 = Release|Any CPU
		{7142984D-280E-4994-A3CC-F74626C4A416}.Release|x86.ActiveCfg = Release|Any CPU
		{7142984D-280E-4994-A3CC-F74626C4A416}.Release|x86.Build.0 = Release|Any CPU
		{B69725B9-5701-412A-97B2-ED2B2976C03C}.Debug|Any CPU.ActiveCfg = Debug|Any CPU
		{B69725B9-5701-412A-97B2-ED2B2976C03C}.Debug|Any CPU.Build.0 = Debug|Any CPU
		{B69725B9-5701-412A-97B2-ED2B2976C03C}.Debug|x64.ActiveCfg = Debug|Any CPU
		{B69725B9-5701-412A-97B2-ED2B2976C03C}.Debug|x64.Build.0 = Debug|Any CPU
		{B69725B9-5701-412A-97B2-ED2B2976C03C}.Debug|x86.ActiveCfg = Debug|Any CPU
		{B69725B9-5701-412A-97B2-ED2B2976C03C}.Debug|x86.Build.0 = Debug|Any CPU
		{B69725B9-5701-412A-97B2-ED2B2976C03C}.Release|Any CPU.ActiveCfg = Release|Any CPU
		{B69725B9-5701-412A-97B2-ED2B2976C03C}.Release|Any CPU.Build.0 = Release|Any CPU
		{B69725B9-5701-412A-97B2-ED2B2976C03C}.Release|x64.ActiveCfg = Release|Any CPU
		{B69725B9-5701-412A-97B2-ED2B2976C03C}.Release|x64.Build.0 = Release|Any CPU
		{B69725B9-5701-412A-97B2-ED2B2976C03C}.Release|x86.ActiveCfg = Release|Any CPU
		{B69725B9-5701-412A-97B2-ED2B2976C03C}.Release|x86.Build.0 = Release|Any CPU
		{144B52B2-D44B-48DE-BD3B-3DACFB541DBC}.Debug|Any CPU.ActiveCfg = Debug|Any CPU
		{144B52B2-D44B-48DE-BD3B-3DACFB541DBC}.Debug|Any CPU.Build.0 = Debug|Any CPU
		{144B52B2-D44B-48DE-BD3B-3DACFB541DBC}.Debug|x64.ActiveCfg = Debug|Any CPU
		{144B52B2-D44B-48DE-BD3B-3DACFB541DBC}.Debug|x64.Build.0 = Debug|Any CPU
		{144B52B2-D44B-48DE-BD3B-3DACFB541DBC}.Debug|x86.ActiveCfg = Debug|Any CPU
		{144B52B2-D44B-48DE-BD3B-3DACFB541DBC}.Debug|x86.Build.0 = Debug|Any CPU
		{144B52B2-D44B-48DE-BD3B-3DACFB541DBC}.Release|Any CPU.ActiveCfg = Release|Any CPU
		{144B52B2-D44B-48DE-BD3B-3DACFB541DBC}.Release|Any CPU.Build.0 = Release|Any CPU
		{144B52B2-D44B-48DE-BD3B-3DACFB541DBC}.Release|x64.ActiveCfg = Release|Any CPU
		{144B52B2-D44B-48DE-BD3B-3DACFB541DBC}.Release|x64.Build.0 = Release|Any CPU
		{144B52B2-D44B-48DE-BD3B-3DACFB541DBC}.Release|x86.ActiveCfg = Release|Any CPU
		{144B52B2-D44B-48DE-BD3B-3DACFB541DBC}.Release|x86.Build.0 = Release|Any CPU
		{4A4316A3-39D7-4000-B4A9-FE2F9E55268F}.Debug|Any CPU.ActiveCfg = Debug|Any CPU
		{4A4316A3-39D7-4000-B4A9-FE2F9E55268F}.Debug|Any CPU.Build.0 = Debug|Any CPU
		{4A4316A3-39D7-4000-B4A9-FE2F9E55268F}.Debug|x64.ActiveCfg = Debug|Any CPU
		{4A4316A3-39D7-4000-B4A9-FE2F9E55268F}.Debug|x64.Build.0 = Debug|Any CPU
		{4A4316A3-39D7-4000-B4A9-FE2F9E55268F}.Debug|x86.ActiveCfg = Debug|Any CPU
		{4A4316A3-39D7-4000-B4A9-FE2F9E55268F}.Debug|x86.Build.0 = Debug|Any CPU
		{4A4316A3-39D7-4000-B4A9-FE2F9E55268F}.Release|Any CPU.ActiveCfg = Release|Any CPU
		{4A4316A3-39D7-4000-B4A9-FE2F9E55268F}.Release|Any CPU.Build.0 = Release|Any CPU
		{4A4316A3-39D7-4000-B4A9-FE2F9E55268F}.Release|x64.ActiveCfg = Release|Any CPU
		{4A4316A3-39D7-4000-B4A9-FE2F9E55268F}.Release|x64.Build.0 = Release|Any CPU
		{4A4316A3-39D7-4000-B4A9-FE2F9E55268F}.Release|x86.ActiveCfg = Release|Any CPU
		{4A4316A3-39D7-4000-B4A9-FE2F9E55268F}.Release|x86.Build.0 = Release|Any CPU
		{FE4D2BFA-05D0-4F29-ADD7-4BD1F1146E8F}.Debug|Any CPU.ActiveCfg = Debug|Any CPU
		{FE4D2BFA-05D0-4F29-ADD7-4BD1F1146E8F}.Debug|Any CPU.Build.0 = Debug|Any CPU
		{FE4D2BFA-05D0-4F29-ADD7-4BD1F1146E8F}.Debug|x64.ActiveCfg = Debug|Any CPU
		{FE4D2BFA-05D0-4F29-ADD7-4BD1F1146E8F}.Debug|x64.Build.0 = Debug|Any CPU
		{FE4D2BFA-05D0-4F29-ADD7-4BD1F1146E8F}.Debug|x86.ActiveCfg = Debug|Any CPU
		{FE4D2BFA-05D0-4F29-ADD7-4BD1F1146E8F}.Debug|x86.Build.0 = Debug|Any CPU
		{FE4D2BFA-05D0-4F29-ADD7-4BD1F1146E8F}.Release|Any CPU.ActiveCfg = Release|Any CPU
		{FE4D2BFA-05D0-4F29-ADD7-4BD1F1146E8F}.Release|Any CPU.Build.0 = Release|Any CPU
		{FE4D2BFA-05D0-4F29-ADD7-4BD1F1146E8F}.Release|x64.ActiveCfg = Release|Any CPU
		{FE4D2BFA-05D0-4F29-ADD7-4BD1F1146E8F}.Release|x64.Build.0 = Release|Any CPU
		{FE4D2BFA-05D0-4F29-ADD7-4BD1F1146E8F}.Release|x86.ActiveCfg = Release|Any CPU
		{FE4D2BFA-05D0-4F29-ADD7-4BD1F1146E8F}.Release|x86.Build.0 = Release|Any CPU
		{941DEF6C-2E5A-45A8-A26B-32535E2725F4}.Debug|Any CPU.ActiveCfg = Debug|Any CPU
		{941DEF6C-2E5A-45A8-A26B-32535E2725F4}.Debug|Any CPU.Build.0 = Debug|Any CPU
		{941DEF6C-2E5A-45A8-A26B-32535E2725F4}.Debug|x64.ActiveCfg = Debug|Any CPU
		{941DEF6C-2E5A-45A8-A26B-32535E2725F4}.Debug|x64.Build.0 = Debug|Any CPU
		{941DEF6C-2E5A-45A8-A26B-32535E2725F4}.Debug|x86.ActiveCfg = Debug|Any CPU
		{941DEF6C-2E5A-45A8-A26B-32535E2725F4}.Debug|x86.Build.0 = Debug|Any CPU
		{941DEF6C-2E5A-45A8-A26B-32535E2725F4}.Release|Any CPU.ActiveCfg = Release|Any CPU
		{941DEF6C-2E5A-45A8-A26B-32535E2725F4}.Release|Any CPU.Build.0 = Release|Any CPU
		{941DEF6C-2E5A-45A8-A26B-32535E2725F4}.Release|x64.ActiveCfg = Release|Any CPU
		{941DEF6C-2E5A-45A8-A26B-32535E2725F4}.Release|x64.Build.0 = Release|Any CPU
		{941DEF6C-2E5A-45A8-A26B-32535E2725F4}.Release|x86.ActiveCfg = Release|Any CPU
		{941DEF6C-2E5A-45A8-A26B-32535E2725F4}.Release|x86.Build.0 = Release|Any CPU
		{BFB379DE-CE07-4B35-9601-813379B44047}.Debug|Any CPU.ActiveCfg = Debug|Any CPU
		{BFB379DE-CE07-4B35-9601-813379B44047}.Debug|Any CPU.Build.0 = Debug|Any CPU
		{BFB379DE-CE07-4B35-9601-813379B44047}.Debug|x64.ActiveCfg = Debug|Any CPU
		{BFB379DE-CE07-4B35-9601-813379B44047}.Debug|x64.Build.0 = Debug|Any CPU
		{BFB379DE-CE07-4B35-9601-813379B44047}.Debug|x86.ActiveCfg = Debug|Any CPU
		{BFB379DE-CE07-4B35-9601-813379B44047}.Debug|x86.Build.0 = Debug|Any CPU
		{BFB379DE-CE07-4B35-9601-813379B44047}.Release|Any CPU.ActiveCfg = Release|Any CPU
		{BFB379DE-CE07-4B35-9601-813379B44047}.Release|Any CPU.Build.0 = Release|Any CPU
		{BFB379DE-CE07-4B35-9601-813379B44047}.Release|x64.ActiveCfg = Release|Any CPU
		{BFB379DE-CE07-4B35-9601-813379B44047}.Release|x64.Build.0 = Release|Any CPU
		{BFB379DE-CE07-4B35-9601-813379B44047}.Release|x86.ActiveCfg = Release|Any CPU
		{BFB379DE-CE07-4B35-9601-813379B44047}.Release|x86.Build.0 = Release|Any CPU
		{8D25D456-7972-4D12-8460-FB3F80D9A4FA}.Debug|Any CPU.ActiveCfg = Debug|Any CPU
		{8D25D456-7972-4D12-8460-FB3F80D9A4FA}.Debug|Any CPU.Build.0 = Debug|Any CPU
		{8D25D456-7972-4D12-8460-FB3F80D9A4FA}.Debug|x64.ActiveCfg = Debug|Any CPU
		{8D25D456-7972-4D12-8460-FB3F80D9A4FA}.Debug|x64.Build.0 = Debug|Any CPU
		{8D25D456-7972-4D12-8460-FB3F80D9A4FA}.Debug|x86.ActiveCfg = Debug|Any CPU
		{8D25D456-7972-4D12-8460-FB3F80D9A4FA}.Debug|x86.Build.0 = Debug|Any CPU
		{8D25D456-7972-4D12-8460-FB3F80D9A4FA}.Release|Any CPU.ActiveCfg = Release|Any CPU
		{8D25D456-7972-4D12-8460-FB3F80D9A4FA}.Release|Any CPU.Build.0 = Release|Any CPU
		{8D25D456-7972-4D12-8460-FB3F80D9A4FA}.Release|x64.ActiveCfg = Release|Any CPU
		{8D25D456-7972-4D12-8460-FB3F80D9A4FA}.Release|x64.Build.0 = Release|Any CPU
		{8D25D456-7972-4D12-8460-FB3F80D9A4FA}.Release|x86.ActiveCfg = Release|Any CPU
		{8D25D456-7972-4D12-8460-FB3F80D9A4FA}.Release|x86.Build.0 = Release|Any CPU
		{5A484DA2-3B23-4926-BDBA-8353B7F4CF7E}.Debug|Any CPU.ActiveCfg = Debug|Any CPU
		{5A484DA2-3B23-4926-BDBA-8353B7F4CF7E}.Debug|Any CPU.Build.0 = Debug|Any CPU
		{5A484DA2-3B23-4926-BDBA-8353B7F4CF7E}.Debug|x64.ActiveCfg = Debug|Any CPU
		{5A484DA2-3B23-4926-BDBA-8353B7F4CF7E}.Debug|x64.Build.0 = Debug|Any CPU
		{5A484DA2-3B23-4926-BDBA-8353B7F4CF7E}.Debug|x86.ActiveCfg = Debug|Any CPU
		{5A484DA2-3B23-4926-BDBA-8353B7F4CF7E}.Debug|x86.Build.0 = Debug|Any CPU
		{5A484DA2-3B23-4926-BDBA-8353B7F4CF7E}.Release|Any CPU.ActiveCfg = Release|Any CPU
		{5A484DA2-3B23-4926-BDBA-8353B7F4CF7E}.Release|Any CPU.Build.0 = Release|Any CPU
		{5A484DA2-3B23-4926-BDBA-8353B7F4CF7E}.Release|x64.ActiveCfg = Release|Any CPU
		{5A484DA2-3B23-4926-BDBA-8353B7F4CF7E}.Release|x64.Build.0 = Release|Any CPU
		{5A484DA2-3B23-4926-BDBA-8353B7F4CF7E}.Release|x86.ActiveCfg = Release|Any CPU
		{5A484DA2-3B23-4926-BDBA-8353B7F4CF7E}.Release|x86.Build.0 = Release|Any CPU
		{DD938C61-A6F1-45FE-8750-B9FA56FA8F3A}.Debug|Any CPU.ActiveCfg = Debug|Any CPU
		{DD938C61-A6F1-45FE-8750-B9FA56FA8F3A}.Debug|Any CPU.Build.0 = Debug|Any CPU
		{DD938C61-A6F1-45FE-8750-B9FA56FA8F3A}.Debug|x64.ActiveCfg = Debug|Any CPU
		{DD938C61-A6F1-45FE-8750-B9FA56FA8F3A}.Debug|x64.Build.0 = Debug|Any CPU
		{DD938C61-A6F1-45FE-8750-B9FA56FA8F3A}.Debug|x86.ActiveCfg = Debug|Any CPU
		{DD938C61-A6F1-45FE-8750-B9FA56FA8F3A}.Debug|x86.Build.0 = Debug|Any CPU
		{DD938C61-A6F1-45FE-8750-B9FA56FA8F3A}.Release|Any CPU.ActiveCfg = Release|Any CPU
		{DD938C61-A6F1-45FE-8750-B9FA56FA8F3A}.Release|Any CPU.Build.0 = Release|Any CPU
		{DD938C61-A6F1-45FE-8750-B9FA56FA8F3A}.Release|x64.ActiveCfg = Release|Any CPU
		{DD938C61-A6F1-45FE-8750-B9FA56FA8F3A}.Release|x64.Build.0 = Release|Any CPU
		{DD938C61-A6F1-45FE-8750-B9FA56FA8F3A}.Release|x86.ActiveCfg = Release|Any CPU
		{DD938C61-A6F1-45FE-8750-B9FA56FA8F3A}.Release|x86.Build.0 = Release|Any CPU
		{C488490A-D89E-49BE-9D70-4212A6A1A4E5}.Debug|Any CPU.ActiveCfg = Debug|Any CPU
		{C488490A-D89E-49BE-9D70-4212A6A1A4E5}.Debug|Any CPU.Build.0 = Debug|Any CPU
		{C488490A-D89E-49BE-9D70-4212A6A1A4E5}.Debug|x64.ActiveCfg = Debug|Any CPU
		{C488490A-D89E-49BE-9D70-4212A6A1A4E5}.Debug|x64.Build.0 = Debug|Any CPU
		{C488490A-D89E-49BE-9D70-4212A6A1A4E5}.Debug|x86.ActiveCfg = Debug|Any CPU
		{C488490A-D89E-49BE-9D70-4212A6A1A4E5}.Debug|x86.Build.0 = Debug|Any CPU
		{C488490A-D89E-49BE-9D70-4212A6A1A4E5}.Release|Any CPU.ActiveCfg = Release|Any CPU
		{C488490A-D89E-49BE-9D70-4212A6A1A4E5}.Release|Any CPU.Build.0 = Release|Any CPU
		{C488490A-D89E-49BE-9D70-4212A6A1A4E5}.Release|x64.ActiveCfg = Release|Any CPU
		{C488490A-D89E-49BE-9D70-4212A6A1A4E5}.Release|x64.Build.0 = Release|Any CPU
		{C488490A-D89E-49BE-9D70-4212A6A1A4E5}.Release|x86.ActiveCfg = Release|Any CPU
		{C488490A-D89E-49BE-9D70-4212A6A1A4E5}.Release|x86.Build.0 = Release|Any CPU
		{C5F5D86F-B00C-4E42-9D21-F32EC6864E72}.Debug|Any CPU.ActiveCfg = Debug|Any CPU
		{C5F5D86F-B00C-4E42-9D21-F32EC6864E72}.Debug|Any CPU.Build.0 = Debug|Any CPU
		{C5F5D86F-B00C-4E42-9D21-F32EC6864E72}.Debug|x64.ActiveCfg = Debug|Any CPU
		{C5F5D86F-B00C-4E42-9D21-F32EC6864E72}.Debug|x64.Build.0 = Debug|Any CPU
		{C5F5D86F-B00C-4E42-9D21-F32EC6864E72}.Debug|x86.ActiveCfg = Debug|Any CPU
		{C5F5D86F-B00C-4E42-9D21-F32EC6864E72}.Debug|x86.Build.0 = Debug|Any CPU
		{C5F5D86F-B00C-4E42-9D21-F32EC6864E72}.Release|Any CPU.ActiveCfg = Release|Any CPU
		{C5F5D86F-B00C-4E42-9D21-F32EC6864E72}.Release|Any CPU.Build.0 = Release|Any CPU
		{C5F5D86F-B00C-4E42-9D21-F32EC6864E72}.Release|x64.ActiveCfg = Release|Any CPU
		{C5F5D86F-B00C-4E42-9D21-F32EC6864E72}.Release|x64.Build.0 = Release|Any CPU
		{C5F5D86F-B00C-4E42-9D21-F32EC6864E72}.Release|x86.ActiveCfg = Release|Any CPU
		{C5F5D86F-B00C-4E42-9D21-F32EC6864E72}.Release|x86.Build.0 = Release|Any CPU
		{3030C43F-B6AF-4315-B868-A57C13D6231B}.Debug|Any CPU.ActiveCfg = Debug|Any CPU
		{3030C43F-B6AF-4315-B868-A57C13D6231B}.Debug|Any CPU.Build.0 = Debug|Any CPU
		{3030C43F-B6AF-4315-B868-A57C13D6231B}.Debug|x64.ActiveCfg = Debug|Any CPU
		{3030C43F-B6AF-4315-B868-A57C13D6231B}.Debug|x64.Build.0 = Debug|Any CPU
		{3030C43F-B6AF-4315-B868-A57C13D6231B}.Debug|x86.ActiveCfg = Debug|Any CPU
		{3030C43F-B6AF-4315-B868-A57C13D6231B}.Debug|x86.Build.0 = Debug|Any CPU
		{3030C43F-B6AF-4315-B868-A57C13D6231B}.Release|Any CPU.ActiveCfg = Release|Any CPU
		{3030C43F-B6AF-4315-B868-A57C13D6231B}.Release|Any CPU.Build.0 = Release|Any CPU
		{3030C43F-B6AF-4315-B868-A57C13D6231B}.Release|x64.ActiveCfg = Release|Any CPU
		{3030C43F-B6AF-4315-B868-A57C13D6231B}.Release|x64.Build.0 = Release|Any CPU
		{3030C43F-B6AF-4315-B868-A57C13D6231B}.Release|x86.ActiveCfg = Release|Any CPU
		{3030C43F-B6AF-4315-B868-A57C13D6231B}.Release|x86.Build.0 = Release|Any CPU
		{0A3A62B9-4414-4C42-A744-21CAE59ADFBE}.Debug|Any CPU.ActiveCfg = Debug|Any CPU
		{0A3A62B9-4414-4C42-A744-21CAE59ADFBE}.Debug|Any CPU.Build.0 = Debug|Any CPU
		{0A3A62B9-4414-4C42-A744-21CAE59ADFBE}.Debug|x64.ActiveCfg = Debug|Any CPU
		{0A3A62B9-4414-4C42-A744-21CAE59ADFBE}.Debug|x64.Build.0 = Debug|Any CPU
		{0A3A62B9-4414-4C42-A744-21CAE59ADFBE}.Debug|x86.ActiveCfg = Debug|Any CPU
		{0A3A62B9-4414-4C42-A744-21CAE59ADFBE}.Debug|x86.Build.0 = Debug|Any CPU
		{0A3A62B9-4414-4C42-A744-21CAE59ADFBE}.Release|Any CPU.ActiveCfg = Release|Any CPU
		{0A3A62B9-4414-4C42-A744-21CAE59ADFBE}.Release|Any CPU.Build.0 = Release|Any CPU
		{0A3A62B9-4414-4C42-A744-21CAE59ADFBE}.Release|x64.ActiveCfg = Release|Any CPU
		{0A3A62B9-4414-4C42-A744-21CAE59ADFBE}.Release|x64.Build.0 = Release|Any CPU
		{0A3A62B9-4414-4C42-A744-21CAE59ADFBE}.Release|x86.ActiveCfg = Release|Any CPU
		{0A3A62B9-4414-4C42-A744-21CAE59ADFBE}.Release|x86.Build.0 = Release|Any CPU
		{09CC19CD-9105-4C51-9BAF-9865077912D8}.Debug|Any CPU.ActiveCfg = Debug|Any CPU
		{09CC19CD-9105-4C51-9BAF-9865077912D8}.Debug|Any CPU.Build.0 = Debug|Any CPU
		{09CC19CD-9105-4C51-9BAF-9865077912D8}.Debug|x64.ActiveCfg = Debug|Any CPU
		{09CC19CD-9105-4C51-9BAF-9865077912D8}.Debug|x64.Build.0 = Debug|Any CPU
		{09CC19CD-9105-4C51-9BAF-9865077912D8}.Debug|x86.ActiveCfg = Debug|Any CPU
		{09CC19CD-9105-4C51-9BAF-9865077912D8}.Debug|x86.Build.0 = Debug|Any CPU
		{09CC19CD-9105-4C51-9BAF-9865077912D8}.Release|Any CPU.ActiveCfg = Release|Any CPU
		{09CC19CD-9105-4C51-9BAF-9865077912D8}.Release|Any CPU.Build.0 = Release|Any CPU
		{09CC19CD-9105-4C51-9BAF-9865077912D8}.Release|x64.ActiveCfg = Release|Any CPU
		{09CC19CD-9105-4C51-9BAF-9865077912D8}.Release|x64.Build.0 = Release|Any CPU
		{09CC19CD-9105-4C51-9BAF-9865077912D8}.Release|x86.ActiveCfg = Release|Any CPU
		{09CC19CD-9105-4C51-9BAF-9865077912D8}.Release|x86.Build.0 = Release|Any CPU
		{C4F6C64A-C138-4EA6-BABA-37FA865A0051}.Debug|Any CPU.ActiveCfg = Debug|Any CPU
		{C4F6C64A-C138-4EA6-BABA-37FA865A0051}.Debug|Any CPU.Build.0 = Debug|Any CPU
		{C4F6C64A-C138-4EA6-BABA-37FA865A0051}.Debug|x64.ActiveCfg = Debug|Any CPU
		{C4F6C64A-C138-4EA6-BABA-37FA865A0051}.Debug|x64.Build.0 = Debug|Any CPU
		{C4F6C64A-C138-4EA6-BABA-37FA865A0051}.Debug|x86.ActiveCfg = Debug|Any CPU
		{C4F6C64A-C138-4EA6-BABA-37FA865A0051}.Debug|x86.Build.0 = Debug|Any CPU
		{C4F6C64A-C138-4EA6-BABA-37FA865A0051}.Release|Any CPU.ActiveCfg = Release|Any CPU
		{C4F6C64A-C138-4EA6-BABA-37FA865A0051}.Release|Any CPU.Build.0 = Release|Any CPU
		{C4F6C64A-C138-4EA6-BABA-37FA865A0051}.Release|x64.ActiveCfg = Release|Any CPU
		{C4F6C64A-C138-4EA6-BABA-37FA865A0051}.Release|x64.Build.0 = Release|Any CPU
		{C4F6C64A-C138-4EA6-BABA-37FA865A0051}.Release|x86.ActiveCfg = Release|Any CPU
		{C4F6C64A-C138-4EA6-BABA-37FA865A0051}.Release|x86.Build.0 = Release|Any CPU
		{FDC3AE20-B5A1-4B25-9DCD-A38B59DA111E}.Debug|Any CPU.ActiveCfg = Debug|Any CPU
		{FDC3AE20-B5A1-4B25-9DCD-A38B59DA111E}.Debug|Any CPU.Build.0 = Debug|Any CPU
		{FDC3AE20-B5A1-4B25-9DCD-A38B59DA111E}.Debug|x64.ActiveCfg = Debug|Any CPU
		{FDC3AE20-B5A1-4B25-9DCD-A38B59DA111E}.Debug|x64.Build.0 = Debug|Any CPU
		{FDC3AE20-B5A1-4B25-9DCD-A38B59DA111E}.Debug|x86.ActiveCfg = Debug|Any CPU
		{FDC3AE20-B5A1-4B25-9DCD-A38B59DA111E}.Debug|x86.Build.0 = Debug|Any CPU
		{FDC3AE20-B5A1-4B25-9DCD-A38B59DA111E}.Release|Any CPU.ActiveCfg = Release|Any CPU
		{FDC3AE20-B5A1-4B25-9DCD-A38B59DA111E}.Release|Any CPU.Build.0 = Release|Any CPU
		{FDC3AE20-B5A1-4B25-9DCD-A38B59DA111E}.Release|x64.ActiveCfg = Release|Any CPU
		{FDC3AE20-B5A1-4B25-9DCD-A38B59DA111E}.Release|x64.Build.0 = Release|Any CPU
		{FDC3AE20-B5A1-4B25-9DCD-A38B59DA111E}.Release|x86.ActiveCfg = Release|Any CPU
		{FDC3AE20-B5A1-4B25-9DCD-A38B59DA111E}.Release|x86.Build.0 = Release|Any CPU
		{CA2CC718-5201-4FB7-88C3-960D76F19DEE}.Debug|Any CPU.ActiveCfg = Debug|Any CPU
		{CA2CC718-5201-4FB7-88C3-960D76F19DEE}.Debug|Any CPU.Build.0 = Debug|Any CPU
		{CA2CC718-5201-4FB7-88C3-960D76F19DEE}.Debug|x64.ActiveCfg = Debug|Any CPU
		{CA2CC718-5201-4FB7-88C3-960D76F19DEE}.Debug|x64.Build.0 = Debug|Any CPU
		{CA2CC718-5201-4FB7-88C3-960D76F19DEE}.Debug|x86.ActiveCfg = Debug|Any CPU
		{CA2CC718-5201-4FB7-88C3-960D76F19DEE}.Debug|x86.Build.0 = Debug|Any CPU
		{CA2CC718-5201-4FB7-88C3-960D76F19DEE}.Release|Any CPU.ActiveCfg = Release|Any CPU
		{CA2CC718-5201-4FB7-88C3-960D76F19DEE}.Release|Any CPU.Build.0 = Release|Any CPU
		{CA2CC718-5201-4FB7-88C3-960D76F19DEE}.Release|x64.ActiveCfg = Release|Any CPU
		{CA2CC718-5201-4FB7-88C3-960D76F19DEE}.Release|x64.Build.0 = Release|Any CPU
		{CA2CC718-5201-4FB7-88C3-960D76F19DEE}.Release|x86.ActiveCfg = Release|Any CPU
		{CA2CC718-5201-4FB7-88C3-960D76F19DEE}.Release|x86.Build.0 = Release|Any CPU
		{3CE41004-F11A-4A2A-95FC-0F7F49F143E4}.Debug|Any CPU.ActiveCfg = Debug|Any CPU
		{3CE41004-F11A-4A2A-95FC-0F7F49F143E4}.Debug|Any CPU.Build.0 = Debug|Any CPU
		{3CE41004-F11A-4A2A-95FC-0F7F49F143E4}.Debug|x64.ActiveCfg = Debug|Any CPU
		{3CE41004-F11A-4A2A-95FC-0F7F49F143E4}.Debug|x64.Build.0 = Debug|Any CPU
		{3CE41004-F11A-4A2A-95FC-0F7F49F143E4}.Debug|x86.ActiveCfg = Debug|Any CPU
		{3CE41004-F11A-4A2A-95FC-0F7F49F143E4}.Debug|x86.Build.0 = Debug|Any CPU
		{3CE41004-F11A-4A2A-95FC-0F7F49F143E4}.Release|Any CPU.ActiveCfg = Release|Any CPU
		{3CE41004-F11A-4A2A-95FC-0F7F49F143E4}.Release|Any CPU.Build.0 = Release|Any CPU
		{3CE41004-F11A-4A2A-95FC-0F7F49F143E4}.Release|x64.ActiveCfg = Release|Any CPU
		{3CE41004-F11A-4A2A-95FC-0F7F49F143E4}.Release|x64.Build.0 = Release|Any CPU
		{3CE41004-F11A-4A2A-95FC-0F7F49F143E4}.Release|x86.ActiveCfg = Release|Any CPU
		{3CE41004-F11A-4A2A-95FC-0F7F49F143E4}.Release|x86.Build.0 = Release|Any CPU
		{AFE1BDB5-4B73-4489-8CF6-30E54060BB22}.Debug|Any CPU.ActiveCfg = Debug|Any CPU
		{AFE1BDB5-4B73-4489-8CF6-30E54060BB22}.Debug|Any CPU.Build.0 = Debug|Any CPU
		{AFE1BDB5-4B73-4489-8CF6-30E54060BB22}.Debug|x64.ActiveCfg = Debug|Any CPU
		{AFE1BDB5-4B73-4489-8CF6-30E54060BB22}.Debug|x64.Build.0 = Debug|Any CPU
		{AFE1BDB5-4B73-4489-8CF6-30E54060BB22}.Debug|x86.ActiveCfg = Debug|Any CPU
		{AFE1BDB5-4B73-4489-8CF6-30E54060BB22}.Debug|x86.Build.0 = Debug|Any CPU
		{AFE1BDB5-4B73-4489-8CF6-30E54060BB22}.Release|Any CPU.ActiveCfg = Release|Any CPU
		{AFE1BDB5-4B73-4489-8CF6-30E54060BB22}.Release|Any CPU.Build.0 = Release|Any CPU
		{AFE1BDB5-4B73-4489-8CF6-30E54060BB22}.Release|x64.ActiveCfg = Release|Any CPU
		{AFE1BDB5-4B73-4489-8CF6-30E54060BB22}.Release|x64.Build.0 = Release|Any CPU
		{AFE1BDB5-4B73-4489-8CF6-30E54060BB22}.Release|x86.ActiveCfg = Release|Any CPU
		{AFE1BDB5-4B73-4489-8CF6-30E54060BB22}.Release|x86.Build.0 = Release|Any CPU
		{5485D509-F67B-441F-BD1C-F25710ECA848}.Debug|Any CPU.ActiveCfg = Debug|Any CPU
		{5485D509-F67B-441F-BD1C-F25710ECA848}.Debug|Any CPU.Build.0 = Debug|Any CPU
		{5485D509-F67B-441F-BD1C-F25710ECA848}.Debug|x64.ActiveCfg = Debug|Any CPU
		{5485D509-F67B-441F-BD1C-F25710ECA848}.Debug|x64.Build.0 = Debug|Any CPU
		{5485D509-F67B-441F-BD1C-F25710ECA848}.Debug|x86.ActiveCfg = Debug|Any CPU
		{5485D509-F67B-441F-BD1C-F25710ECA848}.Debug|x86.Build.0 = Debug|Any CPU
		{5485D509-F67B-441F-BD1C-F25710ECA848}.Release|Any CPU.ActiveCfg = Release|Any CPU
		{5485D509-F67B-441F-BD1C-F25710ECA848}.Release|Any CPU.Build.0 = Release|Any CPU
		{5485D509-F67B-441F-BD1C-F25710ECA848}.Release|x64.ActiveCfg = Release|Any CPU
		{5485D509-F67B-441F-BD1C-F25710ECA848}.Release|x64.Build.0 = Release|Any CPU
		{5485D509-F67B-441F-BD1C-F25710ECA848}.Release|x86.ActiveCfg = Release|Any CPU
		{5485D509-F67B-441F-BD1C-F25710ECA848}.Release|x86.Build.0 = Release|Any CPU
		{9F084463-5212-41E8-ADFB-53FF3D1DE76C}.Debug|Any CPU.ActiveCfg = Debug|Any CPU
		{9F084463-5212-41E8-ADFB-53FF3D1DE76C}.Debug|Any CPU.Build.0 = Debug|Any CPU
		{9F084463-5212-41E8-ADFB-53FF3D1DE76C}.Debug|x64.ActiveCfg = Debug|Any CPU
		{9F084463-5212-41E8-ADFB-53FF3D1DE76C}.Debug|x64.Build.0 = Debug|Any CPU
		{9F084463-5212-41E8-ADFB-53FF3D1DE76C}.Debug|x86.ActiveCfg = Debug|Any CPU
		{9F084463-5212-41E8-ADFB-53FF3D1DE76C}.Debug|x86.Build.0 = Debug|Any CPU
		{9F084463-5212-41E8-ADFB-53FF3D1DE76C}.Release|Any CPU.ActiveCfg = Release|Any CPU
		{9F084463-5212-41E8-ADFB-53FF3D1DE76C}.Release|Any CPU.Build.0 = Release|Any CPU
		{9F084463-5212-41E8-ADFB-53FF3D1DE76C}.Release|x64.ActiveCfg = Release|Any CPU
		{9F084463-5212-41E8-ADFB-53FF3D1DE76C}.Release|x64.Build.0 = Release|Any CPU
		{9F084463-5212-41E8-ADFB-53FF3D1DE76C}.Release|x86.ActiveCfg = Release|Any CPU
		{9F084463-5212-41E8-ADFB-53FF3D1DE76C}.Release|x86.Build.0 = Release|Any CPU
		{2761BF09-C544-4E86-A3BA-699E2801F38E}.Debug|Any CPU.ActiveCfg = Debug|Any CPU
		{2761BF09-C544-4E86-A3BA-699E2801F38E}.Debug|Any CPU.Build.0 = Debug|Any CPU
		{2761BF09-C544-4E86-A3BA-699E2801F38E}.Debug|x64.ActiveCfg = Debug|Any CPU
		{2761BF09-C544-4E86-A3BA-699E2801F38E}.Debug|x64.Build.0 = Debug|Any CPU
		{2761BF09-C544-4E86-A3BA-699E2801F38E}.Debug|x86.ActiveCfg = Debug|Any CPU
		{2761BF09-C544-4E86-A3BA-699E2801F38E}.Debug|x86.Build.0 = Debug|Any CPU
		{2761BF09-C544-4E86-A3BA-699E2801F38E}.Release|Any CPU.ActiveCfg = Release|Any CPU
		{2761BF09-C544-4E86-A3BA-699E2801F38E}.Release|Any CPU.Build.0 = Release|Any CPU
		{2761BF09-C544-4E86-A3BA-699E2801F38E}.Release|x64.ActiveCfg = Release|Any CPU
		{2761BF09-C544-4E86-A3BA-699E2801F38E}.Release|x64.Build.0 = Release|Any CPU
		{2761BF09-C544-4E86-A3BA-699E2801F38E}.Release|x86.ActiveCfg = Release|Any CPU
		{2761BF09-C544-4E86-A3BA-699E2801F38E}.Release|x86.Build.0 = Release|Any CPU
		{BFD69FCB-4515-49A0-A7AA-EB99A6761B11}.Debug|Any CPU.ActiveCfg = Debug|Any CPU
		{BFD69FCB-4515-49A0-A7AA-EB99A6761B11}.Debug|Any CPU.Build.0 = Debug|Any CPU
		{BFD69FCB-4515-49A0-A7AA-EB99A6761B11}.Debug|x64.ActiveCfg = Debug|Any CPU
		{BFD69FCB-4515-49A0-A7AA-EB99A6761B11}.Debug|x64.Build.0 = Debug|Any CPU
		{BFD69FCB-4515-49A0-A7AA-EB99A6761B11}.Debug|x86.ActiveCfg = Debug|Any CPU
		{BFD69FCB-4515-49A0-A7AA-EB99A6761B11}.Debug|x86.Build.0 = Debug|Any CPU
		{BFD69FCB-4515-49A0-A7AA-EB99A6761B11}.Release|Any CPU.ActiveCfg = Release|Any CPU
		{BFD69FCB-4515-49A0-A7AA-EB99A6761B11}.Release|Any CPU.Build.0 = Release|Any CPU
		{BFD69FCB-4515-49A0-A7AA-EB99A6761B11}.Release|x64.ActiveCfg = Release|Any CPU
		{BFD69FCB-4515-49A0-A7AA-EB99A6761B11}.Release|x64.Build.0 = Release|Any CPU
		{BFD69FCB-4515-49A0-A7AA-EB99A6761B11}.Release|x86.ActiveCfg = Release|Any CPU
		{BFD69FCB-4515-49A0-A7AA-EB99A6761B11}.Release|x86.Build.0 = Release|Any CPU
		{2ADDC830-EA86-4802-89B2-46303E7291D1}.Debug|Any CPU.ActiveCfg = Debug|Any CPU
		{2ADDC830-EA86-4802-89B2-46303E7291D1}.Debug|Any CPU.Build.0 = Debug|Any CPU
		{2ADDC830-EA86-4802-89B2-46303E7291D1}.Debug|x64.ActiveCfg = Debug|Any CPU
		{2ADDC830-EA86-4802-89B2-46303E7291D1}.Debug|x64.Build.0 = Debug|Any CPU
		{2ADDC830-EA86-4802-89B2-46303E7291D1}.Debug|x86.ActiveCfg = Debug|Any CPU
		{2ADDC830-EA86-4802-89B2-46303E7291D1}.Debug|x86.Build.0 = Debug|Any CPU
		{2ADDC830-EA86-4802-89B2-46303E7291D1}.Release|Any CPU.ActiveCfg = Release|Any CPU
		{2ADDC830-EA86-4802-89B2-46303E7291D1}.Release|Any CPU.Build.0 = Release|Any CPU
		{2ADDC830-EA86-4802-89B2-46303E7291D1}.Release|x64.ActiveCfg = Release|Any CPU
		{2ADDC830-EA86-4802-89B2-46303E7291D1}.Release|x64.Build.0 = Release|Any CPU
		{2ADDC830-EA86-4802-89B2-46303E7291D1}.Release|x86.ActiveCfg = Release|Any CPU
		{2ADDC830-EA86-4802-89B2-46303E7291D1}.Release|x86.Build.0 = Release|Any CPU
		{2C4723B5-1467-47E0-A859-E349FF6DDE1B}.Debug|Any CPU.ActiveCfg = Debug|Any CPU
		{2C4723B5-1467-47E0-A859-E349FF6DDE1B}.Debug|Any CPU.Build.0 = Debug|Any CPU
		{2C4723B5-1467-47E0-A859-E349FF6DDE1B}.Debug|x64.ActiveCfg = Debug|Any CPU
		{2C4723B5-1467-47E0-A859-E349FF6DDE1B}.Debug|x64.Build.0 = Debug|Any CPU
		{2C4723B5-1467-47E0-A859-E349FF6DDE1B}.Debug|x86.ActiveCfg = Debug|Any CPU
		{2C4723B5-1467-47E0-A859-E349FF6DDE1B}.Debug|x86.Build.0 = Debug|Any CPU
		{2C4723B5-1467-47E0-A859-E349FF6DDE1B}.Release|Any CPU.ActiveCfg = Release|Any CPU
		{2C4723B5-1467-47E0-A859-E349FF6DDE1B}.Release|Any CPU.Build.0 = Release|Any CPU
		{2C4723B5-1467-47E0-A859-E349FF6DDE1B}.Release|x64.ActiveCfg = Release|Any CPU
		{2C4723B5-1467-47E0-A859-E349FF6DDE1B}.Release|x64.Build.0 = Release|Any CPU
		{2C4723B5-1467-47E0-A859-E349FF6DDE1B}.Release|x86.ActiveCfg = Release|Any CPU
		{2C4723B5-1467-47E0-A859-E349FF6DDE1B}.Release|x86.Build.0 = Release|Any CPU
		{CA06D0D7-B432-4C7B-87C6-E5F488592B6F}.Debug|Any CPU.ActiveCfg = Debug|Any CPU
		{CA06D0D7-B432-4C7B-87C6-E5F488592B6F}.Debug|Any CPU.Build.0 = Debug|Any CPU
		{CA06D0D7-B432-4C7B-87C6-E5F488592B6F}.Debug|x64.ActiveCfg = Debug|Any CPU
		{CA06D0D7-B432-4C7B-87C6-E5F488592B6F}.Debug|x64.Build.0 = Debug|Any CPU
		{CA06D0D7-B432-4C7B-87C6-E5F488592B6F}.Debug|x86.ActiveCfg = Debug|Any CPU
		{CA06D0D7-B432-4C7B-87C6-E5F488592B6F}.Debug|x86.Build.0 = Debug|Any CPU
		{CA06D0D7-B432-4C7B-87C6-E5F488592B6F}.Release|Any CPU.ActiveCfg = Release|Any CPU
		{CA06D0D7-B432-4C7B-87C6-E5F488592B6F}.Release|Any CPU.Build.0 = Release|Any CPU
		{CA06D0D7-B432-4C7B-87C6-E5F488592B6F}.Release|x64.ActiveCfg = Release|Any CPU
		{CA06D0D7-B432-4C7B-87C6-E5F488592B6F}.Release|x64.Build.0 = Release|Any CPU
		{CA06D0D7-B432-4C7B-87C6-E5F488592B6F}.Release|x86.ActiveCfg = Release|Any CPU
		{CA06D0D7-B432-4C7B-87C6-E5F488592B6F}.Release|x86.Build.0 = Release|Any CPU
		{E90280FE-C439-4116-B1F0-E31579C1D6F6}.Debug|Any CPU.ActiveCfg = Debug|Any CPU
		{E90280FE-C439-4116-B1F0-E31579C1D6F6}.Debug|Any CPU.Build.0 = Debug|Any CPU
		{E90280FE-C439-4116-B1F0-E31579C1D6F6}.Debug|x64.ActiveCfg = Debug|Any CPU
		{E90280FE-C439-4116-B1F0-E31579C1D6F6}.Debug|x64.Build.0 = Debug|Any CPU
		{E90280FE-C439-4116-B1F0-E31579C1D6F6}.Debug|x86.ActiveCfg = Debug|Any CPU
		{E90280FE-C439-4116-B1F0-E31579C1D6F6}.Debug|x86.Build.0 = Debug|Any CPU
		{E90280FE-C439-4116-B1F0-E31579C1D6F6}.Release|Any CPU.ActiveCfg = Release|Any CPU
		{E90280FE-C439-4116-B1F0-E31579C1D6F6}.Release|Any CPU.Build.0 = Release|Any CPU
		{E90280FE-C439-4116-B1F0-E31579C1D6F6}.Release|x64.ActiveCfg = Release|Any CPU
		{E90280FE-C439-4116-B1F0-E31579C1D6F6}.Release|x64.Build.0 = Release|Any CPU
		{E90280FE-C439-4116-B1F0-E31579C1D6F6}.Release|x86.ActiveCfg = Release|Any CPU
		{E90280FE-C439-4116-B1F0-E31579C1D6F6}.Release|x86.Build.0 = Release|Any CPU
		{5B056333-C8F1-4B35-BBBB-AB2A8A622337}.Debug|Any CPU.ActiveCfg = Debug|Any CPU
		{5B056333-C8F1-4B35-BBBB-AB2A8A622337}.Debug|Any CPU.Build.0 = Debug|Any CPU
		{5B056333-C8F1-4B35-BBBB-AB2A8A622337}.Debug|x64.ActiveCfg = Debug|Any CPU
		{5B056333-C8F1-4B35-BBBB-AB2A8A622337}.Debug|x64.Build.0 = Debug|Any CPU
		{5B056333-C8F1-4B35-BBBB-AB2A8A622337}.Debug|x86.ActiveCfg = Debug|Any CPU
		{5B056333-C8F1-4B35-BBBB-AB2A8A622337}.Debug|x86.Build.0 = Debug|Any CPU
		{5B056333-C8F1-4B35-BBBB-AB2A8A622337}.Release|Any CPU.ActiveCfg = Release|Any CPU
		{5B056333-C8F1-4B35-BBBB-AB2A8A622337}.Release|Any CPU.Build.0 = Release|Any CPU
		{5B056333-C8F1-4B35-BBBB-AB2A8A622337}.Release|x64.ActiveCfg = Release|Any CPU
		{5B056333-C8F1-4B35-BBBB-AB2A8A622337}.Release|x64.Build.0 = Release|Any CPU
		{5B056333-C8F1-4B35-BBBB-AB2A8A622337}.Release|x86.ActiveCfg = Release|Any CPU
		{5B056333-C8F1-4B35-BBBB-AB2A8A622337}.Release|x86.Build.0 = Release|Any CPU
		{DED58962-7F79-42EA-B2BB-DA9B663FBA08}.Debug|Any CPU.ActiveCfg = Debug|Any CPU
		{DED58962-7F79-42EA-B2BB-DA9B663FBA08}.Debug|Any CPU.Build.0 = Debug|Any CPU
		{DED58962-7F79-42EA-B2BB-DA9B663FBA08}.Debug|x64.ActiveCfg = Debug|Any CPU
		{DED58962-7F79-42EA-B2BB-DA9B663FBA08}.Debug|x64.Build.0 = Debug|Any CPU
		{DED58962-7F79-42EA-B2BB-DA9B663FBA08}.Debug|x86.ActiveCfg = Debug|Any CPU
		{DED58962-7F79-42EA-B2BB-DA9B663FBA08}.Debug|x86.Build.0 = Debug|Any CPU
		{DED58962-7F79-42EA-B2BB-DA9B663FBA08}.Release|Any CPU.ActiveCfg = Release|Any CPU
		{DED58962-7F79-42EA-B2BB-DA9B663FBA08}.Release|Any CPU.Build.0 = Release|Any CPU
		{DED58962-7F79-42EA-B2BB-DA9B663FBA08}.Release|x64.ActiveCfg = Release|Any CPU
		{DED58962-7F79-42EA-B2BB-DA9B663FBA08}.Release|x64.Build.0 = Release|Any CPU
		{DED58962-7F79-42EA-B2BB-DA9B663FBA08}.Release|x86.ActiveCfg = Release|Any CPU
		{DED58962-7F79-42EA-B2BB-DA9B663FBA08}.Release|x86.Build.0 = Release|Any CPU
		{4E793550-E5E7-4996-9CF1-ADE607946FA1}.Debug|Any CPU.ActiveCfg = Debug|Any CPU
		{4E793550-E5E7-4996-9CF1-ADE607946FA1}.Debug|Any CPU.Build.0 = Debug|Any CPU
		{4E793550-E5E7-4996-9CF1-ADE607946FA1}.Debug|x64.ActiveCfg = Debug|Any CPU
		{4E793550-E5E7-4996-9CF1-ADE607946FA1}.Debug|x64.Build.0 = Debug|Any CPU
		{4E793550-E5E7-4996-9CF1-ADE607946FA1}.Debug|x86.ActiveCfg = Debug|Any CPU
		{4E793550-E5E7-4996-9CF1-ADE607946FA1}.Debug|x86.Build.0 = Debug|Any CPU
		{4E793550-E5E7-4996-9CF1-ADE607946FA1}.Release|Any CPU.ActiveCfg = Release|Any CPU
		{4E793550-E5E7-4996-9CF1-ADE607946FA1}.Release|Any CPU.Build.0 = Release|Any CPU
		{4E793550-E5E7-4996-9CF1-ADE607946FA1}.Release|x64.ActiveCfg = Release|Any CPU
		{4E793550-E5E7-4996-9CF1-ADE607946FA1}.Release|x64.Build.0 = Release|Any CPU
		{4E793550-E5E7-4996-9CF1-ADE607946FA1}.Release|x86.ActiveCfg = Release|Any CPU
		{4E793550-E5E7-4996-9CF1-ADE607946FA1}.Release|x86.Build.0 = Release|Any CPU
		{5FBC4199-BCD3-4F1A-B867-2C8DDD058ABD}.Debug|Any CPU.ActiveCfg = Debug|Any CPU
		{5FBC4199-BCD3-4F1A-B867-2C8DDD058ABD}.Debug|Any CPU.Build.0 = Debug|Any CPU
		{5FBC4199-BCD3-4F1A-B867-2C8DDD058ABD}.Debug|x64.ActiveCfg = Debug|Any CPU
		{5FBC4199-BCD3-4F1A-B867-2C8DDD058ABD}.Debug|x64.Build.0 = Debug|Any CPU
		{5FBC4199-BCD3-4F1A-B867-2C8DDD058ABD}.Debug|x86.ActiveCfg = Debug|Any CPU
		{5FBC4199-BCD3-4F1A-B867-2C8DDD058ABD}.Debug|x86.Build.0 = Debug|Any CPU
		{5FBC4199-BCD3-4F1A-B867-2C8DDD058ABD}.Release|Any CPU.ActiveCfg = Release|Any CPU
		{5FBC4199-BCD3-4F1A-B867-2C8DDD058ABD}.Release|Any CPU.Build.0 = Release|Any CPU
		{5FBC4199-BCD3-4F1A-B867-2C8DDD058ABD}.Release|x64.ActiveCfg = Release|Any CPU
		{5FBC4199-BCD3-4F1A-B867-2C8DDD058ABD}.Release|x64.Build.0 = Release|Any CPU
		{5FBC4199-BCD3-4F1A-B867-2C8DDD058ABD}.Release|x86.ActiveCfg = Release|Any CPU
		{5FBC4199-BCD3-4F1A-B867-2C8DDD058ABD}.Release|x86.Build.0 = Release|Any CPU
		{F2C00FD9-2F10-416B-B740-D540D52BD3A1}.Debug|Any CPU.ActiveCfg = Debug|Any CPU
		{F2C00FD9-2F10-416B-B740-D540D52BD3A1}.Debug|Any CPU.Build.0 = Debug|Any CPU
		{F2C00FD9-2F10-416B-B740-D540D52BD3A1}.Debug|x64.ActiveCfg = Debug|Any CPU
		{F2C00FD9-2F10-416B-B740-D540D52BD3A1}.Debug|x64.Build.0 = Debug|Any CPU
		{F2C00FD9-2F10-416B-B740-D540D52BD3A1}.Debug|x86.ActiveCfg = Debug|Any CPU
		{F2C00FD9-2F10-416B-B740-D540D52BD3A1}.Debug|x86.Build.0 = Debug|Any CPU
		{F2C00FD9-2F10-416B-B740-D540D52BD3A1}.Release|Any CPU.ActiveCfg = Release|Any CPU
		{F2C00FD9-2F10-416B-B740-D540D52BD3A1}.Release|Any CPU.Build.0 = Release|Any CPU
		{F2C00FD9-2F10-416B-B740-D540D52BD3A1}.Release|x64.ActiveCfg = Release|Any CPU
		{F2C00FD9-2F10-416B-B740-D540D52BD3A1}.Release|x64.Build.0 = Release|Any CPU
		{F2C00FD9-2F10-416B-B740-D540D52BD3A1}.Release|x86.ActiveCfg = Release|Any CPU
		{F2C00FD9-2F10-416B-B740-D540D52BD3A1}.Release|x86.Build.0 = Release|Any CPU
		{51182244-78D9-4847-A28A-D01F43426D9F}.Debug|Any CPU.ActiveCfg = Debug|Any CPU
		{51182244-78D9-4847-A28A-D01F43426D9F}.Debug|Any CPU.Build.0 = Debug|Any CPU
		{51182244-78D9-4847-A28A-D01F43426D9F}.Debug|x64.ActiveCfg = Debug|Any CPU
		{51182244-78D9-4847-A28A-D01F43426D9F}.Debug|x64.Build.0 = Debug|Any CPU
		{51182244-78D9-4847-A28A-D01F43426D9F}.Debug|x86.ActiveCfg = Debug|Any CPU
		{51182244-78D9-4847-A28A-D01F43426D9F}.Debug|x86.Build.0 = Debug|Any CPU
		{51182244-78D9-4847-A28A-D01F43426D9F}.Release|Any CPU.ActiveCfg = Release|Any CPU
		{51182244-78D9-4847-A28A-D01F43426D9F}.Release|Any CPU.Build.0 = Release|Any CPU
		{51182244-78D9-4847-A28A-D01F43426D9F}.Release|x64.ActiveCfg = Release|Any CPU
		{51182244-78D9-4847-A28A-D01F43426D9F}.Release|x64.Build.0 = Release|Any CPU
		{51182244-78D9-4847-A28A-D01F43426D9F}.Release|x86.ActiveCfg = Release|Any CPU
		{51182244-78D9-4847-A28A-D01F43426D9F}.Release|x86.Build.0 = Release|Any CPU
		{0778B8A6-8138-42A2-B86E-3874378E98BB}.Debug|Any CPU.ActiveCfg = Debug|Any CPU
		{0778B8A6-8138-42A2-B86E-3874378E98BB}.Debug|Any CPU.Build.0 = Debug|Any CPU
		{0778B8A6-8138-42A2-B86E-3874378E98BB}.Debug|x64.ActiveCfg = Debug|Any CPU
		{0778B8A6-8138-42A2-B86E-3874378E98BB}.Debug|x64.Build.0 = Debug|Any CPU
		{0778B8A6-8138-42A2-B86E-3874378E98BB}.Debug|x86.ActiveCfg = Debug|Any CPU
		{0778B8A6-8138-42A2-B86E-3874378E98BB}.Debug|x86.Build.0 = Debug|Any CPU
		{0778B8A6-8138-42A2-B86E-3874378E98BB}.Release|Any CPU.ActiveCfg = Release|Any CPU
		{0778B8A6-8138-42A2-B86E-3874378E98BB}.Release|Any CPU.Build.0 = Release|Any CPU
		{0778B8A6-8138-42A2-B86E-3874378E98BB}.Release|x64.ActiveCfg = Release|Any CPU
		{0778B8A6-8138-42A2-B86E-3874378E98BB}.Release|x64.Build.0 = Release|Any CPU
		{0778B8A6-8138-42A2-B86E-3874378E98BB}.Release|x86.ActiveCfg = Release|Any CPU
		{0778B8A6-8138-42A2-B86E-3874378E98BB}.Release|x86.Build.0 = Release|Any CPU
		{785D502E-CD2F-46A5-AEB9-8B9ABB3101A1}.Debug|Any CPU.ActiveCfg = Debug|Any CPU
		{785D502E-CD2F-46A5-AEB9-8B9ABB3101A1}.Debug|Any CPU.Build.0 = Debug|Any CPU
		{785D502E-CD2F-46A5-AEB9-8B9ABB3101A1}.Debug|x64.ActiveCfg = Debug|Any CPU
		{785D502E-CD2F-46A5-AEB9-8B9ABB3101A1}.Debug|x64.Build.0 = Debug|Any CPU
		{785D502E-CD2F-46A5-AEB9-8B9ABB3101A1}.Debug|x86.ActiveCfg = Debug|Any CPU
		{785D502E-CD2F-46A5-AEB9-8B9ABB3101A1}.Debug|x86.Build.0 = Debug|Any CPU
		{785D502E-CD2F-46A5-AEB9-8B9ABB3101A1}.Release|Any CPU.ActiveCfg = Release|Any CPU
		{785D502E-CD2F-46A5-AEB9-8B9ABB3101A1}.Release|Any CPU.Build.0 = Release|Any CPU
		{785D502E-CD2F-46A5-AEB9-8B9ABB3101A1}.Release|x64.ActiveCfg = Release|Any CPU
		{785D502E-CD2F-46A5-AEB9-8B9ABB3101A1}.Release|x64.Build.0 = Release|Any CPU
		{785D502E-CD2F-46A5-AEB9-8B9ABB3101A1}.Release|x86.ActiveCfg = Release|Any CPU
		{785D502E-CD2F-46A5-AEB9-8B9ABB3101A1}.Release|x86.Build.0 = Release|Any CPU
		{FFE8E2D2-8E61-4D3F-8733-F0FCE3CF9208}.Debug|Any CPU.ActiveCfg = Debug|Any CPU
		{FFE8E2D2-8E61-4D3F-8733-F0FCE3CF9208}.Debug|Any CPU.Build.0 = Debug|Any CPU
		{FFE8E2D2-8E61-4D3F-8733-F0FCE3CF9208}.Debug|x64.ActiveCfg = Debug|Any CPU
		{FFE8E2D2-8E61-4D3F-8733-F0FCE3CF9208}.Debug|x64.Build.0 = Debug|Any CPU
		{FFE8E2D2-8E61-4D3F-8733-F0FCE3CF9208}.Debug|x86.ActiveCfg = Debug|Any CPU
		{FFE8E2D2-8E61-4D3F-8733-F0FCE3CF9208}.Debug|x86.Build.0 = Debug|Any CPU
		{FFE8E2D2-8E61-4D3F-8733-F0FCE3CF9208}.Release|Any CPU.ActiveCfg = Release|Any CPU
		{FFE8E2D2-8E61-4D3F-8733-F0FCE3CF9208}.Release|Any CPU.Build.0 = Release|Any CPU
		{FFE8E2D2-8E61-4D3F-8733-F0FCE3CF9208}.Release|x64.ActiveCfg = Release|Any CPU
		{FFE8E2D2-8E61-4D3F-8733-F0FCE3CF9208}.Release|x64.Build.0 = Release|Any CPU
		{FFE8E2D2-8E61-4D3F-8733-F0FCE3CF9208}.Release|x86.ActiveCfg = Release|Any CPU
		{FFE8E2D2-8E61-4D3F-8733-F0FCE3CF9208}.Release|x86.Build.0 = Release|Any CPU
		{4FD8FBBF-FC46-4D61-B381-4FBC80734DA3}.Debug|Any CPU.ActiveCfg = Debug|Any CPU
		{4FD8FBBF-FC46-4D61-B381-4FBC80734DA3}.Debug|Any CPU.Build.0 = Debug|Any CPU
		{4FD8FBBF-FC46-4D61-B381-4FBC80734DA3}.Debug|x64.ActiveCfg = Debug|Any CPU
		{4FD8FBBF-FC46-4D61-B381-4FBC80734DA3}.Debug|x64.Build.0 = Debug|Any CPU
		{4FD8FBBF-FC46-4D61-B381-4FBC80734DA3}.Debug|x86.ActiveCfg = Debug|Any CPU
		{4FD8FBBF-FC46-4D61-B381-4FBC80734DA3}.Debug|x86.Build.0 = Debug|Any CPU
		{4FD8FBBF-FC46-4D61-B381-4FBC80734DA3}.Release|Any CPU.ActiveCfg = Release|Any CPU
		{4FD8FBBF-FC46-4D61-B381-4FBC80734DA3}.Release|Any CPU.Build.0 = Release|Any CPU
		{4FD8FBBF-FC46-4D61-B381-4FBC80734DA3}.Release|x64.ActiveCfg = Release|Any CPU
		{4FD8FBBF-FC46-4D61-B381-4FBC80734DA3}.Release|x64.Build.0 = Release|Any CPU
		{4FD8FBBF-FC46-4D61-B381-4FBC80734DA3}.Release|x86.ActiveCfg = Release|Any CPU
		{4FD8FBBF-FC46-4D61-B381-4FBC80734DA3}.Release|x86.Build.0 = Release|Any CPU
	EndGlobalSection
EndGlobal
