
Microsoft Visual Studio Solution File, Format Version 12.00
# Visual Studio 15
VisualStudioVersion = 15.0.26124.0
MinimumVisualStudioVersion = 15.0.26124.0
Project("{FAE04EC0-301F-11D3-BF4B-00C04F79EFBC}") = "Penguin.Cms.Modules.Navigation.Local", "Penguin.Cms.Modules.Navigation.Local.csproj", "{B2AC52BE-2944-417A-81E7-A76767ABDDDD}"
EndProject
Project("{FAE04EC0-301F-11D3-BF4B-00C04F79EFBC}") = "Penguin.Cms.Navigation.Repositories.Local", "..\Penguin.Cms.Navigation.Repositories\Penguin.Cms.Navigation.Repositories.Local.csproj", "{BDA04094-5295-41B7-A36D-EEA3CD1BE7D5}"
EndProject
Project("{FAE04EC0-301F-11D3-BF4B-00C04F79EFBC}") = "Penguin.Security.Abstractions.Local", "..\Penguin.Security.Abstractions\Penguin.Security.Abstractions.Local.csproj", "{A47AC077-4F16-43EC-9518-6D6608058EF6}"
EndProject
Project("{FAE04EC0-301F-11D3-BF4B-00C04F79EFBC}") = "Penguin.Extensions.Collections.Local", "..\Penguin.Extensions.Collections\Penguin.Extensions.Collections.Local.csproj", "{BBC68FA5-7FF2-471E-8D92-2968E7E2FD29}"
EndProject
Project("{FAE04EC0-301F-11D3-BF4B-00C04F79EFBC}") = "Penguin.Reflection.Extensions.Local", "..\Penguin.Reflection.Extensions\Penguin.Reflection.Extensions.Local.csproj", "{49CCB69F-D8FC-4113-8A18-7ABDBC2714E4}"
EndProject
Project("{FAE04EC0-301F-11D3-BF4B-00C04F79EFBC}") = "Penguin.Reflection.Abstractions.Local", "..\Penguin.Reflection.Abstractions\Penguin.Reflection.Abstractions.Local.csproj", "{05E77B98-5857-4E5C-9A06-D422D22E0C84}"
EndProject
Project("{FAE04EC0-301F-11D3-BF4B-00C04F79EFBC}") = "Penguin.Extensions.String.Local", "..\Penguin.Extensions.String\Penguin.Extensions.String.Local.csproj", "{56FE3559-89EA-4E96-AA34-66368D022CA3}"
EndProject
Project("{FAE04EC0-301F-11D3-BF4B-00C04F79EFBC}") = "Penguin.Cms.Repositories.Local", "..\Penguin.Cms.Repositories\Penguin.Cms.Repositories.Local.csproj", "{6147C1F5-FDD8-444E-8245-D72940C97D1C}"
EndProject
Project("{FAE04EC0-301F-11D3-BF4B-00C04F79EFBC}") = "Penguin.Persistence.Repositories.Local", "..\Penguin.Persistence.Repositories\Penguin.Persistence.Repositories.Local.csproj", "{AA747E3C-1982-478A-B80F-31A09DAE8634}"
EndProject
Project("{FAE04EC0-301F-11D3-BF4B-00C04F79EFBC}") = "Penguin.Messaging.Core.Local", "..\Penguin.Messaging.Core\Penguin.Messaging.Core.Local.csproj", "{F54A2931-76E7-4B8D-8FDC-7577E1495800}"
EndProject
Project("{FAE04EC0-301F-11D3-BF4B-00C04F79EFBC}") = "Penguin.Debugging.Local", "..\Penguin.Debugging\Penguin.Debugging.Local.csproj", "{6E021B8C-9C9D-4C92-987F-7FAF6B7ABB8F}"
EndProject
Project("{FAE04EC0-301F-11D3-BF4B-00C04F79EFBC}") = "Penguin.Extensions.Exceptions.Local", "..\Penguin.Extensions.Exceptions\Penguin.Extensions.Exceptions.Local.csproj", "{6AB8257B-64E7-4543-A1D9-845B574A7425}"
EndProject
Project("{FAE04EC0-301F-11D3-BF4B-00C04F79EFBC}") = "Penguin.Messaging.Abstractions.Local", "..\Penguin.Messaging.Abstractions\Penguin.Messaging.Abstractions.Local.csproj", "{AB53CED3-03AA-4C71-B053-1431D2564A37}"
EndProject
Project("{FAE04EC0-301F-11D3-BF4B-00C04F79EFBC}") = "Penguin.Reflection.Local", "..\Penguin.Reflection\Penguin.Reflection.Local.csproj", "{6EC07326-842C-4B5A-B48D-BC96E07D37E2}"
EndProject
Project("{FAE04EC0-301F-11D3-BF4B-00C04F79EFBC}") = "Penguin.DependencyInjection.Abstractions.Local", "..\Penguin.DependencyInjection.Abstractions\Penguin.DependencyInjection.Abstractions.Local.csproj", "{CFB56C4A-4A0F-4746-839F-117D3086A2C4}"
EndProject
Project("{FAE04EC0-301F-11D3-BF4B-00C04F79EFBC}") = "Penguin.Messaging.Persistence.Local", "..\Penguin.Messaging.Persistence\Penguin.Messaging.Persistence.Local.csproj", "{9D2ABDC4-D097-45DC-9DAE-39DE97E37903}"
EndProject
Project("{FAE04EC0-301F-11D3-BF4B-00C04F79EFBC}") = "Penguin.Persistence.Abstractions.Local", "..\Penguin.Persistence.Abstractions\Penguin.Persistence.Abstractions.Local.csproj", "{3D140F12-5CF6-49C8-A417-E75162A6D07E}"
EndProject
Project("{FAE04EC0-301F-11D3-BF4B-00C04F79EFBC}") = "Penguin.Entities.Abstractions.Local", "..\Penguin.Entities.Abstractions\Penguin.Entities.Abstractions.Local.csproj", "{059F0B68-685B-42A2-BA4D-9199C69D015D}"
EndProject
Project("{FAE04EC0-301F-11D3-BF4B-00C04F79EFBC}") = "Penguin.Cms.Entities.Local", "..\Penguin.Cms.Entities\Penguin.Cms.Entities.Local.csproj", "{B110F80F-8F9D-4A31-9A75-4DC5DA918061}"
EndProject
Project("{FAE04EC0-301F-11D3-BF4B-00C04F79EFBC}") = "Penguin.Cms.Navigation.Local", "..\Penguin.Cms.Navigation\Penguin.Cms.Navigation.Local.csproj", "{2E892EE0-0EBB-4A7D-9189-64CD80F6531E}"
EndProject
Project("{FAE04EC0-301F-11D3-BF4B-00C04F79EFBC}") = "Penguin.Navigation.Abstractions.Local", "..\Penguin.Navigation.Abstractions\Penguin.Navigation.Abstractions.Local.csproj", "{F1B06F31-925A-4CDC-A4CB-DCE7CC7694F2}"
EndProject
Project("{FAE04EC0-301F-11D3-BF4B-00C04F79EFBC}") = "Penguin.Shared.Objects.Local", "..\Penguin.Shared.Objects\Penguin.Shared.Objects.Local.csproj", "{7A68471E-3AE5-4E02-AD8D-4A1E370445B1}"
EndProject
Project("{FAE04EC0-301F-11D3-BF4B-00C04F79EFBC}") = "Penguin.Cms.Abstractions.Local", "..\Penguin.Cms.Abstractions\Penguin.Cms.Abstractions.Local.csproj", "{49264D80-DFC8-4E45-9D83-9E5B69A72093}"
EndProject
Project("{FAE04EC0-301F-11D3-BF4B-00C04F79EFBC}") = "Penguin.Cms.Modules.Dynamic.Local", "..\Penguin.Cms.Modules.Dynamic\Penguin.Cms.Modules.Dynamic.Local.csproj", "{A51C0784-ADCC-4F6C-B607-2E940C5D0D88}"
EndProject
Project("{FAE04EC0-301F-11D3-BF4B-00C04F79EFBC}") = "Penguin.Json.Local", "..\Penguin.Json\Penguin.Json.Local.csproj", "{F21F0EDF-F67A-4266-B725-AD2CAB45E6F1}"
EndProject
Project("{FAE04EC0-301F-11D3-BF4B-00C04F79EFBC}") = "Penguin.Json.Abstractions.Local", "..\Penguin.Json.Abstractions\Penguin.Json.Abstractions.Local.csproj", "{980D6F83-7F22-4D83-8143-175FA81AA1AA}"
EndProject
Project("{FAE04EC0-301F-11D3-BF4B-00C04F79EFBC}") = "Penguin.SystemExtensions.Abstractions.Local", "..\Penguin.SystemExtensions.Abstractions\Penguin.SystemExtensions.Abstractions.Local.csproj", "{FE384BA5-2CDB-45DB-8356-A2C0B7A896D1}"
EndProject
Project("{FAE04EC0-301F-11D3-BF4B-00C04F79EFBC}") = "Penguin.Cms.Errors.Local", "..\Penguin.Cms.Errors\Penguin.Cms.Errors.Local.csproj", "{F196EC6C-0F7F-4377-A8C7-B7C14B245992}"
EndProject
Project("{FAE04EC0-301F-11D3-BF4B-00C04F79EFBC}") = "Penguin.Auditing.Abstractions.Local", "..\Penguin.Auditing.Abstractions\Penguin.Auditing.Abstractions.Local.csproj", "{34C130FA-2501-4502-983D-99F3A25822DA}"
EndProject
Project("{FAE04EC0-301F-11D3-BF4B-00C04F79EFBC}") = "Penguin.Web.Dynamic.Local", "..\Penguin.Web.Dynamic\Penguin.Web.Dynamic.Local.csproj", "{6C24A441-1E64-467A-9210-C6474AC2D725}"
EndProject
Project("{FAE04EC0-301F-11D3-BF4B-00C04F79EFBC}") = "Penguin.Reflection.Serialization.Local", "..\Penguin.Reflection.Serialization\Penguin.Reflection.Serialization.Local.csproj", "{B4D6D6D7-D764-4A1C-894D-24B7BDE8BD42}"
EndProject
Project("{FAE04EC0-301F-11D3-BF4B-00C04F79EFBC}") = "Penguin.Reflection.Serialization.Abstractions.Local", "..\Penguin.Reflection.Serialization.Abstractions\Penguin.Reflection.Serialization.Abstractions.Local.csproj", "{F4034040-94A3-483F-9C84-3E892BE8AB6F}"
EndProject
Project("{FAE04EC0-301F-11D3-BF4B-00C04F79EFBC}") = "Penguin.Cms.Modules.Admin.Local", "..\Penguin.Cms.Modules.Admin\Penguin.Cms.Modules.Admin.Local.csproj", "{C38AA351-444D-4827-A28C-E90F3B9AB765}"
EndProject
Project("{FAE04EC0-301F-11D3-BF4B-00C04F79EFBC}") = "Penguin.Web.Security.Local", "..\Penguin.Web.Security\Penguin.Web.Security.Local.csproj", "{9DD28B2A-EBA0-4DC9-9C7F-7AC67EC599FB}"
EndProject
Project("{FAE04EC0-301F-11D3-BF4B-00C04F79EFBC}") = "Penguin.Cms.Modules.Core.Local", "..\Penguin.Cms.Modules.Core\Penguin.Cms.Modules.Core.Local.csproj", "{07FF7055-839C-4E14-897A-5C5C1433A687}"
EndProject
Project("{FAE04EC0-301F-11D3-BF4B-00C04F79EFBC}") = "Penguin.Cms.Core.Local", "..\Penguin.Cms.Core\Penguin.Cms.Core.Local.csproj", "{44F71E39-6178-471F-9691-9AF2251E78BC}"
EndProject
Project("{FAE04EC0-301F-11D3-BF4B-00C04F79EFBC}") = "Penguin.Cms.Web.Local", "..\Penguin.Cms.Web\Penguin.Cms.Web.Local.csproj", "{41735744-03CE-46B6-AA83-68D2118ADCD9}"
EndProject
Project("{FAE04EC0-301F-11D3-BF4B-00C04F79EFBC}") = "Penguin.Messaging.Application.Local", "..\Penguin.Messaging.Application\Penguin.Messaging.Application.Local.csproj", "{F3A6D68D-80E2-4049-8065-A3DE32C04DE3}"
EndProject
Project("{FAE04EC0-301F-11D3-BF4B-00C04F79EFBC}") = "Penguin.Web.Mvc.Local", "..\Penguin.Web.Mvc\Penguin.Web.Mvc.Local.csproj", "{8711D77B-846F-4D7B-9C8C-207176A7A628}"
EndProject
Project("{FAE04EC0-301F-11D3-BF4B-00C04F79EFBC}") = "Penguin.Web.Mvc.Abstractions.Local", "..\Penguin.Web.Mvc.Abstractions\Penguin.Web.Mvc.Abstractions.Local.csproj", "{C978387C-5318-485F-BFAE-C3EFA9524E57}"
EndProject
Project("{FAE04EC0-301F-11D3-BF4B-00C04F79EFBC}") = "Penguin.Templating.Abstractions.Local", "..\Penguin.Templating.Abstractions\Penguin.Templating.Abstractions.Local.csproj", "{83730B3D-113F-426A-8BD2-10FA2121C948}"
EndProject
Project("{FAE04EC0-301F-11D3-BF4B-00C04F79EFBC}") = "Penguin.Testing.Local", "..\Penguin.Testing\Penguin.Testing.Local.csproj", "{B00CF4C9-1A0C-414A-B73E-FA45BAEF6AAD}"
EndProject
Project("{FAE04EC0-301F-11D3-BF4B-00C04F79EFBC}") = "Penguin.Web.Errors.Local", "..\Penguin.Web.Errors\Penguin.Web.Errors.Local.csproj", "{568AA6C7-50B9-4E8C-B456-AF6CD23EEDD2}"
EndProject
Project("{FAE04EC0-301F-11D3-BF4B-00C04F79EFBC}") = "Penguin.Web.Abstractions.Local", "..\Penguin.Web.Abstractions\Penguin.Web.Abstractions.Local.csproj", "{5119C1F2-90EF-402C-ACC7-55135C2324D9}"
EndProject
Project("{FAE04EC0-301F-11D3-BF4B-00C04F79EFBC}") = "Penguin.Web.DependencyInjection.Local", "..\Penguin.Web.DependencyInjection\Penguin.Web.DependencyInjection.Local.csproj", "{945B4B75-2BAD-4A2A-9EA1-5DF3269CFE13}"
EndProject
Project("{FAE04EC0-301F-11D3-BF4B-00C04F79EFBC}") = "Penguin.Web.Testing.Local", "..\Penguin.Web.Testing\Penguin.Web.Testing.Local.csproj", "{77A29D78-5264-4051-81E1-EE3EAF83CADC}"
EndProject
Project("{FAE04EC0-301F-11D3-BF4B-00C04F79EFBC}") = "Penguin.DependencyInjection.Local", "..\Penguin.DependencyInjection\Penguin.DependencyInjection.Local.csproj", "{66882680-8EA2-452E-92AC-F55EC4C823DC}"
EndProject
Project("{FAE04EC0-301F-11D3-BF4B-00C04F79EFBC}") = "Penguin.Configuration.Local", "..\Penguin.Configuration\Penguin.Configuration.Local.csproj", "{866446A6-DF37-4695-B8C6-5B2715E5112A}"
EndProject
Project("{FAE04EC0-301F-11D3-BF4B-00C04F79EFBC}") = "Penguin.Configuration.Abstractions.Local", "..\Penguin.Configuration.Abstractions\Penguin.Configuration.Abstractions.Local.csproj", "{E5924784-DA51-4752-AB3B-A40FCC8E8BFD}"
EndProject
Project("{FAE04EC0-301F-11D3-BF4B-00C04F79EFBC}") = "Penguin.Persistence.Database.Local", "..\Penguin.Persistence.Database\Penguin.Persistence.Database.Local.csproj", "{2AF45B88-0C70-4775-8247-52C225FD9FDA}"
EndProject
Project("{FAE04EC0-301F-11D3-BF4B-00C04F79EFBC}") = "Penguin.Threading.BackgroundWorker.Local", "..\Penguin.Threading.BackgroundWorker\Penguin.Threading.BackgroundWorker.Local.csproj", "{9C6BC470-D06D-4B47-959B-3A1ED19A3EF1}"
EndProject
Project("{FAE04EC0-301F-11D3-BF4B-00C04F79EFBC}") = "Penguin.Files.Local", "..\Penguin.Files\Penguin.Files.Local.csproj", "{72EEF5B1-16C6-42F7-8A62-98C8E1341FC9}"
EndProject
Project("{FAE04EC0-301F-11D3-BF4B-00C04F79EFBC}") = "Penguin.Files.Abstractions.Local", "..\Penguin.Files.Abstractions\Penguin.Files.Abstractions.Local.csproj", "{B8E24BA3-8FA6-4A32-BBD8-4DA8E199328E}"
EndProject
Project("{FAE04EC0-301F-11D3-BF4B-00C04F79EFBC}") = "Penguin.Reflection.Serialization.Extensions.Local", "..\Penguin.Reflection.Serialization.Extensions\Penguin.Reflection.Serialization.Extensions.Local.csproj", "{C3BBCC6E-E9D8-4066-9A88-0AAC81E6ACC1}"
EndProject
Global
	GlobalSection(SolutionConfigurationPlatforms) = preSolution
		Debug|Any CPU = Debug|Any CPU
		Debug|x64 = Debug|x64
		Debug|x86 = Debug|x86
		Release|Any CPU = Release|Any CPU
		Release|x64 = Release|x64
		Release|x86 = Release|x86
	EndGlobalSection
	GlobalSection(SolutionProperties) = preSolution
		HideSolutionNode = FALSE
	EndGlobalSection
	GlobalSection(ProjectConfigurationPlatforms) = postSolution
		{B2AC52BE-2944-417A-81E7-A76767ABDDDD}.Debug|Any CPU.ActiveCfg = Debug|Any CPU
		{B2AC52BE-2944-417A-81E7-A76767ABDDDD}.Debug|Any CPU.Build.0 = Debug|Any CPU
		{B2AC52BE-2944-417A-81E7-A76767ABDDDD}.Debug|x64.ActiveCfg = Debug|Any CPU
		{B2AC52BE-2944-417A-81E7-A76767ABDDDD}.Debug|x64.Build.0 = Debug|Any CPU
		{B2AC52BE-2944-417A-81E7-A76767ABDDDD}.Debug|x86.ActiveCfg = Debug|Any CPU
		{B2AC52BE-2944-417A-81E7-A76767ABDDDD}.Debug|x86.Build.0 = Debug|Any CPU
		{B2AC52BE-2944-417A-81E7-A76767ABDDDD}.Release|Any CPU.ActiveCfg = Release|Any CPU
		{B2AC52BE-2944-417A-81E7-A76767ABDDDD}.Release|Any CPU.Build.0 = Release|Any CPU
		{B2AC52BE-2944-417A-81E7-A76767ABDDDD}.Release|x64.ActiveCfg = Release|Any CPU
		{B2AC52BE-2944-417A-81E7-A76767ABDDDD}.Release|x64.Build.0 = Release|Any CPU
		{B2AC52BE-2944-417A-81E7-A76767ABDDDD}.Release|x86.ActiveCfg = Release|Any CPU
		{B2AC52BE-2944-417A-81E7-A76767ABDDDD}.Release|x86.Build.0 = Release|Any CPU
		{BDA04094-5295-41B7-A36D-EEA3CD1BE7D5}.Debug|Any CPU.ActiveCfg = Debug|Any CPU
		{BDA04094-5295-41B7-A36D-EEA3CD1BE7D5}.Debug|Any CPU.Build.0 = Debug|Any CPU
		{BDA04094-5295-41B7-A36D-EEA3CD1BE7D5}.Debug|x64.ActiveCfg = Debug|Any CPU
		{BDA04094-5295-41B7-A36D-EEA3CD1BE7D5}.Debug|x64.Build.0 = Debug|Any CPU
		{BDA04094-5295-41B7-A36D-EEA3CD1BE7D5}.Debug|x86.ActiveCfg = Debug|Any CPU
		{BDA04094-5295-41B7-A36D-EEA3CD1BE7D5}.Debug|x86.Build.0 = Debug|Any CPU
		{BDA04094-5295-41B7-A36D-EEA3CD1BE7D5}.Release|Any CPU.ActiveCfg = Release|Any CPU
		{BDA04094-5295-41B7-A36D-EEA3CD1BE7D5}.Release|Any CPU.Build.0 = Release|Any CPU
		{BDA04094-5295-41B7-A36D-EEA3CD1BE7D5}.Release|x64.ActiveCfg = Release|Any CPU
		{BDA04094-5295-41B7-A36D-EEA3CD1BE7D5}.Release|x64.Build.0 = Release|Any CPU
		{BDA04094-5295-41B7-A36D-EEA3CD1BE7D5}.Release|x86.ActiveCfg = Release|Any CPU
		{BDA04094-5295-41B7-A36D-EEA3CD1BE7D5}.Release|x86.Build.0 = Release|Any CPU
		{A47AC077-4F16-43EC-9518-6D6608058EF6}.Debug|Any CPU.ActiveCfg = Debug|Any CPU
		{A47AC077-4F16-43EC-9518-6D6608058EF6}.Debug|Any CPU.Build.0 = Debug|Any CPU
		{A47AC077-4F16-43EC-9518-6D6608058EF6}.Debug|x64.ActiveCfg = Debug|Any CPU
		{A47AC077-4F16-43EC-9518-6D6608058EF6}.Debug|x64.Build.0 = Debug|Any CPU
		{A47AC077-4F16-43EC-9518-6D6608058EF6}.Debug|x86.ActiveCfg = Debug|Any CPU
		{A47AC077-4F16-43EC-9518-6D6608058EF6}.Debug|x86.Build.0 = Debug|Any CPU
		{A47AC077-4F16-43EC-9518-6D6608058EF6}.Release|Any CPU.ActiveCfg = Release|Any CPU
		{A47AC077-4F16-43EC-9518-6D6608058EF6}.Release|Any CPU.Build.0 = Release|Any CPU
		{A47AC077-4F16-43EC-9518-6D6608058EF6}.Release|x64.ActiveCfg = Release|Any CPU
		{A47AC077-4F16-43EC-9518-6D6608058EF6}.Release|x64.Build.0 = Release|Any CPU
		{A47AC077-4F16-43EC-9518-6D6608058EF6}.Release|x86.ActiveCfg = Release|Any CPU
		{A47AC077-4F16-43EC-9518-6D6608058EF6}.Release|x86.Build.0 = Release|Any CPU
		{BBC68FA5-7FF2-471E-8D92-2968E7E2FD29}.Debug|Any CPU.ActiveCfg = Debug|Any CPU
		{BBC68FA5-7FF2-471E-8D92-2968E7E2FD29}.Debug|Any CPU.Build.0 = Debug|Any CPU
		{BBC68FA5-7FF2-471E-8D92-2968E7E2FD29}.Debug|x64.ActiveCfg = Debug|Any CPU
		{BBC68FA5-7FF2-471E-8D92-2968E7E2FD29}.Debug|x64.Build.0 = Debug|Any CPU
		{BBC68FA5-7FF2-471E-8D92-2968E7E2FD29}.Debug|x86.ActiveCfg = Debug|Any CPU
		{BBC68FA5-7FF2-471E-8D92-2968E7E2FD29}.Debug|x86.Build.0 = Debug|Any CPU
		{BBC68FA5-7FF2-471E-8D92-2968E7E2FD29}.Release|Any CPU.ActiveCfg = Release|Any CPU
		{BBC68FA5-7FF2-471E-8D92-2968E7E2FD29}.Release|Any CPU.Build.0 = Release|Any CPU
		{BBC68FA5-7FF2-471E-8D92-2968E7E2FD29}.Release|x64.ActiveCfg = Release|Any CPU
		{BBC68FA5-7FF2-471E-8D92-2968E7E2FD29}.Release|x64.Build.0 = Release|Any CPU
		{BBC68FA5-7FF2-471E-8D92-2968E7E2FD29}.Release|x86.ActiveCfg = Release|Any CPU
		{BBC68FA5-7FF2-471E-8D92-2968E7E2FD29}.Release|x86.Build.0 = Release|Any CPU
		{49CCB69F-D8FC-4113-8A18-7ABDBC2714E4}.Debug|Any CPU.ActiveCfg = Debug|Any CPU
		{49CCB69F-D8FC-4113-8A18-7ABDBC2714E4}.Debug|Any CPU.Build.0 = Debug|Any CPU
		{49CCB69F-D8FC-4113-8A18-7ABDBC2714E4}.Debug|x64.ActiveCfg = Debug|Any CPU
		{49CCB69F-D8FC-4113-8A18-7ABDBC2714E4}.Debug|x64.Build.0 = Debug|Any CPU
		{49CCB69F-D8FC-4113-8A18-7ABDBC2714E4}.Debug|x86.ActiveCfg = Debug|Any CPU
		{49CCB69F-D8FC-4113-8A18-7ABDBC2714E4}.Debug|x86.Build.0 = Debug|Any CPU
		{49CCB69F-D8FC-4113-8A18-7ABDBC2714E4}.Release|Any CPU.ActiveCfg = Release|Any CPU
		{49CCB69F-D8FC-4113-8A18-7ABDBC2714E4}.Release|Any CPU.Build.0 = Release|Any CPU
		{49CCB69F-D8FC-4113-8A18-7ABDBC2714E4}.Release|x64.ActiveCfg = Release|Any CPU
		{49CCB69F-D8FC-4113-8A18-7ABDBC2714E4}.Release|x64.Build.0 = Release|Any CPU
		{49CCB69F-D8FC-4113-8A18-7ABDBC2714E4}.Release|x86.ActiveCfg = Release|Any CPU
		{49CCB69F-D8FC-4113-8A18-7ABDBC2714E4}.Release|x86.Build.0 = Release|Any CPU
		{05E77B98-5857-4E5C-9A06-D422D22E0C84}.Debug|Any CPU.ActiveCfg = Debug|Any CPU
		{05E77B98-5857-4E5C-9A06-D422D22E0C84}.Debug|Any CPU.Build.0 = Debug|Any CPU
		{05E77B98-5857-4E5C-9A06-D422D22E0C84}.Debug|x64.ActiveCfg = Debug|Any CPU
		{05E77B98-5857-4E5C-9A06-D422D22E0C84}.Debug|x64.Build.0 = Debug|Any CPU
		{05E77B98-5857-4E5C-9A06-D422D22E0C84}.Debug|x86.ActiveCfg = Debug|Any CPU
		{05E77B98-5857-4E5C-9A06-D422D22E0C84}.Debug|x86.Build.0 = Debug|Any CPU
		{05E77B98-5857-4E5C-9A06-D422D22E0C84}.Release|Any CPU.ActiveCfg = Release|Any CPU
		{05E77B98-5857-4E5C-9A06-D422D22E0C84}.Release|Any CPU.Build.0 = Release|Any CPU
		{05E77B98-5857-4E5C-9A06-D422D22E0C84}.Release|x64.ActiveCfg = Release|Any CPU
		{05E77B98-5857-4E5C-9A06-D422D22E0C84}.Release|x64.Build.0 = Release|Any CPU
		{05E77B98-5857-4E5C-9A06-D422D22E0C84}.Release|x86.ActiveCfg = Release|Any CPU
		{05E77B98-5857-4E5C-9A06-D422D22E0C84}.Release|x86.Build.0 = Release|Any CPU
		{56FE3559-89EA-4E96-AA34-66368D022CA3}.Debug|Any CPU.ActiveCfg = Debug|Any CPU
		{56FE3559-89EA-4E96-AA34-66368D022CA3}.Debug|Any CPU.Build.0 = Debug|Any CPU
		{56FE3559-89EA-4E96-AA34-66368D022CA3}.Debug|x64.ActiveCfg = Debug|Any CPU
		{56FE3559-89EA-4E96-AA34-66368D022CA3}.Debug|x64.Build.0 = Debug|Any CPU
		{56FE3559-89EA-4E96-AA34-66368D022CA3}.Debug|x86.ActiveCfg = Debug|Any CPU
		{56FE3559-89EA-4E96-AA34-66368D022CA3}.Debug|x86.Build.0 = Debug|Any CPU
		{56FE3559-89EA-4E96-AA34-66368D022CA3}.Release|Any CPU.ActiveCfg = Release|Any CPU
		{56FE3559-89EA-4E96-AA34-66368D022CA3}.Release|Any CPU.Build.0 = Release|Any CPU
		{56FE3559-89EA-4E96-AA34-66368D022CA3}.Release|x64.ActiveCfg = Release|Any CPU
		{56FE3559-89EA-4E96-AA34-66368D022CA3}.Release|x64.Build.0 = Release|Any CPU
		{56FE3559-89EA-4E96-AA34-66368D022CA3}.Release|x86.ActiveCfg = Release|Any CPU
		{56FE3559-89EA-4E96-AA34-66368D022CA3}.Release|x86.Build.0 = Release|Any CPU
		{6147C1F5-FDD8-444E-8245-D72940C97D1C}.Debug|Any CPU.ActiveCfg = Debug|Any CPU
		{6147C1F5-FDD8-444E-8245-D72940C97D1C}.Debug|Any CPU.Build.0 = Debug|Any CPU
		{6147C1F5-FDD8-444E-8245-D72940C97D1C}.Debug|x64.ActiveCfg = Debug|Any CPU
		{6147C1F5-FDD8-444E-8245-D72940C97D1C}.Debug|x64.Build.0 = Debug|Any CPU
		{6147C1F5-FDD8-444E-8245-D72940C97D1C}.Debug|x86.ActiveCfg = Debug|Any CPU
		{6147C1F5-FDD8-444E-8245-D72940C97D1C}.Debug|x86.Build.0 = Debug|Any CPU
		{6147C1F5-FDD8-444E-8245-D72940C97D1C}.Release|Any CPU.ActiveCfg = Release|Any CPU
		{6147C1F5-FDD8-444E-8245-D72940C97D1C}.Release|Any CPU.Build.0 = Release|Any CPU
		{6147C1F5-FDD8-444E-8245-D72940C97D1C}.Release|x64.ActiveCfg = Release|Any CPU
		{6147C1F5-FDD8-444E-8245-D72940C97D1C}.Release|x64.Build.0 = Release|Any CPU
		{6147C1F5-FDD8-444E-8245-D72940C97D1C}.Release|x86.ActiveCfg = Release|Any CPU
		{6147C1F5-FDD8-444E-8245-D72940C97D1C}.Release|x86.Build.0 = Release|Any CPU
		{AA747E3C-1982-478A-B80F-31A09DAE8634}.Debug|Any CPU.ActiveCfg = Debug|Any CPU
		{AA747E3C-1982-478A-B80F-31A09DAE8634}.Debug|Any CPU.Build.0 = Debug|Any CPU
		{AA747E3C-1982-478A-B80F-31A09DAE8634}.Debug|x64.ActiveCfg = Debug|Any CPU
		{AA747E3C-1982-478A-B80F-31A09DAE8634}.Debug|x64.Build.0 = Debug|Any CPU
		{AA747E3C-1982-478A-B80F-31A09DAE8634}.Debug|x86.ActiveCfg = Debug|Any CPU
		{AA747E3C-1982-478A-B80F-31A09DAE8634}.Debug|x86.Build.0 = Debug|Any CPU
		{AA747E3C-1982-478A-B80F-31A09DAE8634}.Release|Any CPU.ActiveCfg = Release|Any CPU
		{AA747E3C-1982-478A-B80F-31A09DAE8634}.Release|Any CPU.Build.0 = Release|Any CPU
		{AA747E3C-1982-478A-B80F-31A09DAE8634}.Release|x64.ActiveCfg = Release|Any CPU
		{AA747E3C-1982-478A-B80F-31A09DAE8634}.Release|x64.Build.0 = Release|Any CPU
		{AA747E3C-1982-478A-B80F-31A09DAE8634}.Release|x86.ActiveCfg = Release|Any CPU
		{AA747E3C-1982-478A-B80F-31A09DAE8634}.Release|x86.Build.0 = Release|Any CPU
		{F54A2931-76E7-4B8D-8FDC-7577E1495800}.Debug|Any CPU.ActiveCfg = Debug|Any CPU
		{F54A2931-76E7-4B8D-8FDC-7577E1495800}.Debug|Any CPU.Build.0 = Debug|Any CPU
		{F54A2931-76E7-4B8D-8FDC-7577E1495800}.Debug|x64.ActiveCfg = Debug|Any CPU
		{F54A2931-76E7-4B8D-8FDC-7577E1495800}.Debug|x64.Build.0 = Debug|Any CPU
		{F54A2931-76E7-4B8D-8FDC-7577E1495800}.Debug|x86.ActiveCfg = Debug|Any CPU
		{F54A2931-76E7-4B8D-8FDC-7577E1495800}.Debug|x86.Build.0 = Debug|Any CPU
		{F54A2931-76E7-4B8D-8FDC-7577E1495800}.Release|Any CPU.ActiveCfg = Release|Any CPU
		{F54A2931-76E7-4B8D-8FDC-7577E1495800}.Release|Any CPU.Build.0 = Release|Any CPU
		{F54A2931-76E7-4B8D-8FDC-7577E1495800}.Release|x64.ActiveCfg = Release|Any CPU
		{F54A2931-76E7-4B8D-8FDC-7577E1495800}.Release|x64.Build.0 = Release|Any CPU
		{F54A2931-76E7-4B8D-8FDC-7577E1495800}.Release|x86.ActiveCfg = Release|Any CPU
		{F54A2931-76E7-4B8D-8FDC-7577E1495800}.Release|x86.Build.0 = Release|Any CPU
		{6E021B8C-9C9D-4C92-987F-7FAF6B7ABB8F}.Debug|Any CPU.ActiveCfg = Debug|Any CPU
		{6E021B8C-9C9D-4C92-987F-7FAF6B7ABB8F}.Debug|Any CPU.Build.0 = Debug|Any CPU
		{6E021B8C-9C9D-4C92-987F-7FAF6B7ABB8F}.Debug|x64.ActiveCfg = Debug|Any CPU
		{6E021B8C-9C9D-4C92-987F-7FAF6B7ABB8F}.Debug|x64.Build.0 = Debug|Any CPU
		{6E021B8C-9C9D-4C92-987F-7FAF6B7ABB8F}.Debug|x86.ActiveCfg = Debug|Any CPU
		{6E021B8C-9C9D-4C92-987F-7FAF6B7ABB8F}.Debug|x86.Build.0 = Debug|Any CPU
		{6E021B8C-9C9D-4C92-987F-7FAF6B7ABB8F}.Release|Any CPU.ActiveCfg = Release|Any CPU
		{6E021B8C-9C9D-4C92-987F-7FAF6B7ABB8F}.Release|Any CPU.Build.0 = Release|Any CPU
		{6E021B8C-9C9D-4C92-987F-7FAF6B7ABB8F}.Release|x64.ActiveCfg = Release|Any CPU
		{6E021B8C-9C9D-4C92-987F-7FAF6B7ABB8F}.Release|x64.Build.0 = Release|Any CPU
		{6E021B8C-9C9D-4C92-987F-7FAF6B7ABB8F}.Release|x86.ActiveCfg = Release|Any CPU
		{6E021B8C-9C9D-4C92-987F-7FAF6B7ABB8F}.Release|x86.Build.0 = Release|Any CPU
		{6AB8257B-64E7-4543-A1D9-845B574A7425}.Debug|Any CPU.ActiveCfg = Debug|Any CPU
		{6AB8257B-64E7-4543-A1D9-845B574A7425}.Debug|Any CPU.Build.0 = Debug|Any CPU
		{6AB8257B-64E7-4543-A1D9-845B574A7425}.Debug|x64.ActiveCfg = Debug|Any CPU
		{6AB8257B-64E7-4543-A1D9-845B574A7425}.Debug|x64.Build.0 = Debug|Any CPU
		{6AB8257B-64E7-4543-A1D9-845B574A7425}.Debug|x86.ActiveCfg = Debug|Any CPU
		{6AB8257B-64E7-4543-A1D9-845B574A7425}.Debug|x86.Build.0 = Debug|Any CPU
		{6AB8257B-64E7-4543-A1D9-845B574A7425}.Release|Any CPU.ActiveCfg = Release|Any CPU
		{6AB8257B-64E7-4543-A1D9-845B574A7425}.Release|Any CPU.Build.0 = Release|Any CPU
		{6AB8257B-64E7-4543-A1D9-845B574A7425}.Release|x64.ActiveCfg = Release|Any CPU
		{6AB8257B-64E7-4543-A1D9-845B574A7425}.Release|x64.Build.0 = Release|Any CPU
		{6AB8257B-64E7-4543-A1D9-845B574A7425}.Release|x86.ActiveCfg = Release|Any CPU
		{6AB8257B-64E7-4543-A1D9-845B574A7425}.Release|x86.Build.0 = Release|Any CPU
		{AB53CED3-03AA-4C71-B053-1431D2564A37}.Debug|Any CPU.ActiveCfg = Debug|Any CPU
		{AB53CED3-03AA-4C71-B053-1431D2564A37}.Debug|Any CPU.Build.0 = Debug|Any CPU
		{AB53CED3-03AA-4C71-B053-1431D2564A37}.Debug|x64.ActiveCfg = Debug|Any CPU
		{AB53CED3-03AA-4C71-B053-1431D2564A37}.Debug|x64.Build.0 = Debug|Any CPU
		{AB53CED3-03AA-4C71-B053-1431D2564A37}.Debug|x86.ActiveCfg = Debug|Any CPU
		{AB53CED3-03AA-4C71-B053-1431D2564A37}.Debug|x86.Build.0 = Debug|Any CPU
		{AB53CED3-03AA-4C71-B053-1431D2564A37}.Release|Any CPU.ActiveCfg = Release|Any CPU
		{AB53CED3-03AA-4C71-B053-1431D2564A37}.Release|Any CPU.Build.0 = Release|Any CPU
		{AB53CED3-03AA-4C71-B053-1431D2564A37}.Release|x64.ActiveCfg = Release|Any CPU
		{AB53CED3-03AA-4C71-B053-1431D2564A37}.Release|x64.Build.0 = Release|Any CPU
		{AB53CED3-03AA-4C71-B053-1431D2564A37}.Release|x86.ActiveCfg = Release|Any CPU
		{AB53CED3-03AA-4C71-B053-1431D2564A37}.Release|x86.Build.0 = Release|Any CPU
		{6EC07326-842C-4B5A-B48D-BC96E07D37E2}.Debug|Any CPU.ActiveCfg = Debug|Any CPU
		{6EC07326-842C-4B5A-B48D-BC96E07D37E2}.Debug|Any CPU.Build.0 = Debug|Any CPU
		{6EC07326-842C-4B5A-B48D-BC96E07D37E2}.Debug|x64.ActiveCfg = Debug|Any CPU
		{6EC07326-842C-4B5A-B48D-BC96E07D37E2}.Debug|x64.Build.0 = Debug|Any CPU
		{6EC07326-842C-4B5A-B48D-BC96E07D37E2}.Debug|x86.ActiveCfg = Debug|Any CPU
		{6EC07326-842C-4B5A-B48D-BC96E07D37E2}.Debug|x86.Build.0 = Debug|Any CPU
		{6EC07326-842C-4B5A-B48D-BC96E07D37E2}.Release|Any CPU.ActiveCfg = Release|Any CPU
		{6EC07326-842C-4B5A-B48D-BC96E07D37E2}.Release|Any CPU.Build.0 = Release|Any CPU
		{6EC07326-842C-4B5A-B48D-BC96E07D37E2}.Release|x64.ActiveCfg = Release|Any CPU
		{6EC07326-842C-4B5A-B48D-BC96E07D37E2}.Release|x64.Build.0 = Release|Any CPU
		{6EC07326-842C-4B5A-B48D-BC96E07D37E2}.Release|x86.ActiveCfg = Release|Any CPU
		{6EC07326-842C-4B5A-B48D-BC96E07D37E2}.Release|x86.Build.0 = Release|Any CPU
		{CFB56C4A-4A0F-4746-839F-117D3086A2C4}.Debug|Any CPU.ActiveCfg = Debug|Any CPU
		{CFB56C4A-4A0F-4746-839F-117D3086A2C4}.Debug|Any CPU.Build.0 = Debug|Any CPU
		{CFB56C4A-4A0F-4746-839F-117D3086A2C4}.Debug|x64.ActiveCfg = Debug|Any CPU
		{CFB56C4A-4A0F-4746-839F-117D3086A2C4}.Debug|x64.Build.0 = Debug|Any CPU
		{CFB56C4A-4A0F-4746-839F-117D3086A2C4}.Debug|x86.ActiveCfg = Debug|Any CPU
		{CFB56C4A-4A0F-4746-839F-117D3086A2C4}.Debug|x86.Build.0 = Debug|Any CPU
		{CFB56C4A-4A0F-4746-839F-117D3086A2C4}.Release|Any CPU.ActiveCfg = Release|Any CPU
		{CFB56C4A-4A0F-4746-839F-117D3086A2C4}.Release|Any CPU.Build.0 = Release|Any CPU
		{CFB56C4A-4A0F-4746-839F-117D3086A2C4}.Release|x64.ActiveCfg = Release|Any CPU
		{CFB56C4A-4A0F-4746-839F-117D3086A2C4}.Release|x64.Build.0 = Release|Any CPU
		{CFB56C4A-4A0F-4746-839F-117D3086A2C4}.Release|x86.ActiveCfg = Release|Any CPU
		{CFB56C4A-4A0F-4746-839F-117D3086A2C4}.Release|x86.Build.0 = Release|Any CPU
		{9D2ABDC4-D097-45DC-9DAE-39DE97E37903}.Debug|Any CPU.ActiveCfg = Debug|Any CPU
		{9D2ABDC4-D097-45DC-9DAE-39DE97E37903}.Debug|Any CPU.Build.0 = Debug|Any CPU
		{9D2ABDC4-D097-45DC-9DAE-39DE97E37903}.Debug|x64.ActiveCfg = Debug|Any CPU
		{9D2ABDC4-D097-45DC-9DAE-39DE97E37903}.Debug|x64.Build.0 = Debug|Any CPU
		{9D2ABDC4-D097-45DC-9DAE-39DE97E37903}.Debug|x86.ActiveCfg = Debug|Any CPU
		{9D2ABDC4-D097-45DC-9DAE-39DE97E37903}.Debug|x86.Build.0 = Debug|Any CPU
		{9D2ABDC4-D097-45DC-9DAE-39DE97E37903}.Release|Any CPU.ActiveCfg = Release|Any CPU
		{9D2ABDC4-D097-45DC-9DAE-39DE97E37903}.Release|Any CPU.Build.0 = Release|Any CPU
		{9D2ABDC4-D097-45DC-9DAE-39DE97E37903}.Release|x64.ActiveCfg = Release|Any CPU
		{9D2ABDC4-D097-45DC-9DAE-39DE97E37903}.Release|x64.Build.0 = Release|Any CPU
		{9D2ABDC4-D097-45DC-9DAE-39DE97E37903}.Release|x86.ActiveCfg = Release|Any CPU
		{9D2ABDC4-D097-45DC-9DAE-39DE97E37903}.Release|x86.Build.0 = Release|Any CPU
		{3D140F12-5CF6-49C8-A417-E75162A6D07E}.Debug|Any CPU.ActiveCfg = Debug|Any CPU
		{3D140F12-5CF6-49C8-A417-E75162A6D07E}.Debug|Any CPU.Build.0 = Debug|Any CPU
		{3D140F12-5CF6-49C8-A417-E75162A6D07E}.Debug|x64.ActiveCfg = Debug|Any CPU
		{3D140F12-5CF6-49C8-A417-E75162A6D07E}.Debug|x64.Build.0 = Debug|Any CPU
		{3D140F12-5CF6-49C8-A417-E75162A6D07E}.Debug|x86.ActiveCfg = Debug|Any CPU
		{3D140F12-5CF6-49C8-A417-E75162A6D07E}.Debug|x86.Build.0 = Debug|Any CPU
		{3D140F12-5CF6-49C8-A417-E75162A6D07E}.Release|Any CPU.ActiveCfg = Release|Any CPU
		{3D140F12-5CF6-49C8-A417-E75162A6D07E}.Release|Any CPU.Build.0 = Release|Any CPU
		{3D140F12-5CF6-49C8-A417-E75162A6D07E}.Release|x64.ActiveCfg = Release|Any CPU
		{3D140F12-5CF6-49C8-A417-E75162A6D07E}.Release|x64.Build.0 = Release|Any CPU
		{3D140F12-5CF6-49C8-A417-E75162A6D07E}.Release|x86.ActiveCfg = Release|Any CPU
		{3D140F12-5CF6-49C8-A417-E75162A6D07E}.Release|x86.Build.0 = Release|Any CPU
		{059F0B68-685B-42A2-BA4D-9199C69D015D}.Debug|Any CPU.ActiveCfg = Debug|Any CPU
		{059F0B68-685B-42A2-BA4D-9199C69D015D}.Debug|Any CPU.Build.0 = Debug|Any CPU
		{059F0B68-685B-42A2-BA4D-9199C69D015D}.Debug|x64.ActiveCfg = Debug|Any CPU
		{059F0B68-685B-42A2-BA4D-9199C69D015D}.Debug|x64.Build.0 = Debug|Any CPU
		{059F0B68-685B-42A2-BA4D-9199C69D015D}.Debug|x86.ActiveCfg = Debug|Any CPU
		{059F0B68-685B-42A2-BA4D-9199C69D015D}.Debug|x86.Build.0 = Debug|Any CPU
		{059F0B68-685B-42A2-BA4D-9199C69D015D}.Release|Any CPU.ActiveCfg = Release|Any CPU
		{059F0B68-685B-42A2-BA4D-9199C69D015D}.Release|Any CPU.Build.0 = Release|Any CPU
		{059F0B68-685B-42A2-BA4D-9199C69D015D}.Release|x64.ActiveCfg = Release|Any CPU
		{059F0B68-685B-42A2-BA4D-9199C69D015D}.Release|x64.Build.0 = Release|Any CPU
		{059F0B68-685B-42A2-BA4D-9199C69D015D}.Release|x86.ActiveCfg = Release|Any CPU
		{059F0B68-685B-42A2-BA4D-9199C69D015D}.Release|x86.Build.0 = Release|Any CPU
		{B110F80F-8F9D-4A31-9A75-4DC5DA918061}.Debug|Any CPU.ActiveCfg = Debug|Any CPU
		{B110F80F-8F9D-4A31-9A75-4DC5DA918061}.Debug|Any CPU.Build.0 = Debug|Any CPU
		{B110F80F-8F9D-4A31-9A75-4DC5DA918061}.Debug|x64.ActiveCfg = Debug|Any CPU
		{B110F80F-8F9D-4A31-9A75-4DC5DA918061}.Debug|x64.Build.0 = Debug|Any CPU
		{B110F80F-8F9D-4A31-9A75-4DC5DA918061}.Debug|x86.ActiveCfg = Debug|Any CPU
		{B110F80F-8F9D-4A31-9A75-4DC5DA918061}.Debug|x86.Build.0 = Debug|Any CPU
		{B110F80F-8F9D-4A31-9A75-4DC5DA918061}.Release|Any CPU.ActiveCfg = Release|Any CPU
		{B110F80F-8F9D-4A31-9A75-4DC5DA918061}.Release|Any CPU.Build.0 = Release|Any CPU
		{B110F80F-8F9D-4A31-9A75-4DC5DA918061}.Release|x64.ActiveCfg = Release|Any CPU
		{B110F80F-8F9D-4A31-9A75-4DC5DA918061}.Release|x64.Build.0 = Release|Any CPU
		{B110F80F-8F9D-4A31-9A75-4DC5DA918061}.Release|x86.ActiveCfg = Release|Any CPU
		{B110F80F-8F9D-4A31-9A75-4DC5DA918061}.Release|x86.Build.0 = Release|Any CPU
		{2E892EE0-0EBB-4A7D-9189-64CD80F6531E}.Debug|Any CPU.ActiveCfg = Debug|Any CPU
		{2E892EE0-0EBB-4A7D-9189-64CD80F6531E}.Debug|Any CPU.Build.0 = Debug|Any CPU
		{2E892EE0-0EBB-4A7D-9189-64CD80F6531E}.Debug|x64.ActiveCfg = Debug|Any CPU
		{2E892EE0-0EBB-4A7D-9189-64CD80F6531E}.Debug|x64.Build.0 = Debug|Any CPU
		{2E892EE0-0EBB-4A7D-9189-64CD80F6531E}.Debug|x86.ActiveCfg = Debug|Any CPU
		{2E892EE0-0EBB-4A7D-9189-64CD80F6531E}.Debug|x86.Build.0 = Debug|Any CPU
		{2E892EE0-0EBB-4A7D-9189-64CD80F6531E}.Release|Any CPU.ActiveCfg = Release|Any CPU
		{2E892EE0-0EBB-4A7D-9189-64CD80F6531E}.Release|Any CPU.Build.0 = Release|Any CPU
		{2E892EE0-0EBB-4A7D-9189-64CD80F6531E}.Release|x64.ActiveCfg = Release|Any CPU
		{2E892EE0-0EBB-4A7D-9189-64CD80F6531E}.Release|x64.Build.0 = Release|Any CPU
		{2E892EE0-0EBB-4A7D-9189-64CD80F6531E}.Release|x86.ActiveCfg = Release|Any CPU
		{2E892EE0-0EBB-4A7D-9189-64CD80F6531E}.Release|x86.Build.0 = Release|Any CPU
		{F1B06F31-925A-4CDC-A4CB-DCE7CC7694F2}.Debug|Any CPU.ActiveCfg = Debug|Any CPU
		{F1B06F31-925A-4CDC-A4CB-DCE7CC7694F2}.Debug|Any CPU.Build.0 = Debug|Any CPU
		{F1B06F31-925A-4CDC-A4CB-DCE7CC7694F2}.Debug|x64.ActiveCfg = Debug|Any CPU
		{F1B06F31-925A-4CDC-A4CB-DCE7CC7694F2}.Debug|x64.Build.0 = Debug|Any CPU
		{F1B06F31-925A-4CDC-A4CB-DCE7CC7694F2}.Debug|x86.ActiveCfg = Debug|Any CPU
		{F1B06F31-925A-4CDC-A4CB-DCE7CC7694F2}.Debug|x86.Build.0 = Debug|Any CPU
		{F1B06F31-925A-4CDC-A4CB-DCE7CC7694F2}.Release|Any CPU.ActiveCfg = Release|Any CPU
		{F1B06F31-925A-4CDC-A4CB-DCE7CC7694F2}.Release|Any CPU.Build.0 = Release|Any CPU
		{F1B06F31-925A-4CDC-A4CB-DCE7CC7694F2}.Release|x64.ActiveCfg = Release|Any CPU
		{F1B06F31-925A-4CDC-A4CB-DCE7CC7694F2}.Release|x64.Build.0 = Release|Any CPU
		{F1B06F31-925A-4CDC-A4CB-DCE7CC7694F2}.Release|x86.ActiveCfg = Release|Any CPU
		{F1B06F31-925A-4CDC-A4CB-DCE7CC7694F2}.Release|x86.Build.0 = Release|Any CPU
		{7A68471E-3AE5-4E02-AD8D-4A1E370445B1}.Debug|Any CPU.ActiveCfg = Debug|Any CPU
		{7A68471E-3AE5-4E02-AD8D-4A1E370445B1}.Debug|Any CPU.Build.0 = Debug|Any CPU
		{7A68471E-3AE5-4E02-AD8D-4A1E370445B1}.Debug|x64.ActiveCfg = Debug|Any CPU
		{7A68471E-3AE5-4E02-AD8D-4A1E370445B1}.Debug|x64.Build.0 = Debug|Any CPU
		{7A68471E-3AE5-4E02-AD8D-4A1E370445B1}.Debug|x86.ActiveCfg = Debug|Any CPU
		{7A68471E-3AE5-4E02-AD8D-4A1E370445B1}.Debug|x86.Build.0 = Debug|Any CPU
		{7A68471E-3AE5-4E02-AD8D-4A1E370445B1}.Release|Any CPU.ActiveCfg = Release|Any CPU
		{7A68471E-3AE5-4E02-AD8D-4A1E370445B1}.Release|Any CPU.Build.0 = Release|Any CPU
		{7A68471E-3AE5-4E02-AD8D-4A1E370445B1}.Release|x64.ActiveCfg = Release|Any CPU
		{7A68471E-3AE5-4E02-AD8D-4A1E370445B1}.Release|x64.Build.0 = Release|Any CPU
		{7A68471E-3AE5-4E02-AD8D-4A1E370445B1}.Release|x86.ActiveCfg = Release|Any CPU
		{7A68471E-3AE5-4E02-AD8D-4A1E370445B1}.Release|x86.Build.0 = Release|Any CPU
		{49264D80-DFC8-4E45-9D83-9E5B69A72093}.Debug|Any CPU.ActiveCfg = Debug|Any CPU
		{49264D80-DFC8-4E45-9D83-9E5B69A72093}.Debug|Any CPU.Build.0 = Debug|Any CPU
		{49264D80-DFC8-4E45-9D83-9E5B69A72093}.Debug|x64.ActiveCfg = Debug|Any CPU
		{49264D80-DFC8-4E45-9D83-9E5B69A72093}.Debug|x64.Build.0 = Debug|Any CPU
		{49264D80-DFC8-4E45-9D83-9E5B69A72093}.Debug|x86.ActiveCfg = Debug|Any CPU
		{49264D80-DFC8-4E45-9D83-9E5B69A72093}.Debug|x86.Build.0 = Debug|Any CPU
		{49264D80-DFC8-4E45-9D83-9E5B69A72093}.Release|Any CPU.ActiveCfg = Release|Any CPU
		{49264D80-DFC8-4E45-9D83-9E5B69A72093}.Release|Any CPU.Build.0 = Release|Any CPU
		{49264D80-DFC8-4E45-9D83-9E5B69A72093}.Release|x64.ActiveCfg = Release|Any CPU
		{49264D80-DFC8-4E45-9D83-9E5B69A72093}.Release|x64.Build.0 = Release|Any CPU
		{49264D80-DFC8-4E45-9D83-9E5B69A72093}.Release|x86.ActiveCfg = Release|Any CPU
		{49264D80-DFC8-4E45-9D83-9E5B69A72093}.Release|x86.Build.0 = Release|Any CPU
		{A51C0784-ADCC-4F6C-B607-2E940C5D0D88}.Debug|Any CPU.ActiveCfg = Debug|Any CPU
		{A51C0784-ADCC-4F6C-B607-2E940C5D0D88}.Debug|Any CPU.Build.0 = Debug|Any CPU
		{A51C0784-ADCC-4F6C-B607-2E940C5D0D88}.Debug|x64.ActiveCfg = Debug|Any CPU
		{A51C0784-ADCC-4F6C-B607-2E940C5D0D88}.Debug|x64.Build.0 = Debug|Any CPU
		{A51C0784-ADCC-4F6C-B607-2E940C5D0D88}.Debug|x86.ActiveCfg = Debug|Any CPU
		{A51C0784-ADCC-4F6C-B607-2E940C5D0D88}.Debug|x86.Build.0 = Debug|Any CPU
		{A51C0784-ADCC-4F6C-B607-2E940C5D0D88}.Release|Any CPU.ActiveCfg = Release|Any CPU
		{A51C0784-ADCC-4F6C-B607-2E940C5D0D88}.Release|Any CPU.Build.0 = Release|Any CPU
		{A51C0784-ADCC-4F6C-B607-2E940C5D0D88}.Release|x64.ActiveCfg = Release|Any CPU
		{A51C0784-ADCC-4F6C-B607-2E940C5D0D88}.Release|x64.Build.0 = Release|Any CPU
		{A51C0784-ADCC-4F6C-B607-2E940C5D0D88}.Release|x86.ActiveCfg = Release|Any CPU
		{A51C0784-ADCC-4F6C-B607-2E940C5D0D88}.Release|x86.Build.0 = Release|Any CPU
		{F21F0EDF-F67A-4266-B725-AD2CAB45E6F1}.Debug|Any CPU.ActiveCfg = Debug|Any CPU
		{F21F0EDF-F67A-4266-B725-AD2CAB45E6F1}.Debug|Any CPU.Build.0 = Debug|Any CPU
		{F21F0EDF-F67A-4266-B725-AD2CAB45E6F1}.Debug|x64.ActiveCfg = Debug|Any CPU
		{F21F0EDF-F67A-4266-B725-AD2CAB45E6F1}.Debug|x64.Build.0 = Debug|Any CPU
		{F21F0EDF-F67A-4266-B725-AD2CAB45E6F1}.Debug|x86.ActiveCfg = Debug|Any CPU
		{F21F0EDF-F67A-4266-B725-AD2CAB45E6F1}.Debug|x86.Build.0 = Debug|Any CPU
		{F21F0EDF-F67A-4266-B725-AD2CAB45E6F1}.Release|Any CPU.ActiveCfg = Release|Any CPU
		{F21F0EDF-F67A-4266-B725-AD2CAB45E6F1}.Release|Any CPU.Build.0 = Release|Any CPU
		{F21F0EDF-F67A-4266-B725-AD2CAB45E6F1}.Release|x64.ActiveCfg = Release|Any CPU
		{F21F0EDF-F67A-4266-B725-AD2CAB45E6F1}.Release|x64.Build.0 = Release|Any CPU
		{F21F0EDF-F67A-4266-B725-AD2CAB45E6F1}.Release|x86.ActiveCfg = Release|Any CPU
		{F21F0EDF-F67A-4266-B725-AD2CAB45E6F1}.Release|x86.Build.0 = Release|Any CPU
		{980D6F83-7F22-4D83-8143-175FA81AA1AA}.Debug|Any CPU.ActiveCfg = Debug|Any CPU
		{980D6F83-7F22-4D83-8143-175FA81AA1AA}.Debug|Any CPU.Build.0 = Debug|Any CPU
		{980D6F83-7F22-4D83-8143-175FA81AA1AA}.Debug|x64.ActiveCfg = Debug|Any CPU
		{980D6F83-7F22-4D83-8143-175FA81AA1AA}.Debug|x64.Build.0 = Debug|Any CPU
		{980D6F83-7F22-4D83-8143-175FA81AA1AA}.Debug|x86.ActiveCfg = Debug|Any CPU
		{980D6F83-7F22-4D83-8143-175FA81AA1AA}.Debug|x86.Build.0 = Debug|Any CPU
		{980D6F83-7F22-4D83-8143-175FA81AA1AA}.Release|Any CPU.ActiveCfg = Release|Any CPU
		{980D6F83-7F22-4D83-8143-175FA81AA1AA}.Release|Any CPU.Build.0 = Release|Any CPU
		{980D6F83-7F22-4D83-8143-175FA81AA1AA}.Release|x64.ActiveCfg = Release|Any CPU
		{980D6F83-7F22-4D83-8143-175FA81AA1AA}.Release|x64.Build.0 = Release|Any CPU
		{980D6F83-7F22-4D83-8143-175FA81AA1AA}.Release|x86.ActiveCfg = Release|Any CPU
		{980D6F83-7F22-4D83-8143-175FA81AA1AA}.Release|x86.Build.0 = Release|Any CPU
		{FE384BA5-2CDB-45DB-8356-A2C0B7A896D1}.Debug|Any CPU.ActiveCfg = Debug|Any CPU
		{FE384BA5-2CDB-45DB-8356-A2C0B7A896D1}.Debug|Any CPU.Build.0 = Debug|Any CPU
		{FE384BA5-2CDB-45DB-8356-A2C0B7A896D1}.Debug|x64.ActiveCfg = Debug|Any CPU
		{FE384BA5-2CDB-45DB-8356-A2C0B7A896D1}.Debug|x64.Build.0 = Debug|Any CPU
		{FE384BA5-2CDB-45DB-8356-A2C0B7A896D1}.Debug|x86.ActiveCfg = Debug|Any CPU
		{FE384BA5-2CDB-45DB-8356-A2C0B7A896D1}.Debug|x86.Build.0 = Debug|Any CPU
		{FE384BA5-2CDB-45DB-8356-A2C0B7A896D1}.Release|Any CPU.ActiveCfg = Release|Any CPU
		{FE384BA5-2CDB-45DB-8356-A2C0B7A896D1}.Release|Any CPU.Build.0 = Release|Any CPU
		{FE384BA5-2CDB-45DB-8356-A2C0B7A896D1}.Release|x64.ActiveCfg = Release|Any CPU
		{FE384BA5-2CDB-45DB-8356-A2C0B7A896D1}.Release|x64.Build.0 = Release|Any CPU
		{FE384BA5-2CDB-45DB-8356-A2C0B7A896D1}.Release|x86.ActiveCfg = Release|Any CPU
		{FE384BA5-2CDB-45DB-8356-A2C0B7A896D1}.Release|x86.Build.0 = Release|Any CPU
		{F196EC6C-0F7F-4377-A8C7-B7C14B245992}.Debug|Any CPU.ActiveCfg = Debug|Any CPU
		{F196EC6C-0F7F-4377-A8C7-B7C14B245992}.Debug|Any CPU.Build.0 = Debug|Any CPU
		{F196EC6C-0F7F-4377-A8C7-B7C14B245992}.Debug|x64.ActiveCfg = Debug|Any CPU
		{F196EC6C-0F7F-4377-A8C7-B7C14B245992}.Debug|x64.Build.0 = Debug|Any CPU
		{F196EC6C-0F7F-4377-A8C7-B7C14B245992}.Debug|x86.ActiveCfg = Debug|Any CPU
		{F196EC6C-0F7F-4377-A8C7-B7C14B245992}.Debug|x86.Build.0 = Debug|Any CPU
		{F196EC6C-0F7F-4377-A8C7-B7C14B245992}.Release|Any CPU.ActiveCfg = Release|Any CPU
		{F196EC6C-0F7F-4377-A8C7-B7C14B245992}.Release|Any CPU.Build.0 = Release|Any CPU
		{F196EC6C-0F7F-4377-A8C7-B7C14B245992}.Release|x64.ActiveCfg = Release|Any CPU
		{F196EC6C-0F7F-4377-A8C7-B7C14B245992}.Release|x64.Build.0 = Release|Any CPU
		{F196EC6C-0F7F-4377-A8C7-B7C14B245992}.Release|x86.ActiveCfg = Release|Any CPU
		{F196EC6C-0F7F-4377-A8C7-B7C14B245992}.Release|x86.Build.0 = Release|Any CPU
		{34C130FA-2501-4502-983D-99F3A25822DA}.Debug|Any CPU.ActiveCfg = Debug|Any CPU
		{34C130FA-2501-4502-983D-99F3A25822DA}.Debug|Any CPU.Build.0 = Debug|Any CPU
		{34C130FA-2501-4502-983D-99F3A25822DA}.Debug|x64.ActiveCfg = Debug|Any CPU
		{34C130FA-2501-4502-983D-99F3A25822DA}.Debug|x64.Build.0 = Debug|Any CPU
		{34C130FA-2501-4502-983D-99F3A25822DA}.Debug|x86.ActiveCfg = Debug|Any CPU
		{34C130FA-2501-4502-983D-99F3A25822DA}.Debug|x86.Build.0 = Debug|Any CPU
		{34C130FA-2501-4502-983D-99F3A25822DA}.Release|Any CPU.ActiveCfg = Release|Any CPU
		{34C130FA-2501-4502-983D-99F3A25822DA}.Release|Any CPU.Build.0 = Release|Any CPU
		{34C130FA-2501-4502-983D-99F3A25822DA}.Release|x64.ActiveCfg = Release|Any CPU
		{34C130FA-2501-4502-983D-99F3A25822DA}.Release|x64.Build.0 = Release|Any CPU
		{34C130FA-2501-4502-983D-99F3A25822DA}.Release|x86.ActiveCfg = Release|Any CPU
		{34C130FA-2501-4502-983D-99F3A25822DA}.Release|x86.Build.0 = Release|Any CPU
		{6C24A441-1E64-467A-9210-C6474AC2D725}.Debug|Any CPU.ActiveCfg = Debug|Any CPU
		{6C24A441-1E64-467A-9210-C6474AC2D725}.Debug|Any CPU.Build.0 = Debug|Any CPU
		{6C24A441-1E64-467A-9210-C6474AC2D725}.Debug|x64.ActiveCfg = Debug|Any CPU
		{6C24A441-1E64-467A-9210-C6474AC2D725}.Debug|x64.Build.0 = Debug|Any CPU
		{6C24A441-1E64-467A-9210-C6474AC2D725}.Debug|x86.ActiveCfg = Debug|Any CPU
		{6C24A441-1E64-467A-9210-C6474AC2D725}.Debug|x86.Build.0 = Debug|Any CPU
		{6C24A441-1E64-467A-9210-C6474AC2D725}.Release|Any CPU.ActiveCfg = Release|Any CPU
		{6C24A441-1E64-467A-9210-C6474AC2D725}.Release|Any CPU.Build.0 = Release|Any CPU
		{6C24A441-1E64-467A-9210-C6474AC2D725}.Release|x64.ActiveCfg = Release|Any CPU
		{6C24A441-1E64-467A-9210-C6474AC2D725}.Release|x64.Build.0 = Release|Any CPU
		{6C24A441-1E64-467A-9210-C6474AC2D725}.Release|x86.ActiveCfg = Release|Any CPU
		{6C24A441-1E64-467A-9210-C6474AC2D725}.Release|x86.Build.0 = Release|Any CPU
		{B4D6D6D7-D764-4A1C-894D-24B7BDE8BD42}.Debug|Any CPU.ActiveCfg = Debug|Any CPU
		{B4D6D6D7-D764-4A1C-894D-24B7BDE8BD42}.Debug|Any CPU.Build.0 = Debug|Any CPU
		{B4D6D6D7-D764-4A1C-894D-24B7BDE8BD42}.Debug|x64.ActiveCfg = Debug|Any CPU
		{B4D6D6D7-D764-4A1C-894D-24B7BDE8BD42}.Debug|x64.Build.0 = Debug|Any CPU
		{B4D6D6D7-D764-4A1C-894D-24B7BDE8BD42}.Debug|x86.ActiveCfg = Debug|Any CPU
		{B4D6D6D7-D764-4A1C-894D-24B7BDE8BD42}.Debug|x86.Build.0 = Debug|Any CPU
		{B4D6D6D7-D764-4A1C-894D-24B7BDE8BD42}.Release|Any CPU.ActiveCfg = Release|Any CPU
		{B4D6D6D7-D764-4A1C-894D-24B7BDE8BD42}.Release|Any CPU.Build.0 = Release|Any CPU
		{B4D6D6D7-D764-4A1C-894D-24B7BDE8BD42}.Release|x64.ActiveCfg = Release|Any CPU
		{B4D6D6D7-D764-4A1C-894D-24B7BDE8BD42}.Release|x64.Build.0 = Release|Any CPU
		{B4D6D6D7-D764-4A1C-894D-24B7BDE8BD42}.Release|x86.ActiveCfg = Release|Any CPU
		{B4D6D6D7-D764-4A1C-894D-24B7BDE8BD42}.Release|x86.Build.0 = Release|Any CPU
		{F4034040-94A3-483F-9C84-3E892BE8AB6F}.Debug|Any CPU.ActiveCfg = Debug|Any CPU
		{F4034040-94A3-483F-9C84-3E892BE8AB6F}.Debug|Any CPU.Build.0 = Debug|Any CPU
		{F4034040-94A3-483F-9C84-3E892BE8AB6F}.Debug|x64.ActiveCfg = Debug|Any CPU
		{F4034040-94A3-483F-9C84-3E892BE8AB6F}.Debug|x64.Build.0 = Debug|Any CPU
		{F4034040-94A3-483F-9C84-3E892BE8AB6F}.Debug|x86.ActiveCfg = Debug|Any CPU
		{F4034040-94A3-483F-9C84-3E892BE8AB6F}.Debug|x86.Build.0 = Debug|Any CPU
		{F4034040-94A3-483F-9C84-3E892BE8AB6F}.Release|Any CPU.ActiveCfg = Release|Any CPU
		{F4034040-94A3-483F-9C84-3E892BE8AB6F}.Release|Any CPU.Build.0 = Release|Any CPU
		{F4034040-94A3-483F-9C84-3E892BE8AB6F}.Release|x64.ActiveCfg = Release|Any CPU
		{F4034040-94A3-483F-9C84-3E892BE8AB6F}.Release|x64.Build.0 = Release|Any CPU
		{F4034040-94A3-483F-9C84-3E892BE8AB6F}.Release|x86.ActiveCfg = Release|Any CPU
		{F4034040-94A3-483F-9C84-3E892BE8AB6F}.Release|x86.Build.0 = Release|Any CPU
		{C38AA351-444D-4827-A28C-E90F3B9AB765}.Debug|Any CPU.ActiveCfg = Debug|Any CPU
		{C38AA351-444D-4827-A28C-E90F3B9AB765}.Debug|Any CPU.Build.0 = Debug|Any CPU
		{C38AA351-444D-4827-A28C-E90F3B9AB765}.Debug|x64.ActiveCfg = Debug|Any CPU
		{C38AA351-444D-4827-A28C-E90F3B9AB765}.Debug|x64.Build.0 = Debug|Any CPU
		{C38AA351-444D-4827-A28C-E90F3B9AB765}.Debug|x86.ActiveCfg = Debug|Any CPU
		{C38AA351-444D-4827-A28C-E90F3B9AB765}.Debug|x86.Build.0 = Debug|Any CPU
		{C38AA351-444D-4827-A28C-E90F3B9AB765}.Release|Any CPU.ActiveCfg = Release|Any CPU
		{C38AA351-444D-4827-A28C-E90F3B9AB765}.Release|Any CPU.Build.0 = Release|Any CPU
		{C38AA351-444D-4827-A28C-E90F3B9AB765}.Release|x64.ActiveCfg = Release|Any CPU
		{C38AA351-444D-4827-A28C-E90F3B9AB765}.Release|x64.Build.0 = Release|Any CPU
		{C38AA351-444D-4827-A28C-E90F3B9AB765}.Release|x86.ActiveCfg = Release|Any CPU
		{C38AA351-444D-4827-A28C-E90F3B9AB765}.Release|x86.Build.0 = Release|Any CPU
		{9DD28B2A-EBA0-4DC9-9C7F-7AC67EC599FB}.Debug|Any CPU.ActiveCfg = Debug|Any CPU
		{9DD28B2A-EBA0-4DC9-9C7F-7AC67EC599FB}.Debug|Any CPU.Build.0 = Debug|Any CPU
		{9DD28B2A-EBA0-4DC9-9C7F-7AC67EC599FB}.Debug|x64.ActiveCfg = Debug|Any CPU
		{9DD28B2A-EBA0-4DC9-9C7F-7AC67EC599FB}.Debug|x64.Build.0 = Debug|Any CPU
		{9DD28B2A-EBA0-4DC9-9C7F-7AC67EC599FB}.Debug|x86.ActiveCfg = Debug|Any CPU
		{9DD28B2A-EBA0-4DC9-9C7F-7AC67EC599FB}.Debug|x86.Build.0 = Debug|Any CPU
		{9DD28B2A-EBA0-4DC9-9C7F-7AC67EC599FB}.Release|Any CPU.ActiveCfg = Release|Any CPU
		{9DD28B2A-EBA0-4DC9-9C7F-7AC67EC599FB}.Release|Any CPU.Build.0 = Release|Any CPU
		{9DD28B2A-EBA0-4DC9-9C7F-7AC67EC599FB}.Release|x64.ActiveCfg = Release|Any CPU
		{9DD28B2A-EBA0-4DC9-9C7F-7AC67EC599FB}.Release|x64.Build.0 = Release|Any CPU
		{9DD28B2A-EBA0-4DC9-9C7F-7AC67EC599FB}.Release|x86.ActiveCfg = Release|Any CPU
		{9DD28B2A-EBA0-4DC9-9C7F-7AC67EC599FB}.Release|x86.Build.0 = Release|Any CPU
		{07FF7055-839C-4E14-897A-5C5C1433A687}.Debug|Any CPU.ActiveCfg = Debug|Any CPU
		{07FF7055-839C-4E14-897A-5C5C1433A687}.Debug|Any CPU.Build.0 = Debug|Any CPU
		{07FF7055-839C-4E14-897A-5C5C1433A687}.Debug|x64.ActiveCfg = Debug|Any CPU
		{07FF7055-839C-4E14-897A-5C5C1433A687}.Debug|x64.Build.0 = Debug|Any CPU
		{07FF7055-839C-4E14-897A-5C5C1433A687}.Debug|x86.ActiveCfg = Debug|Any CPU
		{07FF7055-839C-4E14-897A-5C5C1433A687}.Debug|x86.Build.0 = Debug|Any CPU
		{07FF7055-839C-4E14-897A-5C5C1433A687}.Release|Any CPU.ActiveCfg = Release|Any CPU
		{07FF7055-839C-4E14-897A-5C5C1433A687}.Release|Any CPU.Build.0 = Release|Any CPU
		{07FF7055-839C-4E14-897A-5C5C1433A687}.Release|x64.ActiveCfg = Release|Any CPU
		{07FF7055-839C-4E14-897A-5C5C1433A687}.Release|x64.Build.0 = Release|Any CPU
		{07FF7055-839C-4E14-897A-5C5C1433A687}.Release|x86.ActiveCfg = Release|Any CPU
		{07FF7055-839C-4E14-897A-5C5C1433A687}.Release|x86.Build.0 = Release|Any CPU
		{44F71E39-6178-471F-9691-9AF2251E78BC}.Debug|Any CPU.ActiveCfg = Debug|Any CPU
		{44F71E39-6178-471F-9691-9AF2251E78BC}.Debug|Any CPU.Build.0 = Debug|Any CPU
		{44F71E39-6178-471F-9691-9AF2251E78BC}.Debug|x64.ActiveCfg = Debug|Any CPU
		{44F71E39-6178-471F-9691-9AF2251E78BC}.Debug|x64.Build.0 = Debug|Any CPU
		{44F71E39-6178-471F-9691-9AF2251E78BC}.Debug|x86.ActiveCfg = Debug|Any CPU
		{44F71E39-6178-471F-9691-9AF2251E78BC}.Debug|x86.Build.0 = Debug|Any CPU
		{44F71E39-6178-471F-9691-9AF2251E78BC}.Release|Any CPU.ActiveCfg = Release|Any CPU
		{44F71E39-6178-471F-9691-9AF2251E78BC}.Release|Any CPU.Build.0 = Release|Any CPU
		{44F71E39-6178-471F-9691-9AF2251E78BC}.Release|x64.ActiveCfg = Release|Any CPU
		{44F71E39-6178-471F-9691-9AF2251E78BC}.Release|x64.Build.0 = Release|Any CPU
		{44F71E39-6178-471F-9691-9AF2251E78BC}.Release|x86.ActiveCfg = Release|Any CPU
		{44F71E39-6178-471F-9691-9AF2251E78BC}.Release|x86.Build.0 = Release|Any CPU
		{41735744-03CE-46B6-AA83-68D2118ADCD9}.Debug|Any CPU.ActiveCfg = Debug|Any CPU
		{41735744-03CE-46B6-AA83-68D2118ADCD9}.Debug|Any CPU.Build.0 = Debug|Any CPU
		{41735744-03CE-46B6-AA83-68D2118ADCD9}.Debug|x64.ActiveCfg = Debug|Any CPU
		{41735744-03CE-46B6-AA83-68D2118ADCD9}.Debug|x64.Build.0 = Debug|Any CPU
		{41735744-03CE-46B6-AA83-68D2118ADCD9}.Debug|x86.ActiveCfg = Debug|Any CPU
		{41735744-03CE-46B6-AA83-68D2118ADCD9}.Debug|x86.Build.0 = Debug|Any CPU
		{41735744-03CE-46B6-AA83-68D2118ADCD9}.Release|Any CPU.ActiveCfg = Release|Any CPU
		{41735744-03CE-46B6-AA83-68D2118ADCD9}.Release|Any CPU.Build.0 = Release|Any CPU
		{41735744-03CE-46B6-AA83-68D2118ADCD9}.Release|x64.ActiveCfg = Release|Any CPU
		{41735744-03CE-46B6-AA83-68D2118ADCD9}.Release|x64.Build.0 = Release|Any CPU
		{41735744-03CE-46B6-AA83-68D2118ADCD9}.Release|x86.ActiveCfg = Release|Any CPU
		{41735744-03CE-46B6-AA83-68D2118ADCD9}.Release|x86.Build.0 = Release|Any CPU
		{F3A6D68D-80E2-4049-8065-A3DE32C04DE3}.Debug|Any CPU.ActiveCfg = Debug|Any CPU
		{F3A6D68D-80E2-4049-8065-A3DE32C04DE3}.Debug|Any CPU.Build.0 = Debug|Any CPU
		{F3A6D68D-80E2-4049-8065-A3DE32C04DE3}.Debug|x64.ActiveCfg = Debug|Any CPU
		{F3A6D68D-80E2-4049-8065-A3DE32C04DE3}.Debug|x64.Build.0 = Debug|Any CPU
		{F3A6D68D-80E2-4049-8065-A3DE32C04DE3}.Debug|x86.ActiveCfg = Debug|Any CPU
		{F3A6D68D-80E2-4049-8065-A3DE32C04DE3}.Debug|x86.Build.0 = Debug|Any CPU
		{F3A6D68D-80E2-4049-8065-A3DE32C04DE3}.Release|Any CPU.ActiveCfg = Release|Any CPU
		{F3A6D68D-80E2-4049-8065-A3DE32C04DE3}.Release|Any CPU.Build.0 = Release|Any CPU
		{F3A6D68D-80E2-4049-8065-A3DE32C04DE3}.Release|x64.ActiveCfg = Release|Any CPU
		{F3A6D68D-80E2-4049-8065-A3DE32C04DE3}.Release|x64.Build.0 = Release|Any CPU
		{F3A6D68D-80E2-4049-8065-A3DE32C04DE3}.Release|x86.ActiveCfg = Release|Any CPU
		{F3A6D68D-80E2-4049-8065-A3DE32C04DE3}.Release|x86.Build.0 = Release|Any CPU
		{8711D77B-846F-4D7B-9C8C-207176A7A628}.Debug|Any CPU.ActiveCfg = Debug|Any CPU
		{8711D77B-846F-4D7B-9C8C-207176A7A628}.Debug|Any CPU.Build.0 = Debug|Any CPU
		{8711D77B-846F-4D7B-9C8C-207176A7A628}.Debug|x64.ActiveCfg = Debug|Any CPU
		{8711D77B-846F-4D7B-9C8C-207176A7A628}.Debug|x64.Build.0 = Debug|Any CPU
		{8711D77B-846F-4D7B-9C8C-207176A7A628}.Debug|x86.ActiveCfg = Debug|Any CPU
		{8711D77B-846F-4D7B-9C8C-207176A7A628}.Debug|x86.Build.0 = Debug|Any CPU
		{8711D77B-846F-4D7B-9C8C-207176A7A628}.Release|Any CPU.ActiveCfg = Release|Any CPU
		{8711D77B-846F-4D7B-9C8C-207176A7A628}.Release|Any CPU.Build.0 = Release|Any CPU
		{8711D77B-846F-4D7B-9C8C-207176A7A628}.Release|x64.ActiveCfg = Release|Any CPU
		{8711D77B-846F-4D7B-9C8C-207176A7A628}.Release|x64.Build.0 = Release|Any CPU
		{8711D77B-846F-4D7B-9C8C-207176A7A628}.Release|x86.ActiveCfg = Release|Any CPU
		{8711D77B-846F-4D7B-9C8C-207176A7A628}.Release|x86.Build.0 = Release|Any CPU
		{C978387C-5318-485F-BFAE-C3EFA9524E57}.Debug|Any CPU.ActiveCfg = Debug|Any CPU
		{C978387C-5318-485F-BFAE-C3EFA9524E57}.Debug|Any CPU.Build.0 = Debug|Any CPU
		{C978387C-5318-485F-BFAE-C3EFA9524E57}.Debug|x64.ActiveCfg = Debug|Any CPU
		{C978387C-5318-485F-BFAE-C3EFA9524E57}.Debug|x64.Build.0 = Debug|Any CPU
		{C978387C-5318-485F-BFAE-C3EFA9524E57}.Debug|x86.ActiveCfg = Debug|Any CPU
		{C978387C-5318-485F-BFAE-C3EFA9524E57}.Debug|x86.Build.0 = Debug|Any CPU
		{C978387C-5318-485F-BFAE-C3EFA9524E57}.Release|Any CPU.ActiveCfg = Release|Any CPU
		{C978387C-5318-485F-BFAE-C3EFA9524E57}.Release|Any CPU.Build.0 = Release|Any CPU
		{C978387C-5318-485F-BFAE-C3EFA9524E57}.Release|x64.ActiveCfg = Release|Any CPU
		{C978387C-5318-485F-BFAE-C3EFA9524E57}.Release|x64.Build.0 = Release|Any CPU
		{C978387C-5318-485F-BFAE-C3EFA9524E57}.Release|x86.ActiveCfg = Release|Any CPU
		{C978387C-5318-485F-BFAE-C3EFA9524E57}.Release|x86.Build.0 = Release|Any CPU
		{83730B3D-113F-426A-8BD2-10FA2121C948}.Debug|Any CPU.ActiveCfg = Debug|Any CPU
		{83730B3D-113F-426A-8BD2-10FA2121C948}.Debug|Any CPU.Build.0 = Debug|Any CPU
		{83730B3D-113F-426A-8BD2-10FA2121C948}.Debug|x64.ActiveCfg = Debug|Any CPU
		{83730B3D-113F-426A-8BD2-10FA2121C948}.Debug|x64.Build.0 = Debug|Any CPU
		{83730B3D-113F-426A-8BD2-10FA2121C948}.Debug|x86.ActiveCfg = Debug|Any CPU
		{83730B3D-113F-426A-8BD2-10FA2121C948}.Debug|x86.Build.0 = Debug|Any CPU
		{83730B3D-113F-426A-8BD2-10FA2121C948}.Release|Any CPU.ActiveCfg = Release|Any CPU
		{83730B3D-113F-426A-8BD2-10FA2121C948}.Release|Any CPU.Build.0 = Release|Any CPU
		{83730B3D-113F-426A-8BD2-10FA2121C948}.Release|x64.ActiveCfg = Release|Any CPU
		{83730B3D-113F-426A-8BD2-10FA2121C948}.Release|x64.Build.0 = Release|Any CPU
		{83730B3D-113F-426A-8BD2-10FA2121C948}.Release|x86.ActiveCfg = Release|Any CPU
		{83730B3D-113F-426A-8BD2-10FA2121C948}.Release|x86.Build.0 = Release|Any CPU
		{B00CF4C9-1A0C-414A-B73E-FA45BAEF6AAD}.Debug|Any CPU.ActiveCfg = Debug|Any CPU
		{B00CF4C9-1A0C-414A-B73E-FA45BAEF6AAD}.Debug|Any CPU.Build.0 = Debug|Any CPU
		{B00CF4C9-1A0C-414A-B73E-FA45BAEF6AAD}.Debug|x64.ActiveCfg = Debug|Any CPU
		{B00CF4C9-1A0C-414A-B73E-FA45BAEF6AAD}.Debug|x64.Build.0 = Debug|Any CPU
		{B00CF4C9-1A0C-414A-B73E-FA45BAEF6AAD}.Debug|x86.ActiveCfg = Debug|Any CPU
		{B00CF4C9-1A0C-414A-B73E-FA45BAEF6AAD}.Debug|x86.Build.0 = Debug|Any CPU
		{B00CF4C9-1A0C-414A-B73E-FA45BAEF6AAD}.Release|Any CPU.ActiveCfg = Release|Any CPU
		{B00CF4C9-1A0C-414A-B73E-FA45BAEF6AAD}.Release|Any CPU.Build.0 = Release|Any CPU
		{B00CF4C9-1A0C-414A-B73E-FA45BAEF6AAD}.Release|x64.ActiveCfg = Release|Any CPU
		{B00CF4C9-1A0C-414A-B73E-FA45BAEF6AAD}.Release|x64.Build.0 = Release|Any CPU
		{B00CF4C9-1A0C-414A-B73E-FA45BAEF6AAD}.Release|x86.ActiveCfg = Release|Any CPU
		{B00CF4C9-1A0C-414A-B73E-FA45BAEF6AAD}.Release|x86.Build.0 = Release|Any CPU
		{568AA6C7-50B9-4E8C-B456-AF6CD23EEDD2}.Debug|Any CPU.ActiveCfg = Debug|Any CPU
		{568AA6C7-50B9-4E8C-B456-AF6CD23EEDD2}.Debug|Any CPU.Build.0 = Debug|Any CPU
		{568AA6C7-50B9-4E8C-B456-AF6CD23EEDD2}.Debug|x64.ActiveCfg = Debug|Any CPU
		{568AA6C7-50B9-4E8C-B456-AF6CD23EEDD2}.Debug|x64.Build.0 = Debug|Any CPU
		{568AA6C7-50B9-4E8C-B456-AF6CD23EEDD2}.Debug|x86.ActiveCfg = Debug|Any CPU
		{568AA6C7-50B9-4E8C-B456-AF6CD23EEDD2}.Debug|x86.Build.0 = Debug|Any CPU
		{568AA6C7-50B9-4E8C-B456-AF6CD23EEDD2}.Release|Any CPU.ActiveCfg = Release|Any CPU
		{568AA6C7-50B9-4E8C-B456-AF6CD23EEDD2}.Release|Any CPU.Build.0 = Release|Any CPU
		{568AA6C7-50B9-4E8C-B456-AF6CD23EEDD2}.Release|x64.ActiveCfg = Release|Any CPU
		{568AA6C7-50B9-4E8C-B456-AF6CD23EEDD2}.Release|x64.Build.0 = Release|Any CPU
		{568AA6C7-50B9-4E8C-B456-AF6CD23EEDD2}.Release|x86.ActiveCfg = Release|Any CPU
		{568AA6C7-50B9-4E8C-B456-AF6CD23EEDD2}.Release|x86.Build.0 = Release|Any CPU
		{5119C1F2-90EF-402C-ACC7-55135C2324D9}.Debug|Any CPU.ActiveCfg = Debug|Any CPU
		{5119C1F2-90EF-402C-ACC7-55135C2324D9}.Debug|Any CPU.Build.0 = Debug|Any CPU
		{5119C1F2-90EF-402C-ACC7-55135C2324D9}.Debug|x64.ActiveCfg = Debug|Any CPU
		{5119C1F2-90EF-402C-ACC7-55135C2324D9}.Debug|x64.Build.0 = Debug|Any CPU
		{5119C1F2-90EF-402C-ACC7-55135C2324D9}.Debug|x86.ActiveCfg = Debug|Any CPU
		{5119C1F2-90EF-402C-ACC7-55135C2324D9}.Debug|x86.Build.0 = Debug|Any CPU
		{5119C1F2-90EF-402C-ACC7-55135C2324D9}.Release|Any CPU.ActiveCfg = Release|Any CPU
		{5119C1F2-90EF-402C-ACC7-55135C2324D9}.Release|Any CPU.Build.0 = Release|Any CPU
		{5119C1F2-90EF-402C-ACC7-55135C2324D9}.Release|x64.ActiveCfg = Release|Any CPU
		{5119C1F2-90EF-402C-ACC7-55135C2324D9}.Release|x64.Build.0 = Release|Any CPU
		{5119C1F2-90EF-402C-ACC7-55135C2324D9}.Release|x86.ActiveCfg = Release|Any CPU
		{5119C1F2-90EF-402C-ACC7-55135C2324D9}.Release|x86.Build.0 = Release|Any CPU
		{945B4B75-2BAD-4A2A-9EA1-5DF3269CFE13}.Debug|Any CPU.ActiveCfg = Debug|Any CPU
		{945B4B75-2BAD-4A2A-9EA1-5DF3269CFE13}.Debug|Any CPU.Build.0 = Debug|Any CPU
		{945B4B75-2BAD-4A2A-9EA1-5DF3269CFE13}.Debug|x64.ActiveCfg = Debug|Any CPU
		{945B4B75-2BAD-4A2A-9EA1-5DF3269CFE13}.Debug|x64.Build.0 = Debug|Any CPU
		{945B4B75-2BAD-4A2A-9EA1-5DF3269CFE13}.Debug|x86.ActiveCfg = Debug|Any CPU
		{945B4B75-2BAD-4A2A-9EA1-5DF3269CFE13}.Debug|x86.Build.0 = Debug|Any CPU
		{945B4B75-2BAD-4A2A-9EA1-5DF3269CFE13}.Release|Any CPU.ActiveCfg = Release|Any CPU
		{945B4B75-2BAD-4A2A-9EA1-5DF3269CFE13}.Release|Any CPU.Build.0 = Release|Any CPU
		{945B4B75-2BAD-4A2A-9EA1-5DF3269CFE13}.Release|x64.ActiveCfg = Release|Any CPU
		{945B4B75-2BAD-4A2A-9EA1-5DF3269CFE13}.Release|x64.Build.0 = Release|Any CPU
		{945B4B75-2BAD-4A2A-9EA1-5DF3269CFE13}.Release|x86.ActiveCfg = Release|Any CPU
		{945B4B75-2BAD-4A2A-9EA1-5DF3269CFE13}.Release|x86.Build.0 = Release|Any CPU
		{77A29D78-5264-4051-81E1-EE3EAF83CADC}.Debug|Any CPU.ActiveCfg = Debug|Any CPU
		{77A29D78-5264-4051-81E1-EE3EAF83CADC}.Debug|Any CPU.Build.0 = Debug|Any CPU
		{77A29D78-5264-4051-81E1-EE3EAF83CADC}.Debug|x64.ActiveCfg = Debug|Any CPU
		{77A29D78-5264-4051-81E1-EE3EAF83CADC}.Debug|x64.Build.0 = Debug|Any CPU
		{77A29D78-5264-4051-81E1-EE3EAF83CADC}.Debug|x86.ActiveCfg = Debug|Any CPU
		{77A29D78-5264-4051-81E1-EE3EAF83CADC}.Debug|x86.Build.0 = Debug|Any CPU
		{77A29D78-5264-4051-81E1-EE3EAF83CADC}.Release|Any CPU.ActiveCfg = Release|Any CPU
		{77A29D78-5264-4051-81E1-EE3EAF83CADC}.Release|Any CPU.Build.0 = Release|Any CPU
		{77A29D78-5264-4051-81E1-EE3EAF83CADC}.Release|x64.ActiveCfg = Release|Any CPU
		{77A29D78-5264-4051-81E1-EE3EAF83CADC}.Release|x64.Build.0 = Release|Any CPU
		{77A29D78-5264-4051-81E1-EE3EAF83CADC}.Release|x86.ActiveCfg = Release|Any CPU
		{77A29D78-5264-4051-81E1-EE3EAF83CADC}.Release|x86.Build.0 = Release|Any CPU
		{66882680-8EA2-452E-92AC-F55EC4C823DC}.Debug|Any CPU.ActiveCfg = Debug|Any CPU
		{66882680-8EA2-452E-92AC-F55EC4C823DC}.Debug|Any CPU.Build.0 = Debug|Any CPU
		{66882680-8EA2-452E-92AC-F55EC4C823DC}.Debug|x64.ActiveCfg = Debug|Any CPU
		{66882680-8EA2-452E-92AC-F55EC4C823DC}.Debug|x64.Build.0 = Debug|Any CPU
		{66882680-8EA2-452E-92AC-F55EC4C823DC}.Debug|x86.ActiveCfg = Debug|Any CPU
		{66882680-8EA2-452E-92AC-F55EC4C823DC}.Debug|x86.Build.0 = Debug|Any CPU
		{66882680-8EA2-452E-92AC-F55EC4C823DC}.Release|Any CPU.ActiveCfg = Release|Any CPU
		{66882680-8EA2-452E-92AC-F55EC4C823DC}.Release|Any CPU.Build.0 = Release|Any CPU
		{66882680-8EA2-452E-92AC-F55EC4C823DC}.Release|x64.ActiveCfg = Release|Any CPU
		{66882680-8EA2-452E-92AC-F55EC4C823DC}.Release|x64.Build.0 = Release|Any CPU
		{66882680-8EA2-452E-92AC-F55EC4C823DC}.Release|x86.ActiveCfg = Release|Any CPU
		{66882680-8EA2-452E-92AC-F55EC4C823DC}.Release|x86.Build.0 = Release|Any CPU
		{866446A6-DF37-4695-B8C6-5B2715E5112A}.Debug|Any CPU.ActiveCfg = Debug|Any CPU
		{866446A6-DF37-4695-B8C6-5B2715E5112A}.Debug|Any CPU.Build.0 = Debug|Any CPU
		{866446A6-DF37-4695-B8C6-5B2715E5112A}.Debug|x64.ActiveCfg = Debug|Any CPU
		{866446A6-DF37-4695-B8C6-5B2715E5112A}.Debug|x64.Build.0 = Debug|Any CPU
		{866446A6-DF37-4695-B8C6-5B2715E5112A}.Debug|x86.ActiveCfg = Debug|Any CPU
		{866446A6-DF37-4695-B8C6-5B2715E5112A}.Debug|x86.Build.0 = Debug|Any CPU
		{866446A6-DF37-4695-B8C6-5B2715E5112A}.Release|Any CPU.ActiveCfg = Release|Any CPU
		{866446A6-DF37-4695-B8C6-5B2715E5112A}.Release|Any CPU.Build.0 = Release|Any CPU
		{866446A6-DF37-4695-B8C6-5B2715E5112A}.Release|x64.ActiveCfg = Release|Any CPU
		{866446A6-DF37-4695-B8C6-5B2715E5112A}.Release|x64.Build.0 = Release|Any CPU
		{866446A6-DF37-4695-B8C6-5B2715E5112A}.Release|x86.ActiveCfg = Release|Any CPU
		{866446A6-DF37-4695-B8C6-5B2715E5112A}.Release|x86.Build.0 = Release|Any CPU
		{E5924784-DA51-4752-AB3B-A40FCC8E8BFD}.Debug|Any CPU.ActiveCfg = Debug|Any CPU
		{E5924784-DA51-4752-AB3B-A40FCC8E8BFD}.Debug|Any CPU.Build.0 = Debug|Any CPU
		{E5924784-DA51-4752-AB3B-A40FCC8E8BFD}.Debug|x64.ActiveCfg = Debug|Any CPU
		{E5924784-DA51-4752-AB3B-A40FCC8E8BFD}.Debug|x64.Build.0 = Debug|Any CPU
		{E5924784-DA51-4752-AB3B-A40FCC8E8BFD}.Debug|x86.ActiveCfg = Debug|Any CPU
		{E5924784-DA51-4752-AB3B-A40FCC8E8BFD}.Debug|x86.Build.0 = Debug|Any CPU
		{E5924784-DA51-4752-AB3B-A40FCC8E8BFD}.Release|Any CPU.ActiveCfg = Release|Any CPU
		{E5924784-DA51-4752-AB3B-A40FCC8E8BFD}.Release|Any CPU.Build.0 = Release|Any CPU
		{E5924784-DA51-4752-AB3B-A40FCC8E8BFD}.Release|x64.ActiveCfg = Release|Any CPU
		{E5924784-DA51-4752-AB3B-A40FCC8E8BFD}.Release|x64.Build.0 = Release|Any CPU
		{E5924784-DA51-4752-AB3B-A40FCC8E8BFD}.Release|x86.ActiveCfg = Release|Any CPU
		{E5924784-DA51-4752-AB3B-A40FCC8E8BFD}.Release|x86.Build.0 = Release|Any CPU
		{2AF45B88-0C70-4775-8247-52C225FD9FDA}.Debug|Any CPU.ActiveCfg = Debug|Any CPU
		{2AF45B88-0C70-4775-8247-52C225FD9FDA}.Debug|Any CPU.Build.0 = Debug|Any CPU
		{2AF45B88-0C70-4775-8247-52C225FD9FDA}.Debug|x64.ActiveCfg = Debug|Any CPU
		{2AF45B88-0C70-4775-8247-52C225FD9FDA}.Debug|x64.Build.0 = Debug|Any CPU
		{2AF45B88-0C70-4775-8247-52C225FD9FDA}.Debug|x86.ActiveCfg = Debug|Any CPU
		{2AF45B88-0C70-4775-8247-52C225FD9FDA}.Debug|x86.Build.0 = Debug|Any CPU
		{2AF45B88-0C70-4775-8247-52C225FD9FDA}.Release|Any CPU.ActiveCfg = Release|Any CPU
		{2AF45B88-0C70-4775-8247-52C225FD9FDA}.Release|Any CPU.Build.0 = Release|Any CPU
		{2AF45B88-0C70-4775-8247-52C225FD9FDA}.Release|x64.ActiveCfg = Release|Any CPU
		{2AF45B88-0C70-4775-8247-52C225FD9FDA}.Release|x64.Build.0 = Release|Any CPU
		{2AF45B88-0C70-4775-8247-52C225FD9FDA}.Release|x86.ActiveCfg = Release|Any CPU
		{2AF45B88-0C70-4775-8247-52C225FD9FDA}.Release|x86.Build.0 = Release|Any CPU
		{9C6BC470-D06D-4B47-959B-3A1ED19A3EF1}.Debug|Any CPU.ActiveCfg = Debug|Any CPU
		{9C6BC470-D06D-4B47-959B-3A1ED19A3EF1}.Debug|Any CPU.Build.0 = Debug|Any CPU
		{9C6BC470-D06D-4B47-959B-3A1ED19A3EF1}.Debug|x64.ActiveCfg = Debug|Any CPU
		{9C6BC470-D06D-4B47-959B-3A1ED19A3EF1}.Debug|x64.Build.0 = Debug|Any CPU
		{9C6BC470-D06D-4B47-959B-3A1ED19A3EF1}.Debug|x86.ActiveCfg = Debug|Any CPU
		{9C6BC470-D06D-4B47-959B-3A1ED19A3EF1}.Debug|x86.Build.0 = Debug|Any CPU
		{9C6BC470-D06D-4B47-959B-3A1ED19A3EF1}.Release|Any CPU.ActiveCfg = Release|Any CPU
		{9C6BC470-D06D-4B47-959B-3A1ED19A3EF1}.Release|Any CPU.Build.0 = Release|Any CPU
		{9C6BC470-D06D-4B47-959B-3A1ED19A3EF1}.Release|x64.ActiveCfg = Release|Any CPU
		{9C6BC470-D06D-4B47-959B-3A1ED19A3EF1}.Release|x64.Build.0 = Release|Any CPU
		{9C6BC470-D06D-4B47-959B-3A1ED19A3EF1}.Release|x86.ActiveCfg = Release|Any CPU
		{9C6BC470-D06D-4B47-959B-3A1ED19A3EF1}.Release|x86.Build.0 = Release|Any CPU
		{72EEF5B1-16C6-42F7-8A62-98C8E1341FC9}.Debug|Any CPU.ActiveCfg = Debug|Any CPU
		{72EEF5B1-16C6-42F7-8A62-98C8E1341FC9}.Debug|Any CPU.Build.0 = Debug|Any CPU
		{72EEF5B1-16C6-42F7-8A62-98C8E1341FC9}.Debug|x64.ActiveCfg = Debug|Any CPU
		{72EEF5B1-16C6-42F7-8A62-98C8E1341FC9}.Debug|x64.Build.0 = Debug|Any CPU
		{72EEF5B1-16C6-42F7-8A62-98C8E1341FC9}.Debug|x86.ActiveCfg = Debug|Any CPU
		{72EEF5B1-16C6-42F7-8A62-98C8E1341FC9}.Debug|x86.Build.0 = Debug|Any CPU
		{72EEF5B1-16C6-42F7-8A62-98C8E1341FC9}.Release|Any CPU.ActiveCfg = Release|Any CPU
		{72EEF5B1-16C6-42F7-8A62-98C8E1341FC9}.Release|Any CPU.Build.0 = Release|Any CPU
		{72EEF5B1-16C6-42F7-8A62-98C8E1341FC9}.Release|x64.ActiveCfg = Release|Any CPU
		{72EEF5B1-16C6-42F7-8A62-98C8E1341FC9}.Release|x64.Build.0 = Release|Any CPU
		{72EEF5B1-16C6-42F7-8A62-98C8E1341FC9}.Release|x86.ActiveCfg = Release|Any CPU
		{72EEF5B1-16C6-42F7-8A62-98C8E1341FC9}.Release|x86.Build.0 = Release|Any CPU
		{B8E24BA3-8FA6-4A32-BBD8-4DA8E199328E}.Debug|Any CPU.ActiveCfg = Debug|Any CPU
		{B8E24BA3-8FA6-4A32-BBD8-4DA8E199328E}.Debug|Any CPU.Build.0 = Debug|Any CPU
		{B8E24BA3-8FA6-4A32-BBD8-4DA8E199328E}.Debug|x64.ActiveCfg = Debug|Any CPU
		{B8E24BA3-8FA6-4A32-BBD8-4DA8E199328E}.Debug|x64.Build.0 = Debug|Any CPU
		{B8E24BA3-8FA6-4A32-BBD8-4DA8E199328E}.Debug|x86.ActiveCfg = Debug|Any CPU
		{B8E24BA3-8FA6-4A32-BBD8-4DA8E199328E}.Debug|x86.Build.0 = Debug|Any CPU
		{B8E24BA3-8FA6-4A32-BBD8-4DA8E199328E}.Release|Any CPU.ActiveCfg = Release|Any CPU
		{B8E24BA3-8FA6-4A32-BBD8-4DA8E199328E}.Release|Any CPU.Build.0 = Release|Any CPU
		{B8E24BA3-8FA6-4A32-BBD8-4DA8E199328E}.Release|x64.ActiveCfg = Release|Any CPU
		{B8E24BA3-8FA6-4A32-BBD8-4DA8E199328E}.Release|x64.Build.0 = Release|Any CPU
		{B8E24BA3-8FA6-4A32-BBD8-4DA8E199328E}.Release|x86.ActiveCfg = Release|Any CPU
		{B8E24BA3-8FA6-4A32-BBD8-4DA8E199328E}.Release|x86.Build.0 = Release|Any CPU
		{C3BBCC6E-E9D8-4066-9A88-0AAC81E6ACC1}.Debug|Any CPU.ActiveCfg = Debug|Any CPU
		{C3BBCC6E-E9D8-4066-9A88-0AAC81E6ACC1}.Debug|Any CPU.Build.0 = Debug|Any CPU
		{C3BBCC6E-E9D8-4066-9A88-0AAC81E6ACC1}.Debug|x64.ActiveCfg = Debug|Any CPU
		{C3BBCC6E-E9D8-4066-9A88-0AAC81E6ACC1}.Debug|x64.Build.0 = Debug|Any CPU
		{C3BBCC6E-E9D8-4066-9A88-0AAC81E6ACC1}.Debug|x86.ActiveCfg = Debug|Any CPU
		{C3BBCC6E-E9D8-4066-9A88-0AAC81E6ACC1}.Debug|x86.Build.0 = Debug|Any CPU
		{C3BBCC6E-E9D8-4066-9A88-0AAC81E6ACC1}.Release|Any CPU.ActiveCfg = Release|Any CPU
		{C3BBCC6E-E9D8-4066-9A88-0AAC81E6ACC1}.Release|Any CPU.Build.0 = Release|Any CPU
		{C3BBCC6E-E9D8-4066-9A88-0AAC81E6ACC1}.Release|x64.ActiveCfg = Release|Any CPU
		{C3BBCC6E-E9D8-4066-9A88-0AAC81E6ACC1}.Release|x64.Build.0 = Release|Any CPU
		{C3BBCC6E-E9D8-4066-9A88-0AAC81E6ACC1}.Release|x86.ActiveCfg = Release|Any CPU
		{C3BBCC6E-E9D8-4066-9A88-0AAC81E6ACC1}.Release|x86.Build.0 = Release|Any CPU
	EndGlobalSection
EndGlobal
